
Microsoft Visual Studio Solution File, Format Version 12.00
# Visual Studio 2013
VisualStudioVersion = 12.0.30723.0
MinimumVisualStudioVersion = 10.0.40219.1
Project("{FAE04EC0-301F-11D3-BF4B-00C04F79EFBC}") = "SplitPlayPC", "SplitPlayPC\SplitPlayPC.csproj", "{BE0FBC7D-9F90-49F9-8889-86CB62C7EE1D}"
EndProject
Global
	GlobalSection(SolutionConfigurationPlatforms) = preSolution
		Debug|Any CPU = Debug|Any CPU
		Release|Any CPU = Release|Any CPU
	EndGlobalSection
	GlobalSection(ProjectConfigurationPlatforms) = postSolution
		{BE0FBC7D-9F90-49F9-8889-86CB62C7EE1D}.Debug|Any CPU.ActiveCfg = Debug|Any CPU
		{BE0FBC7D-9F90-49F9-8889-86CB62C7EE1D}.Debug|Any CPU.Build.0 = Debug|Any CPU
		{BE0FBC7D-9F90-49F9-8889-86CB62C7EE1D}.Release|Any CPU.ActiveCfg = Release|Any CPU
		{BE0FBC7D-9F90-49F9-8889-86CB62C7EE1D}.Release|Any CPU.Build.0 = Release|Any CPU
	EndGlobalSection
	GlobalSection(SolutionProperties) = preSolution
		HideSolutionNode = FALSE
	EndGlobalSection
EndGlobal
