
Microsoft Visual Studio Solution File, Format Version 12.00
# Visual Studio 15
VisualStudioVersion = 15.0.26730.16
MinimumVisualStudioVersion = 10.0.40219.1
Project("{FAE04EC0-301F-11D3-BF4B-00C04F79EFBC}") = "Nucleus.Gaming", "NucleusGaming\Nucleus.Gaming.csproj", "{223DBDAE-E362-452C-9455-F518D002B154}"
EndProject
Project("{2150E333-8FDC-42A3-9474-1A3956D46DE8}") = "ThirdParty", "ThirdParty", "{EBED4BFC-5AC2-4601-9BEA-879206976057}"
EndProject
Project("{FAE04EC0-301F-11D3-BF4B-00C04F79EFBC}") = "Nucleus.Coop.App", "NucleusCoopTool\Nucleus.Coop.App.csproj", "{7818FD81-77A6-49F3-8571-A91B1B99E63F}"
	ProjectSection(ProjectDependencies) = postProject
		{91298ADA-5999-41D4-8A7B-51F28094AB5B} = {91298ADA-5999-41D4-8A7B-51F28094AB5B}
	EndProjectSection
EndProject
Project("{FAE04EC0-301F-11D3-BF4B-00C04F79EFBC}") = "WindowScrape", "ThirdParty\WindowScrape\WindowScrape.csproj", "{D9716550-921D-44E8-A289-C297950DB1F7}"
EndProject
Project("{FAE04EC0-301F-11D3-BF4B-00C04F79EFBC}") = "CheckDiff", "CheckDiff\CheckDiff.csproj", "{B7D753A9-793B-45F1-8208-E2B7F112D187}"
EndProject
Project("{FAE04EC0-301F-11D3-BF4B-00C04F79EFBC}") = "Nucleus.Coop.StartGame", "StartGame\Nucleus.Coop.StartGame.csproj", "{91298ADA-5999-41D4-8A7B-51F28094AB5B}"
EndProject
Project("{FAE04EC0-301F-11D3-BF4B-00C04F79EFBC}") = "GetFolderFileList", "GetFolderFileList\GetFolderFileList.csproj", "{43DB75E9-EAE0-43D1-8AF6-4F3C31FEF60A}"
EndProject
Project("{2150E333-8FDC-42A3-9474-1A3956D46DE8}") = "Tools", "Tools", "{F9BDD442-E97F-4DCA-8718-D5AB34E60EFB}"
EndProject
Project("{FAE04EC0-301F-11D3-BF4B-00C04F79EFBC}") = "XLogParser", "XLogParser\XLogParser.csproj", "{9A60644C-56DD-4D47-8376-AA2B94EA0A66}"
EndProject
Project("{2150E333-8FDC-42A3-9474-1A3956D46DE8}") = "Solution Items", "Solution Items", "{A6E36F0F-456B-495E-94A1-71452270D2B1}"
	ProjectSection(SolutionItems) = preProject
		..\README.md = ..\README.md
	EndProjectSection
EndProject
Project("{2150E333-8FDC-42A3-9474-1A3956D46DE8}") = "Games", "Games", "{4A7F7393-DAC6-4E58-AE52-9E6FA305CBFD}"
EndProject
Project("{FAE04EC0-301F-11D3-BF4B-00C04F79EFBC}") = "Nucleus.PkgMaker", "Nucleus.PkgMaker\Nucleus.PkgMaker.csproj", "{5D1254B0-64BE-447C-BF97-D899F8540A6D}"
EndProject
Project("{E24C65DC-7377-472B-9ABA-BC803B73C61A}") = "Nucleus.MainRepo", "Nucleus.MainRepo\", "{7425F3D1-D024-4FC3-A4D9-2C6577AF79C1}"
	ProjectSection(WebsiteProperties) = preProject
		TargetFrameworkMoniker = ".NETFramework,Version%3Dv4.0"
		Debug.AspNetCompiler.VirtualPath = "/localhost_53217"
		Debug.AspNetCompiler.PhysicalPath = "Nucleus.MainRepo\"
		Debug.AspNetCompiler.TargetPath = "PrecompiledWeb\localhost_53217\"
		Debug.AspNetCompiler.Updateable = "true"
		Debug.AspNetCompiler.ForceOverwrite = "true"
		Debug.AspNetCompiler.FixedNames = "false"
		Debug.AspNetCompiler.Debug = "True"
		Release.AspNetCompiler.VirtualPath = "/localhost_53217"
		Release.AspNetCompiler.PhysicalPath = "Nucleus.MainRepo\"
		Release.AspNetCompiler.TargetPath = "PrecompiledWeb\localhost_53217\"
		Release.AspNetCompiler.Updateable = "true"
		Release.AspNetCompiler.ForceOverwrite = "true"
		Release.AspNetCompiler.FixedNames = "false"
		Release.AspNetCompiler.Debug = "False"
		VWDPort = "53217"
		SlnRelativePath = "Nucleus.MainRepo\"
	EndProjectSection
EndProject
Global
	GlobalSection(SolutionConfigurationPlatforms) = preSolution
		Debug|Any CPU = Debug|Any CPU
		Debug|Mixed Platforms = Debug|Mixed Platforms
		Debug|Win32 = Debug|Win32
		Debug|x64 = Debug|x64
		Debug|x86 = Debug|x86
		Release|Any CPU = Release|Any CPU
		Release|Mixed Platforms = Release|Mixed Platforms
		Release|Win32 = Release|Win32
		Release|x64 = Release|x64
		Release|x86 = Release|x86
		SaveEdit Packaging|Any CPU = SaveEdit Packaging|Any CPU
		SaveEdit Packaging|Mixed Platforms = SaveEdit Packaging|Mixed Platforms
		SaveEdit Packaging|Win32 = SaveEdit Packaging|Win32
		SaveEdit Packaging|x64 = SaveEdit Packaging|x64
		SaveEdit Packaging|x86 = SaveEdit Packaging|x86
		TestDebug|Any CPU = TestDebug|Any CPU
		TestDebug|Mixed Platforms = TestDebug|Mixed Platforms
		TestDebug|Win32 = TestDebug|Win32
		TestDebug|x64 = TestDebug|x64
		TestDebug|x86 = TestDebug|x86
	EndGlobalSection
	GlobalSection(ProjectConfigurationPlatforms) = postSolution
		{223DBDAE-E362-452C-9455-F518D002B154}.Debug|Any CPU.ActiveCfg = Debug|Any CPU
		{223DBDAE-E362-452C-9455-F518D002B154}.Debug|Any CPU.Build.0 = Debug|Any CPU
		{223DBDAE-E362-452C-9455-F518D002B154}.Debug|Mixed Platforms.ActiveCfg = Debug|Any CPU
		{223DBDAE-E362-452C-9455-F518D002B154}.Debug|Mixed Platforms.Build.0 = Debug|Any CPU
		{223DBDAE-E362-452C-9455-F518D002B154}.Debug|Win32.ActiveCfg = Debug|Any CPU
		{223DBDAE-E362-452C-9455-F518D002B154}.Debug|x64.ActiveCfg = Debug|Any CPU
		{223DBDAE-E362-452C-9455-F518D002B154}.Debug|x86.ActiveCfg = Debug|Any CPU
		{223DBDAE-E362-452C-9455-F518D002B154}.Release|Any CPU.ActiveCfg = Release|Any CPU
		{223DBDAE-E362-452C-9455-F518D002B154}.Release|Any CPU.Build.0 = Release|Any CPU
		{223DBDAE-E362-452C-9455-F518D002B154}.Release|Mixed Platforms.ActiveCfg = Release|Any CPU
		{223DBDAE-E362-452C-9455-F518D002B154}.Release|Mixed Platforms.Build.0 = Release|Any CPU
		{223DBDAE-E362-452C-9455-F518D002B154}.Release|Win32.ActiveCfg = Release|Any CPU
		{223DBDAE-E362-452C-9455-F518D002B154}.Release|x64.ActiveCfg = Release|Any CPU
		{223DBDAE-E362-452C-9455-F518D002B154}.Release|x86.ActiveCfg = Release|Any CPU
		{223DBDAE-E362-452C-9455-F518D002B154}.SaveEdit Packaging|Any CPU.ActiveCfg = TestDebug|Any CPU
		{223DBDAE-E362-452C-9455-F518D002B154}.SaveEdit Packaging|Any CPU.Build.0 = TestDebug|Any CPU
		{223DBDAE-E362-452C-9455-F518D002B154}.SaveEdit Packaging|Mixed Platforms.ActiveCfg = TestDebug|Any CPU
		{223DBDAE-E362-452C-9455-F518D002B154}.SaveEdit Packaging|Mixed Platforms.Build.0 = TestDebug|Any CPU
		{223DBDAE-E362-452C-9455-F518D002B154}.SaveEdit Packaging|Win32.ActiveCfg = TestDebug|Any CPU
		{223DBDAE-E362-452C-9455-F518D002B154}.SaveEdit Packaging|x64.ActiveCfg = TestDebug|Any CPU
		{223DBDAE-E362-452C-9455-F518D002B154}.SaveEdit Packaging|x86.ActiveCfg = TestDebug|Any CPU
		{223DBDAE-E362-452C-9455-F518D002B154}.TestDebug|Any CPU.ActiveCfg = TestDebug|Any CPU
		{223DBDAE-E362-452C-9455-F518D002B154}.TestDebug|Any CPU.Build.0 = TestDebug|Any CPU
		{223DBDAE-E362-452C-9455-F518D002B154}.TestDebug|Mixed Platforms.ActiveCfg = TestDebug|Any CPU
		{223DBDAE-E362-452C-9455-F518D002B154}.TestDebug|Mixed Platforms.Build.0 = TestDebug|Any CPU
		{223DBDAE-E362-452C-9455-F518D002B154}.TestDebug|Win32.ActiveCfg = TestDebug|Any CPU
		{223DBDAE-E362-452C-9455-F518D002B154}.TestDebug|x64.ActiveCfg = TestDebug|Any CPU
		{223DBDAE-E362-452C-9455-F518D002B154}.TestDebug|x86.ActiveCfg = TestDebug|Any CPU
		{7818FD81-77A6-49F3-8571-A91B1B99E63F}.Debug|Any CPU.ActiveCfg = Debug|Any CPU
		{7818FD81-77A6-49F3-8571-A91B1B99E63F}.Debug|Any CPU.Build.0 = Debug|Any CPU
		{7818FD81-77A6-49F3-8571-A91B1B99E63F}.Debug|Mixed Platforms.ActiveCfg = Debug|Any CPU
		{7818FD81-77A6-49F3-8571-A91B1B99E63F}.Debug|Mixed Platforms.Build.0 = Debug|Any CPU
		{7818FD81-77A6-49F3-8571-A91B1B99E63F}.Debug|Win32.ActiveCfg = Debug|Any CPU
		{7818FD81-77A6-49F3-8571-A91B1B99E63F}.Debug|x64.ActiveCfg = Debug|Any CPU
		{7818FD81-77A6-49F3-8571-A91B1B99E63F}.Debug|x86.ActiveCfg = Debug|Any CPU
		{7818FD81-77A6-49F3-8571-A91B1B99E63F}.Release|Any CPU.ActiveCfg = Release|Any CPU
		{7818FD81-77A6-49F3-8571-A91B1B99E63F}.Release|Any CPU.Build.0 = Release|Any CPU
		{7818FD81-77A6-49F3-8571-A91B1B99E63F}.Release|Mixed Platforms.ActiveCfg = Release|Any CPU
		{7818FD81-77A6-49F3-8571-A91B1B99E63F}.Release|Mixed Platforms.Build.0 = Release|Any CPU
		{7818FD81-77A6-49F3-8571-A91B1B99E63F}.Release|Win32.ActiveCfg = Release|Any CPU
		{7818FD81-77A6-49F3-8571-A91B1B99E63F}.Release|x64.ActiveCfg = Release|Any CPU
		{7818FD81-77A6-49F3-8571-A91B1B99E63F}.Release|x86.ActiveCfg = Release|Any CPU
		{7818FD81-77A6-49F3-8571-A91B1B99E63F}.SaveEdit Packaging|Any CPU.ActiveCfg = TestDebug|Any CPU
		{7818FD81-77A6-49F3-8571-A91B1B99E63F}.SaveEdit Packaging|Any CPU.Build.0 = TestDebug|Any CPU
		{7818FD81-77A6-49F3-8571-A91B1B99E63F}.SaveEdit Packaging|Mixed Platforms.ActiveCfg = TestDebug|Any CPU
		{7818FD81-77A6-49F3-8571-A91B1B99E63F}.SaveEdit Packaging|Mixed Platforms.Build.0 = TestDebug|Any CPU
		{7818FD81-77A6-49F3-8571-A91B1B99E63F}.SaveEdit Packaging|Win32.ActiveCfg = TestDebug|Any CPU
		{7818FD81-77A6-49F3-8571-A91B1B99E63F}.SaveEdit Packaging|x64.ActiveCfg = TestDebug|Any CPU
		{7818FD81-77A6-49F3-8571-A91B1B99E63F}.SaveEdit Packaging|x86.ActiveCfg = TestDebug|Any CPU
		{7818FD81-77A6-49F3-8571-A91B1B99E63F}.TestDebug|Any CPU.ActiveCfg = TestDebug|Any CPU
		{7818FD81-77A6-49F3-8571-A91B1B99E63F}.TestDebug|Any CPU.Build.0 = TestDebug|Any CPU
		{7818FD81-77A6-49F3-8571-A91B1B99E63F}.TestDebug|Mixed Platforms.ActiveCfg = TestDebug|Any CPU
		{7818FD81-77A6-49F3-8571-A91B1B99E63F}.TestDebug|Mixed Platforms.Build.0 = TestDebug|Any CPU
		{7818FD81-77A6-49F3-8571-A91B1B99E63F}.TestDebug|Win32.ActiveCfg = TestDebug|Any CPU
		{7818FD81-77A6-49F3-8571-A91B1B99E63F}.TestDebug|x64.ActiveCfg = TestDebug|Any CPU
		{7818FD81-77A6-49F3-8571-A91B1B99E63F}.TestDebug|x86.ActiveCfg = TestDebug|Any CPU
		{D9716550-921D-44E8-A289-C297950DB1F7}.Debug|Any CPU.ActiveCfg = Debug|Any CPU
		{D9716550-921D-44E8-A289-C297950DB1F7}.Debug|Any CPU.Build.0 = Debug|Any CPU
		{D9716550-921D-44E8-A289-C297950DB1F7}.Debug|Mixed Platforms.ActiveCfg = Debug|Any CPU
		{D9716550-921D-44E8-A289-C297950DB1F7}.Debug|Mixed Platforms.Build.0 = Debug|Any CPU
		{D9716550-921D-44E8-A289-C297950DB1F7}.Debug|Win32.ActiveCfg = Debug|Any CPU
		{D9716550-921D-44E8-A289-C297950DB1F7}.Debug|x64.ActiveCfg = Debug|Any CPU
		{D9716550-921D-44E8-A289-C297950DB1F7}.Debug|x86.ActiveCfg = Debug|Any CPU
		{D9716550-921D-44E8-A289-C297950DB1F7}.Release|Any CPU.ActiveCfg = Release|Any CPU
		{D9716550-921D-44E8-A289-C297950DB1F7}.Release|Any CPU.Build.0 = Release|Any CPU
		{D9716550-921D-44E8-A289-C297950DB1F7}.Release|Mixed Platforms.ActiveCfg = Release|Any CPU
		{D9716550-921D-44E8-A289-C297950DB1F7}.Release|Mixed Platforms.Build.0 = Release|Any CPU
		{D9716550-921D-44E8-A289-C297950DB1F7}.Release|Win32.ActiveCfg = Release|Any CPU
		{D9716550-921D-44E8-A289-C297950DB1F7}.Release|x64.ActiveCfg = Release|Any CPU
		{D9716550-921D-44E8-A289-C297950DB1F7}.Release|x86.ActiveCfg = Release|Any CPU
		{D9716550-921D-44E8-A289-C297950DB1F7}.SaveEdit Packaging|Any CPU.ActiveCfg = TestDebug|Any CPU
		{D9716550-921D-44E8-A289-C297950DB1F7}.SaveEdit Packaging|Any CPU.Build.0 = TestDebug|Any CPU
		{D9716550-921D-44E8-A289-C297950DB1F7}.SaveEdit Packaging|Mixed Platforms.ActiveCfg = TestDebug|Any CPU
		{D9716550-921D-44E8-A289-C297950DB1F7}.SaveEdit Packaging|Mixed Platforms.Build.0 = TestDebug|Any CPU
		{D9716550-921D-44E8-A289-C297950DB1F7}.SaveEdit Packaging|Win32.ActiveCfg = TestDebug|Any CPU
		{D9716550-921D-44E8-A289-C297950DB1F7}.SaveEdit Packaging|x64.ActiveCfg = TestDebug|Any CPU
		{D9716550-921D-44E8-A289-C297950DB1F7}.SaveEdit Packaging|x86.ActiveCfg = TestDebug|Any CPU
		{D9716550-921D-44E8-A289-C297950DB1F7}.TestDebug|Any CPU.ActiveCfg = TestDebug|Any CPU
		{D9716550-921D-44E8-A289-C297950DB1F7}.TestDebug|Any CPU.Build.0 = TestDebug|Any CPU
		{D9716550-921D-44E8-A289-C297950DB1F7}.TestDebug|Mixed Platforms.ActiveCfg = TestDebug|Any CPU
		{D9716550-921D-44E8-A289-C297950DB1F7}.TestDebug|Mixed Platforms.Build.0 = TestDebug|Any CPU
		{D9716550-921D-44E8-A289-C297950DB1F7}.TestDebug|Win32.ActiveCfg = TestDebug|Any CPU
		{D9716550-921D-44E8-A289-C297950DB1F7}.TestDebug|x64.ActiveCfg = TestDebug|Any CPU
		{D9716550-921D-44E8-A289-C297950DB1F7}.TestDebug|x86.ActiveCfg = TestDebug|Any CPU
		{B7D753A9-793B-45F1-8208-E2B7F112D187}.Debug|Any CPU.ActiveCfg = Debug|Any CPU
		{B7D753A9-793B-45F1-8208-E2B7F112D187}.Debug|Any CPU.Build.0 = Debug|Any CPU
		{B7D753A9-793B-45F1-8208-E2B7F112D187}.Debug|Mixed Platforms.ActiveCfg = Debug|Any CPU
		{B7D753A9-793B-45F1-8208-E2B7F112D187}.Debug|Mixed Platforms.Build.0 = Debug|Any CPU
		{B7D753A9-793B-45F1-8208-E2B7F112D187}.Debug|Win32.ActiveCfg = Debug|Any CPU
		{B7D753A9-793B-45F1-8208-E2B7F112D187}.Debug|x64.ActiveCfg = Debug|Any CPU
		{B7D753A9-793B-45F1-8208-E2B7F112D187}.Debug|x86.ActiveCfg = Debug|Any CPU
		{B7D753A9-793B-45F1-8208-E2B7F112D187}.Release|Any CPU.ActiveCfg = Release|Any CPU
		{B7D753A9-793B-45F1-8208-E2B7F112D187}.Release|Any CPU.Build.0 = Release|Any CPU
		{B7D753A9-793B-45F1-8208-E2B7F112D187}.Release|Mixed Platforms.ActiveCfg = Release|Any CPU
		{B7D753A9-793B-45F1-8208-E2B7F112D187}.Release|Mixed Platforms.Build.0 = Release|Any CPU
		{B7D753A9-793B-45F1-8208-E2B7F112D187}.Release|Win32.ActiveCfg = Release|Any CPU
		{B7D753A9-793B-45F1-8208-E2B7F112D187}.Release|x64.ActiveCfg = Release|Any CPU
		{B7D753A9-793B-45F1-8208-E2B7F112D187}.Release|x86.ActiveCfg = Release|Any CPU
		{B7D753A9-793B-45F1-8208-E2B7F112D187}.SaveEdit Packaging|Any CPU.ActiveCfg = Release|Any CPU
		{B7D753A9-793B-45F1-8208-E2B7F112D187}.SaveEdit Packaging|Any CPU.Build.0 = Release|Any CPU
		{B7D753A9-793B-45F1-8208-E2B7F112D187}.SaveEdit Packaging|Mixed Platforms.ActiveCfg = Release|Any CPU
		{B7D753A9-793B-45F1-8208-E2B7F112D187}.SaveEdit Packaging|Mixed Platforms.Build.0 = Release|Any CPU
		{B7D753A9-793B-45F1-8208-E2B7F112D187}.SaveEdit Packaging|Win32.ActiveCfg = Release|Any CPU
		{B7D753A9-793B-45F1-8208-E2B7F112D187}.SaveEdit Packaging|x64.ActiveCfg = Release|Any CPU
		{B7D753A9-793B-45F1-8208-E2B7F112D187}.SaveEdit Packaging|x86.ActiveCfg = Release|Any CPU
		{B7D753A9-793B-45F1-8208-E2B7F112D187}.TestDebug|Any CPU.ActiveCfg = Debug|Any CPU
		{B7D753A9-793B-45F1-8208-E2B7F112D187}.TestDebug|Any CPU.Build.0 = Debug|Any CPU
		{B7D753A9-793B-45F1-8208-E2B7F112D187}.TestDebug|Mixed Platforms.ActiveCfg = Debug|Any CPU
		{B7D753A9-793B-45F1-8208-E2B7F112D187}.TestDebug|Mixed Platforms.Build.0 = Debug|Any CPU
		{B7D753A9-793B-45F1-8208-E2B7F112D187}.TestDebug|Win32.ActiveCfg = Debug|Any CPU
		{B7D753A9-793B-45F1-8208-E2B7F112D187}.TestDebug|x64.ActiveCfg = Debug|Any CPU
		{B7D753A9-793B-45F1-8208-E2B7F112D187}.TestDebug|x86.ActiveCfg = Debug|Any CPU
		{91298ADA-5999-41D4-8A7B-51F28094AB5B}.Debug|Any CPU.ActiveCfg = Debug|Any CPU
		{91298ADA-5999-41D4-8A7B-51F28094AB5B}.Debug|Any CPU.Build.0 = Debug|Any CPU
		{91298ADA-5999-41D4-8A7B-51F28094AB5B}.Debug|Mixed Platforms.ActiveCfg = Debug|Any CPU
		{91298ADA-5999-41D4-8A7B-51F28094AB5B}.Debug|Mixed Platforms.Build.0 = Debug|Any CPU
		{91298ADA-5999-41D4-8A7B-51F28094AB5B}.Debug|Win32.ActiveCfg = Debug|Any CPU
		{91298ADA-5999-41D4-8A7B-51F28094AB5B}.Debug|x64.ActiveCfg = Debug|Any CPU
		{91298ADA-5999-41D4-8A7B-51F28094AB5B}.Debug|x86.ActiveCfg = Debug|Any CPU
		{91298ADA-5999-41D4-8A7B-51F28094AB5B}.Release|Any CPU.ActiveCfg = Release|Any CPU
		{91298ADA-5999-41D4-8A7B-51F28094AB5B}.Release|Any CPU.Build.0 = Release|Any CPU
		{91298ADA-5999-41D4-8A7B-51F28094AB5B}.Release|Mixed Platforms.ActiveCfg = Release|Any CPU
		{91298ADA-5999-41D4-8A7B-51F28094AB5B}.Release|Mixed Platforms.Build.0 = Release|Any CPU
		{91298ADA-5999-41D4-8A7B-51F28094AB5B}.Release|Win32.ActiveCfg = Release|Any CPU
		{91298ADA-5999-41D4-8A7B-51F28094AB5B}.Release|x64.ActiveCfg = Release|Any CPU
		{91298ADA-5999-41D4-8A7B-51F28094AB5B}.Release|x86.ActiveCfg = Release|Any CPU
		{91298ADA-5999-41D4-8A7B-51F28094AB5B}.SaveEdit Packaging|Any CPU.ActiveCfg = Release|Any CPU
		{91298ADA-5999-41D4-8A7B-51F28094AB5B}.SaveEdit Packaging|Any CPU.Build.0 = Release|Any CPU
		{91298ADA-5999-41D4-8A7B-51F28094AB5B}.SaveEdit Packaging|Mixed Platforms.ActiveCfg = Release|Any CPU
		{91298ADA-5999-41D4-8A7B-51F28094AB5B}.SaveEdit Packaging|Mixed Platforms.Build.0 = Release|Any CPU
		{91298ADA-5999-41D4-8A7B-51F28094AB5B}.SaveEdit Packaging|Win32.ActiveCfg = Release|Any CPU
		{91298ADA-5999-41D4-8A7B-51F28094AB5B}.SaveEdit Packaging|x64.ActiveCfg = Release|Any CPU
		{91298ADA-5999-41D4-8A7B-51F28094AB5B}.SaveEdit Packaging|x86.ActiveCfg = Release|Any CPU
		{91298ADA-5999-41D4-8A7B-51F28094AB5B}.TestDebug|Any CPU.ActiveCfg = Debug|Any CPU
		{91298ADA-5999-41D4-8A7B-51F28094AB5B}.TestDebug|Any CPU.Build.0 = Debug|Any CPU
		{91298ADA-5999-41D4-8A7B-51F28094AB5B}.TestDebug|Mixed Platforms.ActiveCfg = Debug|Any CPU
		{91298ADA-5999-41D4-8A7B-51F28094AB5B}.TestDebug|Mixed Platforms.Build.0 = Debug|Any CPU
		{91298ADA-5999-41D4-8A7B-51F28094AB5B}.TestDebug|Win32.ActiveCfg = Debug|Any CPU
		{91298ADA-5999-41D4-8A7B-51F28094AB5B}.TestDebug|x64.ActiveCfg = Debug|Any CPU
		{91298ADA-5999-41D4-8A7B-51F28094AB5B}.TestDebug|x86.ActiveCfg = Debug|Any CPU
		{43DB75E9-EAE0-43D1-8AF6-4F3C31FEF60A}.Debug|Any CPU.ActiveCfg = Debug|Any CPU
		{43DB75E9-EAE0-43D1-8AF6-4F3C31FEF60A}.Debug|Any CPU.Build.0 = Debug|Any CPU
		{43DB75E9-EAE0-43D1-8AF6-4F3C31FEF60A}.Debug|Mixed Platforms.ActiveCfg = Debug|Any CPU
		{43DB75E9-EAE0-43D1-8AF6-4F3C31FEF60A}.Debug|Mixed Platforms.Build.0 = Debug|Any CPU
		{43DB75E9-EAE0-43D1-8AF6-4F3C31FEF60A}.Debug|Win32.ActiveCfg = Debug|Any CPU
		{43DB75E9-EAE0-43D1-8AF6-4F3C31FEF60A}.Debug|x64.ActiveCfg = Debug|Any CPU
		{43DB75E9-EAE0-43D1-8AF6-4F3C31FEF60A}.Debug|x86.ActiveCfg = Debug|Any CPU
		{43DB75E9-EAE0-43D1-8AF6-4F3C31FEF60A}.Release|Any CPU.ActiveCfg = Release|Any CPU
		{43DB75E9-EAE0-43D1-8AF6-4F3C31FEF60A}.Release|Any CPU.Build.0 = Release|Any CPU
		{43DB75E9-EAE0-43D1-8AF6-4F3C31FEF60A}.Release|Mixed Platforms.ActiveCfg = Release|Any CPU
		{43DB75E9-EAE0-43D1-8AF6-4F3C31FEF60A}.Release|Mixed Platforms.Build.0 = Release|Any CPU
		{43DB75E9-EAE0-43D1-8AF6-4F3C31FEF60A}.Release|Win32.ActiveCfg = Release|Any CPU
		{43DB75E9-EAE0-43D1-8AF6-4F3C31FEF60A}.Release|x64.ActiveCfg = Release|Any CPU
		{43DB75E9-EAE0-43D1-8AF6-4F3C31FEF60A}.Release|x86.ActiveCfg = Release|Any CPU
		{43DB75E9-EAE0-43D1-8AF6-4F3C31FEF60A}.SaveEdit Packaging|Any CPU.ActiveCfg = Release|Any CPU
		{43DB75E9-EAE0-43D1-8AF6-4F3C31FEF60A}.SaveEdit Packaging|Any CPU.Build.0 = Release|Any CPU
		{43DB75E9-EAE0-43D1-8AF6-4F3C31FEF60A}.SaveEdit Packaging|Mixed Platforms.ActiveCfg = Release|Any CPU
		{43DB75E9-EAE0-43D1-8AF6-4F3C31FEF60A}.SaveEdit Packaging|Mixed Platforms.Build.0 = Release|Any CPU
		{43DB75E9-EAE0-43D1-8AF6-4F3C31FEF60A}.SaveEdit Packaging|Win32.ActiveCfg = Release|Any CPU
		{43DB75E9-EAE0-43D1-8AF6-4F3C31FEF60A}.SaveEdit Packaging|x64.ActiveCfg = Release|Any CPU
		{43DB75E9-EAE0-43D1-8AF6-4F3C31FEF60A}.SaveEdit Packaging|x86.ActiveCfg = Release|Any CPU
		{43DB75E9-EAE0-43D1-8AF6-4F3C31FEF60A}.TestDebug|Any CPU.ActiveCfg = Debug|Any CPU
		{43DB75E9-EAE0-43D1-8AF6-4F3C31FEF60A}.TestDebug|Any CPU.Build.0 = Debug|Any CPU
		{43DB75E9-EAE0-43D1-8AF6-4F3C31FEF60A}.TestDebug|Mixed Platforms.ActiveCfg = Debug|Any CPU
		{43DB75E9-EAE0-43D1-8AF6-4F3C31FEF60A}.TestDebug|Mixed Platforms.Build.0 = Debug|Any CPU
		{43DB75E9-EAE0-43D1-8AF6-4F3C31FEF60A}.TestDebug|Win32.ActiveCfg = Debug|Any CPU
		{43DB75E9-EAE0-43D1-8AF6-4F3C31FEF60A}.TestDebug|x64.ActiveCfg = Debug|Any CPU
		{43DB75E9-EAE0-43D1-8AF6-4F3C31FEF60A}.TestDebug|x86.ActiveCfg = Debug|Any CPU
		{9A60644C-56DD-4D47-8376-AA2B94EA0A66}.Debug|Any CPU.ActiveCfg = Debug|Any CPU
		{9A60644C-56DD-4D47-8376-AA2B94EA0A66}.Debug|Any CPU.Build.0 = Debug|Any CPU
		{9A60644C-56DD-4D47-8376-AA2B94EA0A66}.Debug|Mixed Platforms.ActiveCfg = Debug|Any CPU
		{9A60644C-56DD-4D47-8376-AA2B94EA0A66}.Debug|Mixed Platforms.Build.0 = Debug|Any CPU
		{9A60644C-56DD-4D47-8376-AA2B94EA0A66}.Debug|Win32.ActiveCfg = Debug|Any CPU
		{9A60644C-56DD-4D47-8376-AA2B94EA0A66}.Debug|Win32.Build.0 = Debug|Any CPU
		{9A60644C-56DD-4D47-8376-AA2B94EA0A66}.Debug|x64.ActiveCfg = Debug|Any CPU
		{9A60644C-56DD-4D47-8376-AA2B94EA0A66}.Debug|x64.Build.0 = Debug|Any CPU
		{9A60644C-56DD-4D47-8376-AA2B94EA0A66}.Debug|x86.ActiveCfg = Debug|Any CPU
		{9A60644C-56DD-4D47-8376-AA2B94EA0A66}.Debug|x86.Build.0 = Debug|Any CPU
		{9A60644C-56DD-4D47-8376-AA2B94EA0A66}.Release|Any CPU.ActiveCfg = Release|Any CPU
		{9A60644C-56DD-4D47-8376-AA2B94EA0A66}.Release|Any CPU.Build.0 = Release|Any CPU
		{9A60644C-56DD-4D47-8376-AA2B94EA0A66}.Release|Mixed Platforms.ActiveCfg = Release|Any CPU
		{9A60644C-56DD-4D47-8376-AA2B94EA0A66}.Release|Mixed Platforms.Build.0 = Release|Any CPU
		{9A60644C-56DD-4D47-8376-AA2B94EA0A66}.Release|Win32.ActiveCfg = Release|Any CPU
		{9A60644C-56DD-4D47-8376-AA2B94EA0A66}.Release|Win32.Build.0 = Release|Any CPU
		{9A60644C-56DD-4D47-8376-AA2B94EA0A66}.Release|x64.ActiveCfg = Release|Any CPU
		{9A60644C-56DD-4D47-8376-AA2B94EA0A66}.Release|x64.Build.0 = Release|Any CPU
		{9A60644C-56DD-4D47-8376-AA2B94EA0A66}.Release|x86.ActiveCfg = Release|Any CPU
		{9A60644C-56DD-4D47-8376-AA2B94EA0A66}.Release|x86.Build.0 = Release|Any CPU
		{9A60644C-56DD-4D47-8376-AA2B94EA0A66}.SaveEdit Packaging|Any CPU.ActiveCfg = Release|Any CPU
		{9A60644C-56DD-4D47-8376-AA2B94EA0A66}.SaveEdit Packaging|Any CPU.Build.0 = Release|Any CPU
		{9A60644C-56DD-4D47-8376-AA2B94EA0A66}.SaveEdit Packaging|Mixed Platforms.ActiveCfg = Release|Any CPU
		{9A60644C-56DD-4D47-8376-AA2B94EA0A66}.SaveEdit Packaging|Mixed Platforms.Build.0 = Release|Any CPU
		{9A60644C-56DD-4D47-8376-AA2B94EA0A66}.SaveEdit Packaging|Win32.ActiveCfg = Release|Any CPU
		{9A60644C-56DD-4D47-8376-AA2B94EA0A66}.SaveEdit Packaging|Win32.Build.0 = Release|Any CPU
		{9A60644C-56DD-4D47-8376-AA2B94EA0A66}.SaveEdit Packaging|x64.ActiveCfg = Release|Any CPU
		{9A60644C-56DD-4D47-8376-AA2B94EA0A66}.SaveEdit Packaging|x64.Build.0 = Release|Any CPU
		{9A60644C-56DD-4D47-8376-AA2B94EA0A66}.SaveEdit Packaging|x86.ActiveCfg = Release|Any CPU
		{9A60644C-56DD-4D47-8376-AA2B94EA0A66}.SaveEdit Packaging|x86.Build.0 = Release|Any CPU
		{9A60644C-56DD-4D47-8376-AA2B94EA0A66}.TestDebug|Any CPU.ActiveCfg = Debug|Any CPU
		{9A60644C-56DD-4D47-8376-AA2B94EA0A66}.TestDebug|Any CPU.Build.0 = Debug|Any CPU
		{9A60644C-56DD-4D47-8376-AA2B94EA0A66}.TestDebug|Mixed Platforms.ActiveCfg = Debug|Any CPU
		{9A60644C-56DD-4D47-8376-AA2B94EA0A66}.TestDebug|Mixed Platforms.Build.0 = Debug|Any CPU
		{9A60644C-56DD-4D47-8376-AA2B94EA0A66}.TestDebug|Win32.ActiveCfg = Debug|Any CPU
		{9A60644C-56DD-4D47-8376-AA2B94EA0A66}.TestDebug|Win32.Build.0 = Debug|Any CPU
		{9A60644C-56DD-4D47-8376-AA2B94EA0A66}.TestDebug|x64.ActiveCfg = Debug|Any CPU
		{9A60644C-56DD-4D47-8376-AA2B94EA0A66}.TestDebug|x64.Build.0 = Debug|Any CPU
		{9A60644C-56DD-4D47-8376-AA2B94EA0A66}.TestDebug|x86.ActiveCfg = Debug|Any CPU
		{9A60644C-56DD-4D47-8376-AA2B94EA0A66}.TestDebug|x86.Build.0 = Debug|Any CPU
		{5D1254B0-64BE-447C-BF97-D899F8540A6D}.Debug|Any CPU.ActiveCfg = Debug|Any CPU
		{5D1254B0-64BE-447C-BF97-D899F8540A6D}.Debug|Any CPU.Build.0 = Debug|Any CPU
		{5D1254B0-64BE-447C-BF97-D899F8540A6D}.Debug|Mixed Platforms.ActiveCfg = Debug|Any CPU
		{5D1254B0-64BE-447C-BF97-D899F8540A6D}.Debug|Mixed Platforms.Build.0 = Debug|Any CPU
		{5D1254B0-64BE-447C-BF97-D899F8540A6D}.Debug|Win32.ActiveCfg = Debug|Any CPU
		{5D1254B0-64BE-447C-BF97-D899F8540A6D}.Debug|Win32.Build.0 = Debug|Any CPU
		{5D1254B0-64BE-447C-BF97-D899F8540A6D}.Debug|x64.ActiveCfg = Debug|Any CPU
		{5D1254B0-64BE-447C-BF97-D899F8540A6D}.Debug|x64.Build.0 = Debug|Any CPU
		{5D1254B0-64BE-447C-BF97-D899F8540A6D}.Debug|x86.ActiveCfg = Debug|Any CPU
		{5D1254B0-64BE-447C-BF97-D899F8540A6D}.Debug|x86.Build.0 = Debug|Any CPU
		{5D1254B0-64BE-447C-BF97-D899F8540A6D}.Release|Any CPU.ActiveCfg = Release|Any CPU
		{5D1254B0-64BE-447C-BF97-D899F8540A6D}.Release|Any CPU.Build.0 = Release|Any CPU
		{5D1254B0-64BE-447C-BF97-D899F8540A6D}.Release|Mixed Platforms.ActiveCfg = Release|Any CPU
		{5D1254B0-64BE-447C-BF97-D899F8540A6D}.Release|Mixed Platforms.Build.0 = Release|Any CPU
		{5D1254B0-64BE-447C-BF97-D899F8540A6D}.Release|Win32.ActiveCfg = Release|Any CPU
		{5D1254B0-64BE-447C-BF97-D899F8540A6D}.Release|Win32.Build.0 = Release|Any CPU
		{5D1254B0-64BE-447C-BF97-D899F8540A6D}.Release|x64.ActiveCfg = Release|Any CPU
		{5D1254B0-64BE-447C-BF97-D899F8540A6D}.Release|x64.Build.0 = Release|Any CPU
		{5D1254B0-64BE-447C-BF97-D899F8540A6D}.Release|x86.ActiveCfg = Release|Any CPU
		{5D1254B0-64BE-447C-BF97-D899F8540A6D}.Release|x86.Build.0 = Release|Any CPU
		{5D1254B0-64BE-447C-BF97-D899F8540A6D}.SaveEdit Packaging|Any CPU.ActiveCfg = Release|Any CPU
		{5D1254B0-64BE-447C-BF97-D899F8540A6D}.SaveEdit Packaging|Any CPU.Build.0 = Release|Any CPU
		{5D1254B0-64BE-447C-BF97-D899F8540A6D}.SaveEdit Packaging|Mixed Platforms.ActiveCfg = Release|Any CPU
		{5D1254B0-64BE-447C-BF97-D899F8540A6D}.SaveEdit Packaging|Mixed Platforms.Build.0 = Release|Any CPU
		{5D1254B0-64BE-447C-BF97-D899F8540A6D}.SaveEdit Packaging|Win32.ActiveCfg = Release|Any CPU
		{5D1254B0-64BE-447C-BF97-D899F8540A6D}.SaveEdit Packaging|Win32.Build.0 = Release|Any CPU
		{5D1254B0-64BE-447C-BF97-D899F8540A6D}.SaveEdit Packaging|x64.ActiveCfg = Release|Any CPU
		{5D1254B0-64BE-447C-BF97-D899F8540A6D}.SaveEdit Packaging|x64.Build.0 = Release|Any CPU
		{5D1254B0-64BE-447C-BF97-D899F8540A6D}.SaveEdit Packaging|x86.ActiveCfg = Release|Any CPU
		{5D1254B0-64BE-447C-BF97-D899F8540A6D}.SaveEdit Packaging|x86.Build.0 = Release|Any CPU
		{5D1254B0-64BE-447C-BF97-D899F8540A6D}.TestDebug|Any CPU.ActiveCfg = Debug|Any CPU
		{5D1254B0-64BE-447C-BF97-D899F8540A6D}.TestDebug|Any CPU.Build.0 = Debug|Any CPU
		{5D1254B0-64BE-447C-BF97-D899F8540A6D}.TestDebug|Mixed Platforms.ActiveCfg = Debug|Any CPU
		{5D1254B0-64BE-447C-BF97-D899F8540A6D}.TestDebug|Mixed Platforms.Build.0 = Debug|Any CPU
		{5D1254B0-64BE-447C-BF97-D899F8540A6D}.TestDebug|Win32.ActiveCfg = Debug|Any CPU
		{5D1254B0-64BE-447C-BF97-D899F8540A6D}.TestDebug|Win32.Build.0 = Debug|Any CPU
		{5D1254B0-64BE-447C-BF97-D899F8540A6D}.TestDebug|x64.ActiveCfg = Debug|Any CPU
		{5D1254B0-64BE-447C-BF97-D899F8540A6D}.TestDebug|x64.Build.0 = Debug|Any CPU
		{5D1254B0-64BE-447C-BF97-D899F8540A6D}.TestDebug|x86.ActiveCfg = Debug|Any CPU
		{5D1254B0-64BE-447C-BF97-D899F8540A6D}.TestDebug|x86.Build.0 = Debug|Any CPU
		{7425F3D1-D024-4FC3-A4D9-2C6577AF79C1}.Debug|Any CPU.ActiveCfg = Debug|Any CPU
		{7425F3D1-D024-4FC3-A4D9-2C6577AF79C1}.Debug|Any CPU.Build.0 = Debug|Any CPU
		{7425F3D1-D024-4FC3-A4D9-2C6577AF79C1}.Debug|Mixed Platforms.ActiveCfg = Debug|Any CPU
		{7425F3D1-D024-4FC3-A4D9-2C6577AF79C1}.Debug|Mixed Platforms.Build.0 = Debug|Any CPU
		{7425F3D1-D024-4FC3-A4D9-2C6577AF79C1}.Debug|Win32.ActiveCfg = Debug|Any CPU
		{7425F3D1-D024-4FC3-A4D9-2C6577AF79C1}.Debug|Win32.Build.0 = Debug|Any CPU
		{7425F3D1-D024-4FC3-A4D9-2C6577AF79C1}.Debug|x64.ActiveCfg = Debug|Any CPU
		{7425F3D1-D024-4FC3-A4D9-2C6577AF79C1}.Debug|x64.Build.0 = Debug|Any CPU
		{7425F3D1-D024-4FC3-A4D9-2C6577AF79C1}.Debug|x86.ActiveCfg = Debug|Any CPU
		{7425F3D1-D024-4FC3-A4D9-2C6577AF79C1}.Debug|x86.Build.0 = Debug|Any CPU
		{7425F3D1-D024-4FC3-A4D9-2C6577AF79C1}.Release|Any CPU.ActiveCfg = Debug|Any CPU
		{7425F3D1-D024-4FC3-A4D9-2C6577AF79C1}.Release|Any CPU.Build.0 = Debug|Any CPU
		{7425F3D1-D024-4FC3-A4D9-2C6577AF79C1}.Release|Mixed Platforms.ActiveCfg = Debug|Any CPU
		{7425F3D1-D024-4FC3-A4D9-2C6577AF79C1}.Release|Mixed Platforms.Build.0 = Debug|Any CPU
		{7425F3D1-D024-4FC3-A4D9-2C6577AF79C1}.Release|Win32.ActiveCfg = Debug|Any CPU
		{7425F3D1-D024-4FC3-A4D9-2C6577AF79C1}.Release|Win32.Build.0 = Debug|Any CPU
		{7425F3D1-D024-4FC3-A4D9-2C6577AF79C1}.Release|x64.ActiveCfg = Debug|Any CPU
		{7425F3D1-D024-4FC3-A4D9-2C6577AF79C1}.Release|x64.Build.0 = Debug|Any CPU
		{7425F3D1-D024-4FC3-A4D9-2C6577AF79C1}.Release|x86.ActiveCfg = Debug|Any CPU
		{7425F3D1-D024-4FC3-A4D9-2C6577AF79C1}.Release|x86.Build.0 = Debug|Any CPU
		{7425F3D1-D024-4FC3-A4D9-2C6577AF79C1}.SaveEdit Packaging|Any CPU.ActiveCfg = Debug|Any CPU
		{7425F3D1-D024-4FC3-A4D9-2C6577AF79C1}.SaveEdit Packaging|Any CPU.Build.0 = Debug|Any CPU
		{7425F3D1-D024-4FC3-A4D9-2C6577AF79C1}.SaveEdit Packaging|Mixed Platforms.ActiveCfg = Debug|Any CPU
		{7425F3D1-D024-4FC3-A4D9-2C6577AF79C1}.SaveEdit Packaging|Mixed Platforms.Build.0 = Debug|Any CPU
		{7425F3D1-D024-4FC3-A4D9-2C6577AF79C1}.SaveEdit Packaging|Win32.ActiveCfg = Debug|Any CPU
		{7425F3D1-D024-4FC3-A4D9-2C6577AF79C1}.SaveEdit Packaging|Win32.Build.0 = Debug|Any CPU
		{7425F3D1-D024-4FC3-A4D9-2C6577AF79C1}.SaveEdit Packaging|x64.ActiveCfg = Debug|Any CPU
		{7425F3D1-D024-4FC3-A4D9-2C6577AF79C1}.SaveEdit Packaging|x64.Build.0 = Debug|Any CPU
		{7425F3D1-D024-4FC3-A4D9-2C6577AF79C1}.SaveEdit Packaging|x86.ActiveCfg = Debug|Any CPU
		{7425F3D1-D024-4FC3-A4D9-2C6577AF79C1}.SaveEdit Packaging|x86.Build.0 = Debug|Any CPU
		{7425F3D1-D024-4FC3-A4D9-2C6577AF79C1}.TestDebug|Any CPU.ActiveCfg = Debug|Any CPU
		{7425F3D1-D024-4FC3-A4D9-2C6577AF79C1}.TestDebug|Any CPU.Build.0 = Debug|Any CPU
		{7425F3D1-D024-4FC3-A4D9-2C6577AF79C1}.TestDebug|Mixed Platforms.ActiveCfg = Debug|Any CPU
		{7425F3D1-D024-4FC3-A4D9-2C6577AF79C1}.TestDebug|Mixed Platforms.Build.0 = Debug|Any CPU
		{7425F3D1-D024-4FC3-A4D9-2C6577AF79C1}.TestDebug|Win32.ActiveCfg = Debug|Any CPU
		{7425F3D1-D024-4FC3-A4D9-2C6577AF79C1}.TestDebug|Win32.Build.0 = Debug|Any CPU
		{7425F3D1-D024-4FC3-A4D9-2C6577AF79C1}.TestDebug|x64.ActiveCfg = Debug|Any CPU
		{7425F3D1-D024-4FC3-A4D9-2C6577AF79C1}.TestDebug|x64.Build.0 = Debug|Any CPU
		{7425F3D1-D024-4FC3-A4D9-2C6577AF79C1}.TestDebug|x86.ActiveCfg = Debug|Any CPU
		{7425F3D1-D024-4FC3-A4D9-2C6577AF79C1}.TestDebug|x86.Build.0 = Debug|Any CPU
	EndGlobalSection
	GlobalSection(SolutionProperties) = preSolution
		HideSolutionNode = FALSE
	EndGlobalSection
	GlobalSection(NestedProjects) = preSolution
		{D9716550-921D-44E8-A289-C297950DB1F7} = {EBED4BFC-5AC2-4601-9BEA-879206976057}
		{B7D753A9-793B-45F1-8208-E2B7F112D187} = {F9BDD442-E97F-4DCA-8718-D5AB34E60EFB}
		{43DB75E9-EAE0-43D1-8AF6-4F3C31FEF60A} = {F9BDD442-E97F-4DCA-8718-D5AB34E60EFB}
		{9A60644C-56DD-4D47-8376-AA2B94EA0A66} = {F9BDD442-E97F-4DCA-8718-D5AB34E60EFB}
	EndGlobalSection
	GlobalSection(ExtensibilityGlobals) = postSolution
		SolutionGuid = {A7C50664-5B4C-4D60-B8A1-A65828B0EF7D}
	EndGlobalSection
EndGlobal
