
Microsoft Visual Studio Solution File, Format Version 12.00
# Visual Studio 14
VisualStudioVersion = 14.0.25420.1
MinimumVisualStudioVersion = 10.0.40219.1
Project("{FAE04EC0-301F-11D3-BF4B-00C04F79EFBC}") = "Nucleus.Gaming", "NucleusGaming\Nucleus.Gaming.csproj", "{223DBDAE-E362-452C-9455-F518D002B154}"
EndProject
Project("{FAE04EC0-301F-11D3-BF4B-00C04F79EFBC}") = "Nucleus.Coop.Games", "Games\Nucleus.Coop.Games.csproj", "{3F7C8608-41B3-4831-9351-980BC4499FFB}"
EndProject
Project("{2150E333-8FDC-42A3-9474-1A3956D46DE8}") = "ThirdParty", "ThirdParty", "{EBED4BFC-5AC2-4601-9BEA-879206976057}"
EndProject
Project("{FAE04EC0-301F-11D3-BF4B-00C04F79EFBC}") = "Nucleus.Coop", "NucleusCoopTool\Nucleus.Coop.csproj", "{7818FD81-77A6-49F3-8571-A91B1B99E63F}"
EndProject
Project("{FAE04EC0-301F-11D3-BF4B-00C04F79EFBC}") = "WindowScrape", "ThirdParty\WindowScrape\WindowScrape.csproj", "{D9716550-921D-44E8-A289-C297950DB1F7}"
EndProject
Project("{2150E333-8FDC-42A3-9474-1A3956D46DE8}") = "InputManager", "InputManager", "{525DCD74-FBC3-4842-8269-F9C83F0EE902}"
	ProjectSection(SolutionItems) = preProject
		ThirdParty\InputManager\Article.txt = ThirdParty\InputManager\Article.txt
		ThirdParty\InputManager\InputManager.dll = ThirdParty\InputManager\InputManager.dll
	EndProjectSection
EndProject
Project("{2150E333-8FDC-42A3-9474-1A3956D46DE8}") = "InputSimulator", "InputSimulator", "{53E45AD0-DAA6-41D1-8493-9B3FF23C88C0}"
	ProjectSection(SolutionItems) = preProject
		ThirdParty\InputSimulator.0.1.0.0-bin\InputSimulator.0.1.0.0-bin\Debug\InputSimulator.dll = ThirdParty\InputSimulator.0.1.0.0-bin\InputSimulator.0.1.0.0-bin\Debug\InputSimulator.dll
	EndProjectSection
EndProject
Project("{FAE04EC0-301F-11D3-BF4B-00C04F79EFBC}") = "CheckDiff", "CheckDiff\CheckDiff.csproj", "{B7D753A9-793B-45F1-8208-E2B7F112D187}"
EndProject
Project("{FAE04EC0-301F-11D3-BF4B-00C04F79EFBC}") = "Nucleus.Coop.StartGame", "StartGame\Nucleus.Coop.StartGame.csproj", "{91298ADA-5999-41D4-8A7B-51F28094AB5B}"
EndProject
Project("{FAE04EC0-301F-11D3-BF4B-00C04F79EFBC}") = "GetFolderFileList", "GetFolderFileList\GetFolderFileList.csproj", "{43DB75E9-EAE0-43D1-8AF6-4F3C31FEF60A}"
EndProject
Project("{2150E333-8FDC-42A3-9474-1A3956D46DE8}") = "x360ce", "x360ce", "{4F34266F-E332-4F57-99DC-F4D3CEDD17D9}"
EndProject
Project("{8BC9CEB8-8B4A-11D0-8D11-00A0C91BC942}") = "x360ce", "x360ce\x360ce\x360ce\x360ce.vcxproj", "{303D4435-7541-4357-91B1-CC9DA7E0E926}"
EndProject
Project("{8BC9CEB8-8B4A-11D0-8D11-00A0C91BC942}") = "libMinHook", "x360ce\x360ce\3rdparty\libMinHook\libMinHook.vcxproj", "{65021938-D251-46FA-BC3D-85C385D4C06D}"
EndProject
Project("{8BC9CEB8-8B4A-11D0-8D11-00A0C91BC942}") = "x360ce_2", "x360ce\x360ce\x360ce\x360ce_2.vcxproj", "{9425086A-70C5-43FA-B9AF-139924565FA0}"
EndProject
Project("{8BC9CEB8-8B4A-11D0-8D11-00A0C91BC942}") = "x360ce_3", "x360ce\x360ce\x360ce\x360ce_3.vcxproj", "{C230B6C3-915F-4AD8-9D8B-41509A8FED35}"
EndProject
Project("{8BC9CEB8-8B4A-11D0-8D11-00A0C91BC942}") = "x360ce_4", "x360ce\x360ce\x360ce\x360ce_4.vcxproj", "{4E3EC1F9-04DD-4A20-AFBC-E67391624144}"
EndProject
Project("{2150E333-8FDC-42A3-9474-1A3956D46DE8}") = "Tools", "Tools", "{F9BDD442-E97F-4DCA-8718-D5AB34E60EFB}"
EndProject
Project("{2150E333-8FDC-42A3-9474-1A3956D46DE8}") = "Test", "Test", "{B4B463D0-1AD0-4D85-BB5D-9BA7D183D4EA}"
EndProject
Project("{FAE04EC0-301F-11D3-BF4B-00C04F79EFBC}") = "Nucleus.Testing", "Nucleus.Testing\Nucleus.Testing.csproj", "{7B7F4650-BF10-4488-87D4-D1B49C47B906}"
EndProject
Project("{2150E333-8FDC-42A3-9474-1A3956D46DE8}") = "Gibbed", "Gibbed", "{ED28DDBC-725D-42D2-A6A4-555E8653BCD4}"
EndProject
Project("{FAE04EC0-301F-11D3-BF4B-00C04F79EFBC}") = "Gibbed.Borderlands2.FileFormats", "ThirdParty\Borderlands2SaveEditor\trunk\Gibbed.Borderlands2.FileFormats\Gibbed.Borderlands2.FileFormats.csproj", "{75063A4E-0024-4B68-BE6C-1B3D52FD4845}"
EndProject
Project("{FAE04EC0-301F-11D3-BF4B-00C04F79EFBC}") = "Test", "ThirdParty\Borderlands2SaveEditor\trunk\Test\Test.csproj", "{35F7B4EF-181C-4397-B014-E28891A2288D}"
EndProject
Project("{FAE04EC0-301F-11D3-BF4B-00C04F79EFBC}") = "Gibbed.IO", "ThirdParty\Borderlands2SaveEditor\trunk\Gibbed.IO\Gibbed.IO.csproj", "{047857BA-DAA3-4CA7-AFB8-A1B082B28C6A}"
EndProject
Project("{FAE04EC0-301F-11D3-BF4B-00C04F79EFBC}") = "NDesk.Options", "ThirdParty\Borderlands2SaveEditor\trunk\NDesk.Options\NDesk.Options.csproj", "{C98A6CD6-9422-4B35-8B7A-F520D75534D1}"
EndProject
Project("{2150E333-8FDC-42A3-9474-1A3956D46DE8}") = "Misc", "Misc", "{1FD12BC6-B9F0-432B-A233-E89A7718137C}"
EndProject
Project("{2150E333-8FDC-42A3-9474-1A3956D46DE8}") = "Formats", "Formats", "{32D0656A-A719-4CAA-AED7-1F44162C7AD0}"
EndProject
Project("{2150E333-8FDC-42A3-9474-1A3956D46DE8}") = "Game", "Game", "{5C13AC7D-CFCE-41AE-AE34-BEABE93EBE6C}"
EndProject
Project("{FAE04EC0-301F-11D3-BF4B-00C04F79EFBC}") = "Gibbed.Borderlands2.ProtoBufFormats", "ThirdParty\Borderlands2SaveEditor\trunk\Gibbed.Borderlands2.ProtoBufFormats\Gibbed.Borderlands2.ProtoBufFormats.csproj", "{17A51353-4224-43DC-91FE-A1407BD318EC}"
EndProject
Project("{FAE04EC0-301F-11D3-BF4B-00C04F79EFBC}") = "VerifySaves", "ThirdParty\Borderlands2SaveEditor\trunk\VerifySaves\VerifySaves.csproj", "{EB350DC2-4DAD-4E1E-B93C-0B9068D6EE3E}"
EndProject
Project("{FAE04EC0-301F-11D3-BF4B-00C04F79EFBC}") = "Gibbed.Borderlands2.SaveEdit", "ThirdParty\Borderlands2SaveEditor\trunk\Gibbed.Borderlands2.SaveEdit\Gibbed.Borderlands2.SaveEdit.csproj", "{C605E071-337F-4310-B857-5303C185E951}"
EndProject
Project("{FAE04EC0-301F-11D3-BF4B-00C04F79EFBC}") = "Gibbed.Borderlands2.GameInfo", "ThirdParty\Borderlands2SaveEditor\trunk\Gibbed.Borderlands2.GameInfo\Gibbed.Borderlands2.GameInfo.csproj", "{9B42EE82-42E9-455C-A3DE-7B93F1FF2476}"
EndProject
Project("{FAE04EC0-301F-11D3-BF4B-00C04F79EFBC}") = "Gibbed.Borderlands2.SparkTmsUnpack", "ThirdParty\Borderlands2SaveEditor\trunk\Gibbed.Borderlands2.SparkTmsUnpack\Gibbed.Borderlands2.SparkTmsUnpack.csproj", "{19B858E3-844A-43EA-8A1D-F73CE9A7496C}"
EndProject
Project("{2150E333-8FDC-42A3-9474-1A3956D46DE8}") = "Tools", "Tools", "{145E157B-54E1-4B27-8C68-896835678AAB}"
EndProject
Project("{8BC9CEB8-8B4A-11D0-8D11-00A0C91BC942}") = "FocusFaker", "FocusFaker\FocusFaker.vcxproj", "{099D2E99-22A3-44DE-B673-49E80709B7E2}"
EndProject
Global
	GlobalSection(SolutionConfigurationPlatforms) = preSolution
		Debug|Any CPU = Debug|Any CPU
		Debug|Mixed Platforms = Debug|Mixed Platforms
		Debug|Win32 = Debug|Win32
		Debug|x64 = Debug|x64
		Debug|x86 = Debug|x86
		Release|Any CPU = Release|Any CPU
		Release|Mixed Platforms = Release|Mixed Platforms
		Release|Win32 = Release|Win32
		Release|x64 = Release|x64
		Release|x86 = Release|x86
		SaveEdit Packaging|Any CPU = SaveEdit Packaging|Any CPU
		SaveEdit Packaging|Mixed Platforms = SaveEdit Packaging|Mixed Platforms
		SaveEdit Packaging|Win32 = SaveEdit Packaging|Win32
		SaveEdit Packaging|x64 = SaveEdit Packaging|x64
		SaveEdit Packaging|x86 = SaveEdit Packaging|x86
		TestDebug|Any CPU = TestDebug|Any CPU
		TestDebug|Mixed Platforms = TestDebug|Mixed Platforms
		TestDebug|Win32 = TestDebug|Win32
		TestDebug|x64 = TestDebug|x64
		TestDebug|x86 = TestDebug|x86
	EndGlobalSection
	GlobalSection(ProjectConfigurationPlatforms) = postSolution
		{223DBDAE-E362-452C-9455-F518D002B154}.Debug|Any CPU.ActiveCfg = Debug|Any CPU
		{223DBDAE-E362-452C-9455-F518D002B154}.Debug|Any CPU.Build.0 = Debug|Any CPU
		{223DBDAE-E362-452C-9455-F518D002B154}.Debug|Mixed Platforms.ActiveCfg = Debug|Any CPU
		{223DBDAE-E362-452C-9455-F518D002B154}.Debug|Mixed Platforms.Build.0 = Debug|Any CPU
		{223DBDAE-E362-452C-9455-F518D002B154}.Debug|Win32.ActiveCfg = Debug|Any CPU
		{223DBDAE-E362-452C-9455-F518D002B154}.Debug|x64.ActiveCfg = Debug|Any CPU
		{223DBDAE-E362-452C-9455-F518D002B154}.Debug|x86.ActiveCfg = Debug|Any CPU
		{223DBDAE-E362-452C-9455-F518D002B154}.Release|Any CPU.ActiveCfg = Release|Any CPU
		{223DBDAE-E362-452C-9455-F518D002B154}.Release|Any CPU.Build.0 = Release|Any CPU
		{223DBDAE-E362-452C-9455-F518D002B154}.Release|Mixed Platforms.ActiveCfg = Release|Any CPU
		{223DBDAE-E362-452C-9455-F518D002B154}.Release|Mixed Platforms.Build.0 = Release|Any CPU
		{223DBDAE-E362-452C-9455-F518D002B154}.Release|Win32.ActiveCfg = Release|Any CPU
		{223DBDAE-E362-452C-9455-F518D002B154}.Release|x64.ActiveCfg = Release|Any CPU
		{223DBDAE-E362-452C-9455-F518D002B154}.Release|x86.ActiveCfg = Release|Any CPU
		{223DBDAE-E362-452C-9455-F518D002B154}.SaveEdit Packaging|Any CPU.ActiveCfg = TestDebug|Any CPU
		{223DBDAE-E362-452C-9455-F518D002B154}.SaveEdit Packaging|Any CPU.Build.0 = TestDebug|Any CPU
		{223DBDAE-E362-452C-9455-F518D002B154}.SaveEdit Packaging|Mixed Platforms.ActiveCfg = TestDebug|Any CPU
		{223DBDAE-E362-452C-9455-F518D002B154}.SaveEdit Packaging|Mixed Platforms.Build.0 = TestDebug|Any CPU
		{223DBDAE-E362-452C-9455-F518D002B154}.SaveEdit Packaging|Win32.ActiveCfg = TestDebug|Any CPU
		{223DBDAE-E362-452C-9455-F518D002B154}.SaveEdit Packaging|x64.ActiveCfg = TestDebug|Any CPU
		{223DBDAE-E362-452C-9455-F518D002B154}.SaveEdit Packaging|x86.ActiveCfg = TestDebug|Any CPU
		{223DBDAE-E362-452C-9455-F518D002B154}.TestDebug|Any CPU.ActiveCfg = TestDebug|Any CPU
		{223DBDAE-E362-452C-9455-F518D002B154}.TestDebug|Any CPU.Build.0 = TestDebug|Any CPU
		{223DBDAE-E362-452C-9455-F518D002B154}.TestDebug|Mixed Platforms.ActiveCfg = TestDebug|Any CPU
		{223DBDAE-E362-452C-9455-F518D002B154}.TestDebug|Mixed Platforms.Build.0 = TestDebug|Any CPU
		{223DBDAE-E362-452C-9455-F518D002B154}.TestDebug|Win32.ActiveCfg = TestDebug|Any CPU
		{223DBDAE-E362-452C-9455-F518D002B154}.TestDebug|x64.ActiveCfg = TestDebug|Any CPU
		{223DBDAE-E362-452C-9455-F518D002B154}.TestDebug|x86.ActiveCfg = TestDebug|Any CPU
		{3F7C8608-41B3-4831-9351-980BC4499FFB}.Debug|Any CPU.ActiveCfg = Debug|Any CPU
		{3F7C8608-41B3-4831-9351-980BC4499FFB}.Debug|Any CPU.Build.0 = Debug|Any CPU
		{3F7C8608-41B3-4831-9351-980BC4499FFB}.Debug|Mixed Platforms.ActiveCfg = Debug|Any CPU
		{3F7C8608-41B3-4831-9351-980BC4499FFB}.Debug|Mixed Platforms.Build.0 = Debug|Any CPU
		{3F7C8608-41B3-4831-9351-980BC4499FFB}.Debug|Win32.ActiveCfg = Debug|Any CPU
		{3F7C8608-41B3-4831-9351-980BC4499FFB}.Debug|x64.ActiveCfg = Debug|Any CPU
		{3F7C8608-41B3-4831-9351-980BC4499FFB}.Debug|x86.ActiveCfg = Debug|Any CPU
		{3F7C8608-41B3-4831-9351-980BC4499FFB}.Release|Any CPU.ActiveCfg = Release|Any CPU
		{3F7C8608-41B3-4831-9351-980BC4499FFB}.Release|Any CPU.Build.0 = Release|Any CPU
		{3F7C8608-41B3-4831-9351-980BC4499FFB}.Release|Mixed Platforms.ActiveCfg = Release|Any CPU
		{3F7C8608-41B3-4831-9351-980BC4499FFB}.Release|Mixed Platforms.Build.0 = Release|Any CPU
		{3F7C8608-41B3-4831-9351-980BC4499FFB}.Release|Win32.ActiveCfg = Release|Any CPU
		{3F7C8608-41B3-4831-9351-980BC4499FFB}.Release|x64.ActiveCfg = Release|Any CPU
		{3F7C8608-41B3-4831-9351-980BC4499FFB}.Release|x86.ActiveCfg = Release|Any CPU
		{3F7C8608-41B3-4831-9351-980BC4499FFB}.SaveEdit Packaging|Any CPU.ActiveCfg = TestDebug|Any CPU
		{3F7C8608-41B3-4831-9351-980BC4499FFB}.SaveEdit Packaging|Any CPU.Build.0 = TestDebug|Any CPU
		{3F7C8608-41B3-4831-9351-980BC4499FFB}.SaveEdit Packaging|Mixed Platforms.ActiveCfg = TestDebug|Any CPU
		{3F7C8608-41B3-4831-9351-980BC4499FFB}.SaveEdit Packaging|Mixed Platforms.Build.0 = TestDebug|Any CPU
		{3F7C8608-41B3-4831-9351-980BC4499FFB}.SaveEdit Packaging|Win32.ActiveCfg = TestDebug|Any CPU
		{3F7C8608-41B3-4831-9351-980BC4499FFB}.SaveEdit Packaging|x64.ActiveCfg = TestDebug|Any CPU
		{3F7C8608-41B3-4831-9351-980BC4499FFB}.SaveEdit Packaging|x86.ActiveCfg = TestDebug|Any CPU
		{3F7C8608-41B3-4831-9351-980BC4499FFB}.TestDebug|Any CPU.ActiveCfg = TestDebug|Any CPU
		{3F7C8608-41B3-4831-9351-980BC4499FFB}.TestDebug|Any CPU.Build.0 = TestDebug|Any CPU
		{3F7C8608-41B3-4831-9351-980BC4499FFB}.TestDebug|Mixed Platforms.ActiveCfg = TestDebug|Any CPU
		{3F7C8608-41B3-4831-9351-980BC4499FFB}.TestDebug|Mixed Platforms.Build.0 = TestDebug|Any CPU
		{3F7C8608-41B3-4831-9351-980BC4499FFB}.TestDebug|Win32.ActiveCfg = TestDebug|Any CPU
		{3F7C8608-41B3-4831-9351-980BC4499FFB}.TestDebug|x64.ActiveCfg = TestDebug|Any CPU
		{3F7C8608-41B3-4831-9351-980BC4499FFB}.TestDebug|x86.ActiveCfg = TestDebug|Any CPU
		{7818FD81-77A6-49F3-8571-A91B1B99E63F}.Debug|Any CPU.ActiveCfg = Debug|Any CPU
		{7818FD81-77A6-49F3-8571-A91B1B99E63F}.Debug|Any CPU.Build.0 = Debug|Any CPU
		{7818FD81-77A6-49F3-8571-A91B1B99E63F}.Debug|Mixed Platforms.ActiveCfg = Debug|Any CPU
		{7818FD81-77A6-49F3-8571-A91B1B99E63F}.Debug|Mixed Platforms.Build.0 = Debug|Any CPU
		{7818FD81-77A6-49F3-8571-A91B1B99E63F}.Debug|Win32.ActiveCfg = Debug|Any CPU
		{7818FD81-77A6-49F3-8571-A91B1B99E63F}.Debug|x64.ActiveCfg = Debug|Any CPU
		{7818FD81-77A6-49F3-8571-A91B1B99E63F}.Debug|x86.ActiveCfg = Debug|Any CPU
		{7818FD81-77A6-49F3-8571-A91B1B99E63F}.Release|Any CPU.ActiveCfg = Release|Any CPU
		{7818FD81-77A6-49F3-8571-A91B1B99E63F}.Release|Any CPU.Build.0 = Release|Any CPU
		{7818FD81-77A6-49F3-8571-A91B1B99E63F}.Release|Mixed Platforms.ActiveCfg = Release|Any CPU
		{7818FD81-77A6-49F3-8571-A91B1B99E63F}.Release|Mixed Platforms.Build.0 = Release|Any CPU
		{7818FD81-77A6-49F3-8571-A91B1B99E63F}.Release|Win32.ActiveCfg = Release|Any CPU
		{7818FD81-77A6-49F3-8571-A91B1B99E63F}.Release|x64.ActiveCfg = Release|Any CPU
		{7818FD81-77A6-49F3-8571-A91B1B99E63F}.Release|x86.ActiveCfg = Release|Any CPU
		{7818FD81-77A6-49F3-8571-A91B1B99E63F}.SaveEdit Packaging|Any CPU.ActiveCfg = TestDebug|Any CPU
		{7818FD81-77A6-49F3-8571-A91B1B99E63F}.SaveEdit Packaging|Any CPU.Build.0 = TestDebug|Any CPU
		{7818FD81-77A6-49F3-8571-A91B1B99E63F}.SaveEdit Packaging|Mixed Platforms.ActiveCfg = TestDebug|Any CPU
		{7818FD81-77A6-49F3-8571-A91B1B99E63F}.SaveEdit Packaging|Mixed Platforms.Build.0 = TestDebug|Any CPU
		{7818FD81-77A6-49F3-8571-A91B1B99E63F}.SaveEdit Packaging|Win32.ActiveCfg = TestDebug|Any CPU
		{7818FD81-77A6-49F3-8571-A91B1B99E63F}.SaveEdit Packaging|x64.ActiveCfg = TestDebug|Any CPU
		{7818FD81-77A6-49F3-8571-A91B1B99E63F}.SaveEdit Packaging|x86.ActiveCfg = TestDebug|Any CPU
		{7818FD81-77A6-49F3-8571-A91B1B99E63F}.TestDebug|Any CPU.ActiveCfg = TestDebug|Any CPU
		{7818FD81-77A6-49F3-8571-A91B1B99E63F}.TestDebug|Any CPU.Build.0 = TestDebug|Any CPU
		{7818FD81-77A6-49F3-8571-A91B1B99E63F}.TestDebug|Mixed Platforms.ActiveCfg = TestDebug|Any CPU
		{7818FD81-77A6-49F3-8571-A91B1B99E63F}.TestDebug|Mixed Platforms.Build.0 = TestDebug|Any CPU
		{7818FD81-77A6-49F3-8571-A91B1B99E63F}.TestDebug|Win32.ActiveCfg = TestDebug|Any CPU
		{7818FD81-77A6-49F3-8571-A91B1B99E63F}.TestDebug|x64.ActiveCfg = TestDebug|Any CPU
		{7818FD81-77A6-49F3-8571-A91B1B99E63F}.TestDebug|x86.ActiveCfg = TestDebug|Any CPU
		{D9716550-921D-44E8-A289-C297950DB1F7}.Debug|Any CPU.ActiveCfg = Debug|Any CPU
		{D9716550-921D-44E8-A289-C297950DB1F7}.Debug|Any CPU.Build.0 = Debug|Any CPU
		{D9716550-921D-44E8-A289-C297950DB1F7}.Debug|Mixed Platforms.ActiveCfg = Debug|Any CPU
		{D9716550-921D-44E8-A289-C297950DB1F7}.Debug|Mixed Platforms.Build.0 = Debug|Any CPU
		{D9716550-921D-44E8-A289-C297950DB1F7}.Debug|Win32.ActiveCfg = Debug|Any CPU
		{D9716550-921D-44E8-A289-C297950DB1F7}.Debug|x64.ActiveCfg = Debug|Any CPU
		{D9716550-921D-44E8-A289-C297950DB1F7}.Debug|x86.ActiveCfg = Debug|Any CPU
		{D9716550-921D-44E8-A289-C297950DB1F7}.Release|Any CPU.ActiveCfg = Release|Any CPU
		{D9716550-921D-44E8-A289-C297950DB1F7}.Release|Any CPU.Build.0 = Release|Any CPU
		{D9716550-921D-44E8-A289-C297950DB1F7}.Release|Mixed Platforms.ActiveCfg = Release|Any CPU
		{D9716550-921D-44E8-A289-C297950DB1F7}.Release|Mixed Platforms.Build.0 = Release|Any CPU
		{D9716550-921D-44E8-A289-C297950DB1F7}.Release|Win32.ActiveCfg = Release|Any CPU
		{D9716550-921D-44E8-A289-C297950DB1F7}.Release|x64.ActiveCfg = Release|Any CPU
		{D9716550-921D-44E8-A289-C297950DB1F7}.Release|x86.ActiveCfg = Release|Any CPU
		{D9716550-921D-44E8-A289-C297950DB1F7}.SaveEdit Packaging|Any CPU.ActiveCfg = TestDebug|Any CPU
		{D9716550-921D-44E8-A289-C297950DB1F7}.SaveEdit Packaging|Any CPU.Build.0 = TestDebug|Any CPU
		{D9716550-921D-44E8-A289-C297950DB1F7}.SaveEdit Packaging|Mixed Platforms.ActiveCfg = TestDebug|Any CPU
		{D9716550-921D-44E8-A289-C297950DB1F7}.SaveEdit Packaging|Mixed Platforms.Build.0 = TestDebug|Any CPU
		{D9716550-921D-44E8-A289-C297950DB1F7}.SaveEdit Packaging|Win32.ActiveCfg = TestDebug|Any CPU
		{D9716550-921D-44E8-A289-C297950DB1F7}.SaveEdit Packaging|x64.ActiveCfg = TestDebug|Any CPU
		{D9716550-921D-44E8-A289-C297950DB1F7}.SaveEdit Packaging|x86.ActiveCfg = TestDebug|Any CPU
		{D9716550-921D-44E8-A289-C297950DB1F7}.TestDebug|Any CPU.ActiveCfg = TestDebug|Any CPU
		{D9716550-921D-44E8-A289-C297950DB1F7}.TestDebug|Any CPU.Build.0 = TestDebug|Any CPU
		{D9716550-921D-44E8-A289-C297950DB1F7}.TestDebug|Mixed Platforms.ActiveCfg = TestDebug|Any CPU
		{D9716550-921D-44E8-A289-C297950DB1F7}.TestDebug|Mixed Platforms.Build.0 = TestDebug|Any CPU
		{D9716550-921D-44E8-A289-C297950DB1F7}.TestDebug|Win32.ActiveCfg = TestDebug|Any CPU
		{D9716550-921D-44E8-A289-C297950DB1F7}.TestDebug|x64.ActiveCfg = TestDebug|Any CPU
		{D9716550-921D-44E8-A289-C297950DB1F7}.TestDebug|x86.ActiveCfg = TestDebug|Any CPU
		{B7D753A9-793B-45F1-8208-E2B7F112D187}.Debug|Any CPU.ActiveCfg = Debug|Any CPU
		{B7D753A9-793B-45F1-8208-E2B7F112D187}.Debug|Any CPU.Build.0 = Debug|Any CPU
		{B7D753A9-793B-45F1-8208-E2B7F112D187}.Debug|Mixed Platforms.ActiveCfg = Debug|Any CPU
		{B7D753A9-793B-45F1-8208-E2B7F112D187}.Debug|Mixed Platforms.Build.0 = Debug|Any CPU
		{B7D753A9-793B-45F1-8208-E2B7F112D187}.Debug|Win32.ActiveCfg = Debug|Any CPU
		{B7D753A9-793B-45F1-8208-E2B7F112D187}.Debug|x64.ActiveCfg = Debug|Any CPU
		{B7D753A9-793B-45F1-8208-E2B7F112D187}.Debug|x86.ActiveCfg = Debug|Any CPU
		{B7D753A9-793B-45F1-8208-E2B7F112D187}.Release|Any CPU.ActiveCfg = Release|Any CPU
		{B7D753A9-793B-45F1-8208-E2B7F112D187}.Release|Any CPU.Build.0 = Release|Any CPU
		{B7D753A9-793B-45F1-8208-E2B7F112D187}.Release|Mixed Platforms.ActiveCfg = Release|Any CPU
		{B7D753A9-793B-45F1-8208-E2B7F112D187}.Release|Mixed Platforms.Build.0 = Release|Any CPU
		{B7D753A9-793B-45F1-8208-E2B7F112D187}.Release|Win32.ActiveCfg = Release|Any CPU
		{B7D753A9-793B-45F1-8208-E2B7F112D187}.Release|x64.ActiveCfg = Release|Any CPU
		{B7D753A9-793B-45F1-8208-E2B7F112D187}.Release|x86.ActiveCfg = Release|Any CPU
		{B7D753A9-793B-45F1-8208-E2B7F112D187}.SaveEdit Packaging|Any CPU.ActiveCfg = Release|Any CPU
		{B7D753A9-793B-45F1-8208-E2B7F112D187}.SaveEdit Packaging|Any CPU.Build.0 = Release|Any CPU
		{B7D753A9-793B-45F1-8208-E2B7F112D187}.SaveEdit Packaging|Mixed Platforms.ActiveCfg = Release|Any CPU
		{B7D753A9-793B-45F1-8208-E2B7F112D187}.SaveEdit Packaging|Mixed Platforms.Build.0 = Release|Any CPU
		{B7D753A9-793B-45F1-8208-E2B7F112D187}.SaveEdit Packaging|Win32.ActiveCfg = Release|Any CPU
		{B7D753A9-793B-45F1-8208-E2B7F112D187}.SaveEdit Packaging|x64.ActiveCfg = Release|Any CPU
		{B7D753A9-793B-45F1-8208-E2B7F112D187}.SaveEdit Packaging|x86.ActiveCfg = Release|Any CPU
		{B7D753A9-793B-45F1-8208-E2B7F112D187}.TestDebug|Any CPU.ActiveCfg = Debug|Any CPU
		{B7D753A9-793B-45F1-8208-E2B7F112D187}.TestDebug|Any CPU.Build.0 = Debug|Any CPU
		{B7D753A9-793B-45F1-8208-E2B7F112D187}.TestDebug|Mixed Platforms.ActiveCfg = Debug|Any CPU
		{B7D753A9-793B-45F1-8208-E2B7F112D187}.TestDebug|Mixed Platforms.Build.0 = Debug|Any CPU
		{B7D753A9-793B-45F1-8208-E2B7F112D187}.TestDebug|Win32.ActiveCfg = Debug|Any CPU
		{B7D753A9-793B-45F1-8208-E2B7F112D187}.TestDebug|x64.ActiveCfg = Debug|Any CPU
		{B7D753A9-793B-45F1-8208-E2B7F112D187}.TestDebug|x86.ActiveCfg = Debug|Any CPU
		{91298ADA-5999-41D4-8A7B-51F28094AB5B}.Debug|Any CPU.ActiveCfg = Debug|Any CPU
		{91298ADA-5999-41D4-8A7B-51F28094AB5B}.Debug|Any CPU.Build.0 = Debug|Any CPU
		{91298ADA-5999-41D4-8A7B-51F28094AB5B}.Debug|Mixed Platforms.ActiveCfg = Debug|Any CPU
		{91298ADA-5999-41D4-8A7B-51F28094AB5B}.Debug|Mixed Platforms.Build.0 = Debug|Any CPU
		{91298ADA-5999-41D4-8A7B-51F28094AB5B}.Debug|Win32.ActiveCfg = Debug|Any CPU
		{91298ADA-5999-41D4-8A7B-51F28094AB5B}.Debug|x64.ActiveCfg = Debug|Any CPU
		{91298ADA-5999-41D4-8A7B-51F28094AB5B}.Debug|x86.ActiveCfg = Debug|Any CPU
		{91298ADA-5999-41D4-8A7B-51F28094AB5B}.Release|Any CPU.ActiveCfg = Release|Any CPU
		{91298ADA-5999-41D4-8A7B-51F28094AB5B}.Release|Any CPU.Build.0 = Release|Any CPU
		{91298ADA-5999-41D4-8A7B-51F28094AB5B}.Release|Mixed Platforms.ActiveCfg = Release|Any CPU
		{91298ADA-5999-41D4-8A7B-51F28094AB5B}.Release|Mixed Platforms.Build.0 = Release|Any CPU
		{91298ADA-5999-41D4-8A7B-51F28094AB5B}.Release|Win32.ActiveCfg = Release|Any CPU
		{91298ADA-5999-41D4-8A7B-51F28094AB5B}.Release|x64.ActiveCfg = Release|Any CPU
		{91298ADA-5999-41D4-8A7B-51F28094AB5B}.Release|x86.ActiveCfg = Release|Any CPU
		{91298ADA-5999-41D4-8A7B-51F28094AB5B}.SaveEdit Packaging|Any CPU.ActiveCfg = Release|Any CPU
		{91298ADA-5999-41D4-8A7B-51F28094AB5B}.SaveEdit Packaging|Any CPU.Build.0 = Release|Any CPU
		{91298ADA-5999-41D4-8A7B-51F28094AB5B}.SaveEdit Packaging|Mixed Platforms.ActiveCfg = Release|Any CPU
		{91298ADA-5999-41D4-8A7B-51F28094AB5B}.SaveEdit Packaging|Mixed Platforms.Build.0 = Release|Any CPU
		{91298ADA-5999-41D4-8A7B-51F28094AB5B}.SaveEdit Packaging|Win32.ActiveCfg = Release|Any CPU
		{91298ADA-5999-41D4-8A7B-51F28094AB5B}.SaveEdit Packaging|x64.ActiveCfg = Release|Any CPU
		{91298ADA-5999-41D4-8A7B-51F28094AB5B}.SaveEdit Packaging|x86.ActiveCfg = Release|Any CPU
		{91298ADA-5999-41D4-8A7B-51F28094AB5B}.TestDebug|Any CPU.ActiveCfg = Debug|Any CPU
		{91298ADA-5999-41D4-8A7B-51F28094AB5B}.TestDebug|Any CPU.Build.0 = Debug|Any CPU
		{91298ADA-5999-41D4-8A7B-51F28094AB5B}.TestDebug|Mixed Platforms.ActiveCfg = Debug|Any CPU
		{91298ADA-5999-41D4-8A7B-51F28094AB5B}.TestDebug|Mixed Platforms.Build.0 = Debug|Any CPU
		{91298ADA-5999-41D4-8A7B-51F28094AB5B}.TestDebug|Win32.ActiveCfg = Debug|Any CPU
		{91298ADA-5999-41D4-8A7B-51F28094AB5B}.TestDebug|x64.ActiveCfg = Debug|Any CPU
		{91298ADA-5999-41D4-8A7B-51F28094AB5B}.TestDebug|x86.ActiveCfg = Debug|Any CPU
		{43DB75E9-EAE0-43D1-8AF6-4F3C31FEF60A}.Debug|Any CPU.ActiveCfg = Debug|Any CPU
		{43DB75E9-EAE0-43D1-8AF6-4F3C31FEF60A}.Debug|Any CPU.Build.0 = Debug|Any CPU
		{43DB75E9-EAE0-43D1-8AF6-4F3C31FEF60A}.Debug|Mixed Platforms.ActiveCfg = Debug|Any CPU
		{43DB75E9-EAE0-43D1-8AF6-4F3C31FEF60A}.Debug|Mixed Platforms.Build.0 = Debug|Any CPU
		{43DB75E9-EAE0-43D1-8AF6-4F3C31FEF60A}.Debug|Win32.ActiveCfg = Debug|Any CPU
		{43DB75E9-EAE0-43D1-8AF6-4F3C31FEF60A}.Debug|x64.ActiveCfg = Debug|Any CPU
		{43DB75E9-EAE0-43D1-8AF6-4F3C31FEF60A}.Debug|x86.ActiveCfg = Debug|Any CPU
		{43DB75E9-EAE0-43D1-8AF6-4F3C31FEF60A}.Release|Any CPU.ActiveCfg = Release|Any CPU
		{43DB75E9-EAE0-43D1-8AF6-4F3C31FEF60A}.Release|Any CPU.Build.0 = Release|Any CPU
		{43DB75E9-EAE0-43D1-8AF6-4F3C31FEF60A}.Release|Mixed Platforms.ActiveCfg = Release|Any CPU
		{43DB75E9-EAE0-43D1-8AF6-4F3C31FEF60A}.Release|Mixed Platforms.Build.0 = Release|Any CPU
		{43DB75E9-EAE0-43D1-8AF6-4F3C31FEF60A}.Release|Win32.ActiveCfg = Release|Any CPU
		{43DB75E9-EAE0-43D1-8AF6-4F3C31FEF60A}.Release|x64.ActiveCfg = Release|Any CPU
		{43DB75E9-EAE0-43D1-8AF6-4F3C31FEF60A}.Release|x86.ActiveCfg = Release|Any CPU
		{43DB75E9-EAE0-43D1-8AF6-4F3C31FEF60A}.SaveEdit Packaging|Any CPU.ActiveCfg = Release|Any CPU
		{43DB75E9-EAE0-43D1-8AF6-4F3C31FEF60A}.SaveEdit Packaging|Any CPU.Build.0 = Release|Any CPU
		{43DB75E9-EAE0-43D1-8AF6-4F3C31FEF60A}.SaveEdit Packaging|Mixed Platforms.ActiveCfg = Release|Any CPU
		{43DB75E9-EAE0-43D1-8AF6-4F3C31FEF60A}.SaveEdit Packaging|Mixed Platforms.Build.0 = Release|Any CPU
		{43DB75E9-EAE0-43D1-8AF6-4F3C31FEF60A}.SaveEdit Packaging|Win32.ActiveCfg = Release|Any CPU
		{43DB75E9-EAE0-43D1-8AF6-4F3C31FEF60A}.SaveEdit Packaging|x64.ActiveCfg = Release|Any CPU
		{43DB75E9-EAE0-43D1-8AF6-4F3C31FEF60A}.SaveEdit Packaging|x86.ActiveCfg = Release|Any CPU
		{43DB75E9-EAE0-43D1-8AF6-4F3C31FEF60A}.TestDebug|Any CPU.ActiveCfg = Debug|Any CPU
		{43DB75E9-EAE0-43D1-8AF6-4F3C31FEF60A}.TestDebug|Any CPU.Build.0 = Debug|Any CPU
		{43DB75E9-EAE0-43D1-8AF6-4F3C31FEF60A}.TestDebug|Mixed Platforms.ActiveCfg = Debug|Any CPU
		{43DB75E9-EAE0-43D1-8AF6-4F3C31FEF60A}.TestDebug|Mixed Platforms.Build.0 = Debug|Any CPU
		{43DB75E9-EAE0-43D1-8AF6-4F3C31FEF60A}.TestDebug|Win32.ActiveCfg = Debug|Any CPU
		{43DB75E9-EAE0-43D1-8AF6-4F3C31FEF60A}.TestDebug|x64.ActiveCfg = Debug|Any CPU
		{43DB75E9-EAE0-43D1-8AF6-4F3C31FEF60A}.TestDebug|x86.ActiveCfg = Debug|Any CPU
		{303D4435-7541-4357-91B1-CC9DA7E0E926}.Debug|Any CPU.ActiveCfg = Debug|Win32
		{303D4435-7541-4357-91B1-CC9DA7E0E926}.Debug|Mixed Platforms.ActiveCfg = Debug|Win32
		{303D4435-7541-4357-91B1-CC9DA7E0E926}.Debug|Mixed Platforms.Build.0 = Debug|Win32
		{303D4435-7541-4357-91B1-CC9DA7E0E926}.Debug|Win32.ActiveCfg = Debug|Win32
		{303D4435-7541-4357-91B1-CC9DA7E0E926}.Debug|Win32.Build.0 = Debug|Win32
		{303D4435-7541-4357-91B1-CC9DA7E0E926}.Debug|x64.ActiveCfg = Debug|x64
		{303D4435-7541-4357-91B1-CC9DA7E0E926}.Debug|x64.Build.0 = Debug|x64
		{303D4435-7541-4357-91B1-CC9DA7E0E926}.Debug|x86.ActiveCfg = Debug|Win32
		{303D4435-7541-4357-91B1-CC9DA7E0E926}.Debug|x86.Build.0 = Debug|Win32
		{303D4435-7541-4357-91B1-CC9DA7E0E926}.Release|Any CPU.ActiveCfg = Release|Win32
		{303D4435-7541-4357-91B1-CC9DA7E0E926}.Release|Mixed Platforms.ActiveCfg = Release|Win32
		{303D4435-7541-4357-91B1-CC9DA7E0E926}.Release|Mixed Platforms.Build.0 = Release|Win32
		{303D4435-7541-4357-91B1-CC9DA7E0E926}.Release|Win32.ActiveCfg = Release|Win32
		{303D4435-7541-4357-91B1-CC9DA7E0E926}.Release|Win32.Build.0 = Release|Win32
		{303D4435-7541-4357-91B1-CC9DA7E0E926}.Release|x64.ActiveCfg = Release|x64
		{303D4435-7541-4357-91B1-CC9DA7E0E926}.Release|x64.Build.0 = Release|x64
		{303D4435-7541-4357-91B1-CC9DA7E0E926}.Release|x86.ActiveCfg = Release|Win32
		{303D4435-7541-4357-91B1-CC9DA7E0E926}.Release|x86.Build.0 = Release|Win32
		{303D4435-7541-4357-91B1-CC9DA7E0E926}.SaveEdit Packaging|Any CPU.ActiveCfg = Release|Win32
		{303D4435-7541-4357-91B1-CC9DA7E0E926}.SaveEdit Packaging|Mixed Platforms.ActiveCfg = Release|Win32
		{303D4435-7541-4357-91B1-CC9DA7E0E926}.SaveEdit Packaging|Mixed Platforms.Build.0 = Release|Win32
		{303D4435-7541-4357-91B1-CC9DA7E0E926}.SaveEdit Packaging|Win32.ActiveCfg = Release|Win32
		{303D4435-7541-4357-91B1-CC9DA7E0E926}.SaveEdit Packaging|Win32.Build.0 = Release|Win32
		{303D4435-7541-4357-91B1-CC9DA7E0E926}.SaveEdit Packaging|x64.ActiveCfg = Release|x64
		{303D4435-7541-4357-91B1-CC9DA7E0E926}.SaveEdit Packaging|x64.Build.0 = Release|x64
		{303D4435-7541-4357-91B1-CC9DA7E0E926}.SaveEdit Packaging|x86.ActiveCfg = Release|Win32
		{303D4435-7541-4357-91B1-CC9DA7E0E926}.SaveEdit Packaging|x86.Build.0 = Release|Win32
		{303D4435-7541-4357-91B1-CC9DA7E0E926}.TestDebug|Any CPU.ActiveCfg = Debug|Win32
		{303D4435-7541-4357-91B1-CC9DA7E0E926}.TestDebug|Mixed Platforms.ActiveCfg = Debug|Win32
		{303D4435-7541-4357-91B1-CC9DA7E0E926}.TestDebug|Mixed Platforms.Build.0 = Debug|Win32
		{303D4435-7541-4357-91B1-CC9DA7E0E926}.TestDebug|Win32.ActiveCfg = Debug|Win32
		{303D4435-7541-4357-91B1-CC9DA7E0E926}.TestDebug|Win32.Build.0 = Debug|Win32
		{303D4435-7541-4357-91B1-CC9DA7E0E926}.TestDebug|x64.ActiveCfg = Debug|x64
		{303D4435-7541-4357-91B1-CC9DA7E0E926}.TestDebug|x64.Build.0 = Debug|x64
		{303D4435-7541-4357-91B1-CC9DA7E0E926}.TestDebug|x86.ActiveCfg = Debug|Win32
		{303D4435-7541-4357-91B1-CC9DA7E0E926}.TestDebug|x86.Build.0 = Debug|Win32
		{65021938-D251-46FA-BC3D-85C385D4C06D}.Debug|Any CPU.ActiveCfg = Debug|Win32
		{65021938-D251-46FA-BC3D-85C385D4C06D}.Debug|Mixed Platforms.ActiveCfg = Debug|Win32
		{65021938-D251-46FA-BC3D-85C385D4C06D}.Debug|Mixed Platforms.Build.0 = Debug|Win32
		{65021938-D251-46FA-BC3D-85C385D4C06D}.Debug|Win32.ActiveCfg = Debug|Win32
		{65021938-D251-46FA-BC3D-85C385D4C06D}.Debug|Win32.Build.0 = Debug|Win32
		{65021938-D251-46FA-BC3D-85C385D4C06D}.Debug|x64.ActiveCfg = Debug|x64
		{65021938-D251-46FA-BC3D-85C385D4C06D}.Debug|x64.Build.0 = Debug|x64
		{65021938-D251-46FA-BC3D-85C385D4C06D}.Debug|x86.ActiveCfg = Debug|Win32
		{65021938-D251-46FA-BC3D-85C385D4C06D}.Debug|x86.Build.0 = Debug|Win32
		{65021938-D251-46FA-BC3D-85C385D4C06D}.Release|Any CPU.ActiveCfg = Release|Win32
		{65021938-D251-46FA-BC3D-85C385D4C06D}.Release|Mixed Platforms.ActiveCfg = Release|Win32
		{65021938-D251-46FA-BC3D-85C385D4C06D}.Release|Mixed Platforms.Build.0 = Release|Win32
		{65021938-D251-46FA-BC3D-85C385D4C06D}.Release|Win32.ActiveCfg = Release|Win32
		{65021938-D251-46FA-BC3D-85C385D4C06D}.Release|Win32.Build.0 = Release|Win32
		{65021938-D251-46FA-BC3D-85C385D4C06D}.Release|x64.ActiveCfg = Release|x64
		{65021938-D251-46FA-BC3D-85C385D4C06D}.Release|x64.Build.0 = Release|x64
		{65021938-D251-46FA-BC3D-85C385D4C06D}.Release|x86.ActiveCfg = Release|Win32
		{65021938-D251-46FA-BC3D-85C385D4C06D}.Release|x86.Build.0 = Release|Win32
		{65021938-D251-46FA-BC3D-85C385D4C06D}.SaveEdit Packaging|Any CPU.ActiveCfg = Release|Win32
		{65021938-D251-46FA-BC3D-85C385D4C06D}.SaveEdit Packaging|Mixed Platforms.ActiveCfg = Release|Win32
		{65021938-D251-46FA-BC3D-85C385D4C06D}.SaveEdit Packaging|Mixed Platforms.Build.0 = Release|Win32
		{65021938-D251-46FA-BC3D-85C385D4C06D}.SaveEdit Packaging|Win32.ActiveCfg = Release|Win32
		{65021938-D251-46FA-BC3D-85C385D4C06D}.SaveEdit Packaging|Win32.Build.0 = Release|Win32
		{65021938-D251-46FA-BC3D-85C385D4C06D}.SaveEdit Packaging|x64.ActiveCfg = Release|x64
		{65021938-D251-46FA-BC3D-85C385D4C06D}.SaveEdit Packaging|x64.Build.0 = Release|x64
		{65021938-D251-46FA-BC3D-85C385D4C06D}.SaveEdit Packaging|x86.ActiveCfg = Release|Win32
		{65021938-D251-46FA-BC3D-85C385D4C06D}.SaveEdit Packaging|x86.Build.0 = Release|Win32
		{65021938-D251-46FA-BC3D-85C385D4C06D}.TestDebug|Any CPU.ActiveCfg = Debug|Win32
		{65021938-D251-46FA-BC3D-85C385D4C06D}.TestDebug|Mixed Platforms.ActiveCfg = Debug|Win32
		{65021938-D251-46FA-BC3D-85C385D4C06D}.TestDebug|Mixed Platforms.Build.0 = Debug|Win32
		{65021938-D251-46FA-BC3D-85C385D4C06D}.TestDebug|Win32.ActiveCfg = Debug|Win32
		{65021938-D251-46FA-BC3D-85C385D4C06D}.TestDebug|Win32.Build.0 = Debug|Win32
		{65021938-D251-46FA-BC3D-85C385D4C06D}.TestDebug|x64.ActiveCfg = Debug|x64
		{65021938-D251-46FA-BC3D-85C385D4C06D}.TestDebug|x64.Build.0 = Debug|x64
		{65021938-D251-46FA-BC3D-85C385D4C06D}.TestDebug|x86.ActiveCfg = Debug|Win32
		{65021938-D251-46FA-BC3D-85C385D4C06D}.TestDebug|x86.Build.0 = Debug|Win32
		{9425086A-70C5-43FA-B9AF-139924565FA0}.Debug|Any CPU.ActiveCfg = Debug|Win32
		{9425086A-70C5-43FA-B9AF-139924565FA0}.Debug|Mixed Platforms.ActiveCfg = Debug|Win32
		{9425086A-70C5-43FA-B9AF-139924565FA0}.Debug|Mixed Platforms.Build.0 = Debug|Win32
		{9425086A-70C5-43FA-B9AF-139924565FA0}.Debug|Win32.ActiveCfg = Debug|Win32
		{9425086A-70C5-43FA-B9AF-139924565FA0}.Debug|Win32.Build.0 = Debug|Win32
		{9425086A-70C5-43FA-B9AF-139924565FA0}.Debug|x64.ActiveCfg = Debug|x64
		{9425086A-70C5-43FA-B9AF-139924565FA0}.Debug|x64.Build.0 = Debug|x64
		{9425086A-70C5-43FA-B9AF-139924565FA0}.Debug|x86.ActiveCfg = Debug|Win32
		{9425086A-70C5-43FA-B9AF-139924565FA0}.Debug|x86.Build.0 = Debug|Win32
		{9425086A-70C5-43FA-B9AF-139924565FA0}.Release|Any CPU.ActiveCfg = Release|Win32
		{9425086A-70C5-43FA-B9AF-139924565FA0}.Release|Mixed Platforms.ActiveCfg = Release|Win32
		{9425086A-70C5-43FA-B9AF-139924565FA0}.Release|Mixed Platforms.Build.0 = Release|Win32
		{9425086A-70C5-43FA-B9AF-139924565FA0}.Release|Win32.ActiveCfg = Release|Win32
		{9425086A-70C5-43FA-B9AF-139924565FA0}.Release|Win32.Build.0 = Release|Win32
		{9425086A-70C5-43FA-B9AF-139924565FA0}.Release|x64.ActiveCfg = Release|x64
		{9425086A-70C5-43FA-B9AF-139924565FA0}.Release|x64.Build.0 = Release|x64
		{9425086A-70C5-43FA-B9AF-139924565FA0}.Release|x86.ActiveCfg = Release|Win32
		{9425086A-70C5-43FA-B9AF-139924565FA0}.Release|x86.Build.0 = Release|Win32
		{9425086A-70C5-43FA-B9AF-139924565FA0}.SaveEdit Packaging|Any CPU.ActiveCfg = Release|Win32
		{9425086A-70C5-43FA-B9AF-139924565FA0}.SaveEdit Packaging|Mixed Platforms.ActiveCfg = Release|Win32
		{9425086A-70C5-43FA-B9AF-139924565FA0}.SaveEdit Packaging|Win32.ActiveCfg = Release|Win32
		{9425086A-70C5-43FA-B9AF-139924565FA0}.SaveEdit Packaging|x64.ActiveCfg = Release|x64
		{9425086A-70C5-43FA-B9AF-139924565FA0}.SaveEdit Packaging|x86.ActiveCfg = Release|Win32
		{9425086A-70C5-43FA-B9AF-139924565FA0}.TestDebug|Any CPU.ActiveCfg = Debug|Win32
		{9425086A-70C5-43FA-B9AF-139924565FA0}.TestDebug|Mixed Platforms.ActiveCfg = Debug|Win32
		{9425086A-70C5-43FA-B9AF-139924565FA0}.TestDebug|Mixed Platforms.Build.0 = Debug|Win32
		{9425086A-70C5-43FA-B9AF-139924565FA0}.TestDebug|Win32.ActiveCfg = Debug|Win32
		{9425086A-70C5-43FA-B9AF-139924565FA0}.TestDebug|Win32.Build.0 = Debug|Win32
		{9425086A-70C5-43FA-B9AF-139924565FA0}.TestDebug|x64.ActiveCfg = Debug|x64
		{9425086A-70C5-43FA-B9AF-139924565FA0}.TestDebug|x64.Build.0 = Debug|x64
		{9425086A-70C5-43FA-B9AF-139924565FA0}.TestDebug|x86.ActiveCfg = Debug|Win32
		{9425086A-70C5-43FA-B9AF-139924565FA0}.TestDebug|x86.Build.0 = Debug|Win32
		{C230B6C3-915F-4AD8-9D8B-41509A8FED35}.Debug|Any CPU.ActiveCfg = Debug|Win32
		{C230B6C3-915F-4AD8-9D8B-41509A8FED35}.Debug|Mixed Platforms.ActiveCfg = Debug|Win32
		{C230B6C3-915F-4AD8-9D8B-41509A8FED35}.Debug|Mixed Platforms.Build.0 = Debug|Win32
		{C230B6C3-915F-4AD8-9D8B-41509A8FED35}.Debug|Win32.ActiveCfg = Debug|Win32
		{C230B6C3-915F-4AD8-9D8B-41509A8FED35}.Debug|Win32.Build.0 = Debug|Win32
		{C230B6C3-915F-4AD8-9D8B-41509A8FED35}.Debug|x64.ActiveCfg = Debug|x64
		{C230B6C3-915F-4AD8-9D8B-41509A8FED35}.Debug|x64.Build.0 = Debug|x64
		{C230B6C3-915F-4AD8-9D8B-41509A8FED35}.Debug|x86.ActiveCfg = Debug|Win32
		{C230B6C3-915F-4AD8-9D8B-41509A8FED35}.Debug|x86.Build.0 = Debug|Win32
		{C230B6C3-915F-4AD8-9D8B-41509A8FED35}.Release|Any CPU.ActiveCfg = Release|Win32
		{C230B6C3-915F-4AD8-9D8B-41509A8FED35}.Release|Mixed Platforms.ActiveCfg = Release|Win32
		{C230B6C3-915F-4AD8-9D8B-41509A8FED35}.Release|Mixed Platforms.Build.0 = Release|Win32
		{C230B6C3-915F-4AD8-9D8B-41509A8FED35}.Release|Win32.ActiveCfg = Release|Win32
		{C230B6C3-915F-4AD8-9D8B-41509A8FED35}.Release|Win32.Build.0 = Release|Win32
		{C230B6C3-915F-4AD8-9D8B-41509A8FED35}.Release|x64.ActiveCfg = Release|x64
		{C230B6C3-915F-4AD8-9D8B-41509A8FED35}.Release|x64.Build.0 = Release|x64
		{C230B6C3-915F-4AD8-9D8B-41509A8FED35}.Release|x86.ActiveCfg = Release|Win32
		{C230B6C3-915F-4AD8-9D8B-41509A8FED35}.Release|x86.Build.0 = Release|Win32
		{C230B6C3-915F-4AD8-9D8B-41509A8FED35}.SaveEdit Packaging|Any CPU.ActiveCfg = Release|Win32
		{C230B6C3-915F-4AD8-9D8B-41509A8FED35}.SaveEdit Packaging|Mixed Platforms.ActiveCfg = Release|Win32
		{C230B6C3-915F-4AD8-9D8B-41509A8FED35}.SaveEdit Packaging|Win32.ActiveCfg = Release|Win32
		{C230B6C3-915F-4AD8-9D8B-41509A8FED35}.SaveEdit Packaging|x64.ActiveCfg = Release|x64
		{C230B6C3-915F-4AD8-9D8B-41509A8FED35}.SaveEdit Packaging|x86.ActiveCfg = Release|Win32
		{C230B6C3-915F-4AD8-9D8B-41509A8FED35}.TestDebug|Any CPU.ActiveCfg = Debug|Win32
		{C230B6C3-915F-4AD8-9D8B-41509A8FED35}.TestDebug|Mixed Platforms.ActiveCfg = Debug|Win32
		{C230B6C3-915F-4AD8-9D8B-41509A8FED35}.TestDebug|Mixed Platforms.Build.0 = Debug|Win32
		{C230B6C3-915F-4AD8-9D8B-41509A8FED35}.TestDebug|Win32.ActiveCfg = Debug|Win32
		{C230B6C3-915F-4AD8-9D8B-41509A8FED35}.TestDebug|Win32.Build.0 = Debug|Win32
		{C230B6C3-915F-4AD8-9D8B-41509A8FED35}.TestDebug|x64.ActiveCfg = Debug|x64
		{C230B6C3-915F-4AD8-9D8B-41509A8FED35}.TestDebug|x64.Build.0 = Debug|x64
		{C230B6C3-915F-4AD8-9D8B-41509A8FED35}.TestDebug|x86.ActiveCfg = Debug|Win32
		{C230B6C3-915F-4AD8-9D8B-41509A8FED35}.TestDebug|x86.Build.0 = Debug|Win32
		{4E3EC1F9-04DD-4A20-AFBC-E67391624144}.Debug|Any CPU.ActiveCfg = Debug|Win32
		{4E3EC1F9-04DD-4A20-AFBC-E67391624144}.Debug|Mixed Platforms.ActiveCfg = Debug|Win32
		{4E3EC1F9-04DD-4A20-AFBC-E67391624144}.Debug|Mixed Platforms.Build.0 = Debug|Win32
		{4E3EC1F9-04DD-4A20-AFBC-E67391624144}.Debug|Win32.ActiveCfg = Debug|Win32
		{4E3EC1F9-04DD-4A20-AFBC-E67391624144}.Debug|Win32.Build.0 = Debug|Win32
		{4E3EC1F9-04DD-4A20-AFBC-E67391624144}.Debug|x64.ActiveCfg = Debug|x64
		{4E3EC1F9-04DD-4A20-AFBC-E67391624144}.Debug|x64.Build.0 = Debug|x64
		{4E3EC1F9-04DD-4A20-AFBC-E67391624144}.Debug|x86.ActiveCfg = Debug|Win32
		{4E3EC1F9-04DD-4A20-AFBC-E67391624144}.Debug|x86.Build.0 = Debug|Win32
		{4E3EC1F9-04DD-4A20-AFBC-E67391624144}.Release|Any CPU.ActiveCfg = Release|Win32
		{4E3EC1F9-04DD-4A20-AFBC-E67391624144}.Release|Mixed Platforms.ActiveCfg = Release|Win32
		{4E3EC1F9-04DD-4A20-AFBC-E67391624144}.Release|Mixed Platforms.Build.0 = Release|Win32
		{4E3EC1F9-04DD-4A20-AFBC-E67391624144}.Release|Win32.ActiveCfg = Release|Win32
		{4E3EC1F9-04DD-4A20-AFBC-E67391624144}.Release|Win32.Build.0 = Release|Win32
		{4E3EC1F9-04DD-4A20-AFBC-E67391624144}.Release|x64.ActiveCfg = Release|x64
		{4E3EC1F9-04DD-4A20-AFBC-E67391624144}.Release|x64.Build.0 = Release|x64
		{4E3EC1F9-04DD-4A20-AFBC-E67391624144}.Release|x86.ActiveCfg = Release|Win32
		{4E3EC1F9-04DD-4A20-AFBC-E67391624144}.Release|x86.Build.0 = Release|Win32
		{4E3EC1F9-04DD-4A20-AFBC-E67391624144}.SaveEdit Packaging|Any CPU.ActiveCfg = Release|Win32
		{4E3EC1F9-04DD-4A20-AFBC-E67391624144}.SaveEdit Packaging|Mixed Platforms.ActiveCfg = Release|Win32
		{4E3EC1F9-04DD-4A20-AFBC-E67391624144}.SaveEdit Packaging|Win32.ActiveCfg = Release|Win32
		{4E3EC1F9-04DD-4A20-AFBC-E67391624144}.SaveEdit Packaging|x64.ActiveCfg = Release|x64
		{4E3EC1F9-04DD-4A20-AFBC-E67391624144}.SaveEdit Packaging|x86.ActiveCfg = Release|Win32
		{4E3EC1F9-04DD-4A20-AFBC-E67391624144}.TestDebug|Any CPU.ActiveCfg = Debug|Win32
		{4E3EC1F9-04DD-4A20-AFBC-E67391624144}.TestDebug|Mixed Platforms.ActiveCfg = Debug|Win32
		{4E3EC1F9-04DD-4A20-AFBC-E67391624144}.TestDebug|Mixed Platforms.Build.0 = Debug|Win32
		{4E3EC1F9-04DD-4A20-AFBC-E67391624144}.TestDebug|Win32.ActiveCfg = Debug|Win32
		{4E3EC1F9-04DD-4A20-AFBC-E67391624144}.TestDebug|Win32.Build.0 = Debug|Win32
		{4E3EC1F9-04DD-4A20-AFBC-E67391624144}.TestDebug|x64.ActiveCfg = Debug|x64
		{4E3EC1F9-04DD-4A20-AFBC-E67391624144}.TestDebug|x64.Build.0 = Debug|x64
		{4E3EC1F9-04DD-4A20-AFBC-E67391624144}.TestDebug|x86.ActiveCfg = Debug|Win32
		{4E3EC1F9-04DD-4A20-AFBC-E67391624144}.TestDebug|x86.Build.0 = Debug|Win32
		{7B7F4650-BF10-4488-87D4-D1B49C47B906}.Debug|Any CPU.ActiveCfg = Debug|Any CPU
		{7B7F4650-BF10-4488-87D4-D1B49C47B906}.Debug|Any CPU.Build.0 = Debug|Any CPU
		{7B7F4650-BF10-4488-87D4-D1B49C47B906}.Debug|Mixed Platforms.ActiveCfg = Debug|Any CPU
		{7B7F4650-BF10-4488-87D4-D1B49C47B906}.Debug|Mixed Platforms.Build.0 = Debug|Any CPU
		{7B7F4650-BF10-4488-87D4-D1B49C47B906}.Debug|Win32.ActiveCfg = Debug|Any CPU
		{7B7F4650-BF10-4488-87D4-D1B49C47B906}.Debug|x64.ActiveCfg = Debug|Any CPU
		{7B7F4650-BF10-4488-87D4-D1B49C47B906}.Debug|x86.ActiveCfg = Debug|Any CPU
		{7B7F4650-BF10-4488-87D4-D1B49C47B906}.Release|Any CPU.ActiveCfg = Release|Any CPU
		{7B7F4650-BF10-4488-87D4-D1B49C47B906}.Release|Any CPU.Build.0 = Release|Any CPU
		{7B7F4650-BF10-4488-87D4-D1B49C47B906}.Release|Mixed Platforms.ActiveCfg = Release|Any CPU
		{7B7F4650-BF10-4488-87D4-D1B49C47B906}.Release|Mixed Platforms.Build.0 = Release|Any CPU
		{7B7F4650-BF10-4488-87D4-D1B49C47B906}.Release|Win32.ActiveCfg = Release|Any CPU
		{7B7F4650-BF10-4488-87D4-D1B49C47B906}.Release|x64.ActiveCfg = Release|Any CPU
		{7B7F4650-BF10-4488-87D4-D1B49C47B906}.Release|x86.ActiveCfg = Release|Any CPU
		{7B7F4650-BF10-4488-87D4-D1B49C47B906}.SaveEdit Packaging|Any CPU.ActiveCfg = Release|Any CPU
		{7B7F4650-BF10-4488-87D4-D1B49C47B906}.SaveEdit Packaging|Any CPU.Build.0 = Release|Any CPU
		{7B7F4650-BF10-4488-87D4-D1B49C47B906}.SaveEdit Packaging|Mixed Platforms.ActiveCfg = Release|Any CPU
		{7B7F4650-BF10-4488-87D4-D1B49C47B906}.SaveEdit Packaging|Mixed Platforms.Build.0 = Release|Any CPU
		{7B7F4650-BF10-4488-87D4-D1B49C47B906}.SaveEdit Packaging|Win32.ActiveCfg = Release|Any CPU
		{7B7F4650-BF10-4488-87D4-D1B49C47B906}.SaveEdit Packaging|x64.ActiveCfg = Release|Any CPU
		{7B7F4650-BF10-4488-87D4-D1B49C47B906}.SaveEdit Packaging|x86.ActiveCfg = Release|Any CPU
		{7B7F4650-BF10-4488-87D4-D1B49C47B906}.TestDebug|Any CPU.ActiveCfg = Debug|Any CPU
		{7B7F4650-BF10-4488-87D4-D1B49C47B906}.TestDebug|Any CPU.Build.0 = Debug|Any CPU
		{7B7F4650-BF10-4488-87D4-D1B49C47B906}.TestDebug|Mixed Platforms.ActiveCfg = Debug|Any CPU
		{7B7F4650-BF10-4488-87D4-D1B49C47B906}.TestDebug|Mixed Platforms.Build.0 = Debug|Any CPU
		{7B7F4650-BF10-4488-87D4-D1B49C47B906}.TestDebug|Win32.ActiveCfg = Debug|Any CPU
		{7B7F4650-BF10-4488-87D4-D1B49C47B906}.TestDebug|x64.ActiveCfg = Debug|Any CPU
		{7B7F4650-BF10-4488-87D4-D1B49C47B906}.TestDebug|x86.ActiveCfg = Debug|Any CPU
		{75063A4E-0024-4B68-BE6C-1B3D52FD4845}.Debug|Any CPU.ActiveCfg = Debug|Any CPU
		{75063A4E-0024-4B68-BE6C-1B3D52FD4845}.Debug|Any CPU.Build.0 = Debug|Any CPU
		{75063A4E-0024-4B68-BE6C-1B3D52FD4845}.Debug|Mixed Platforms.ActiveCfg = Debug|Any CPU
		{75063A4E-0024-4B68-BE6C-1B3D52FD4845}.Debug|Mixed Platforms.Build.0 = Debug|Any CPU
		{75063A4E-0024-4B68-BE6C-1B3D52FD4845}.Debug|Win32.ActiveCfg = Debug|Any CPU
		{75063A4E-0024-4B68-BE6C-1B3D52FD4845}.Debug|x64.ActiveCfg = Debug|Any CPU
		{75063A4E-0024-4B68-BE6C-1B3D52FD4845}.Debug|x86.ActiveCfg = Debug|Any CPU
		{75063A4E-0024-4B68-BE6C-1B3D52FD4845}.Release|Any CPU.ActiveCfg = Release|Any CPU
		{75063A4E-0024-4B68-BE6C-1B3D52FD4845}.Release|Any CPU.Build.0 = Release|Any CPU
		{75063A4E-0024-4B68-BE6C-1B3D52FD4845}.Release|Mixed Platforms.ActiveCfg = Release|Any CPU
		{75063A4E-0024-4B68-BE6C-1B3D52FD4845}.Release|Mixed Platforms.Build.0 = Release|Any CPU
		{75063A4E-0024-4B68-BE6C-1B3D52FD4845}.Release|Win32.ActiveCfg = Release|Any CPU
		{75063A4E-0024-4B68-BE6C-1B3D52FD4845}.Release|x64.ActiveCfg = Release|Any CPU
		{75063A4E-0024-4B68-BE6C-1B3D52FD4845}.Release|x86.ActiveCfg = Release|Any CPU
		{75063A4E-0024-4B68-BE6C-1B3D52FD4845}.SaveEdit Packaging|Any CPU.ActiveCfg = Release|Any CPU
		{75063A4E-0024-4B68-BE6C-1B3D52FD4845}.SaveEdit Packaging|Any CPU.Build.0 = Release|Any CPU
		{75063A4E-0024-4B68-BE6C-1B3D52FD4845}.SaveEdit Packaging|Mixed Platforms.ActiveCfg = Release|Any CPU
		{75063A4E-0024-4B68-BE6C-1B3D52FD4845}.SaveEdit Packaging|Win32.ActiveCfg = Release|Any CPU
		{75063A4E-0024-4B68-BE6C-1B3D52FD4845}.SaveEdit Packaging|x64.ActiveCfg = Release|Any CPU
		{75063A4E-0024-4B68-BE6C-1B3D52FD4845}.SaveEdit Packaging|x86.ActiveCfg = Release|Any CPU
		{75063A4E-0024-4B68-BE6C-1B3D52FD4845}.TestDebug|Any CPU.ActiveCfg = Debug|Any CPU
		{75063A4E-0024-4B68-BE6C-1B3D52FD4845}.TestDebug|Any CPU.Build.0 = Debug|Any CPU
		{75063A4E-0024-4B68-BE6C-1B3D52FD4845}.TestDebug|Mixed Platforms.ActiveCfg = Debug|Any CPU
		{75063A4E-0024-4B68-BE6C-1B3D52FD4845}.TestDebug|Mixed Platforms.Build.0 = Debug|Any CPU
		{75063A4E-0024-4B68-BE6C-1B3D52FD4845}.TestDebug|Win32.ActiveCfg = Debug|Any CPU
		{75063A4E-0024-4B68-BE6C-1B3D52FD4845}.TestDebug|x64.ActiveCfg = Debug|Any CPU
		{75063A4E-0024-4B68-BE6C-1B3D52FD4845}.TestDebug|x86.ActiveCfg = Debug|Any CPU
		{35F7B4EF-181C-4397-B014-E28891A2288D}.Debug|Any CPU.ActiveCfg = Debug|x86
		{35F7B4EF-181C-4397-B014-E28891A2288D}.Debug|Mixed Platforms.ActiveCfg = Debug|x86
		{35F7B4EF-181C-4397-B014-E28891A2288D}.Debug|Mixed Platforms.Build.0 = Debug|x86
		{35F7B4EF-181C-4397-B014-E28891A2288D}.Debug|Win32.ActiveCfg = Debug|x86
		{35F7B4EF-181C-4397-B014-E28891A2288D}.Debug|Win32.Build.0 = Debug|x86
		{35F7B4EF-181C-4397-B014-E28891A2288D}.Debug|x64.ActiveCfg = Debug|x86
		{35F7B4EF-181C-4397-B014-E28891A2288D}.Debug|x86.ActiveCfg = Debug|x86
		{35F7B4EF-181C-4397-B014-E28891A2288D}.Debug|x86.Build.0 = Debug|x86
		{35F7B4EF-181C-4397-B014-E28891A2288D}.Release|Any CPU.ActiveCfg = Release|x86
		{35F7B4EF-181C-4397-B014-E28891A2288D}.Release|Mixed Platforms.ActiveCfg = Release|x86
		{35F7B4EF-181C-4397-B014-E28891A2288D}.Release|Mixed Platforms.Build.0 = Release|x86
		{35F7B4EF-181C-4397-B014-E28891A2288D}.Release|Win32.ActiveCfg = Release|x86
		{35F7B4EF-181C-4397-B014-E28891A2288D}.Release|Win32.Build.0 = Release|x86
		{35F7B4EF-181C-4397-B014-E28891A2288D}.Release|x64.ActiveCfg = Release|x86
		{35F7B4EF-181C-4397-B014-E28891A2288D}.Release|x86.ActiveCfg = Release|x86
		{35F7B4EF-181C-4397-B014-E28891A2288D}.Release|x86.Build.0 = Release|x86
		{35F7B4EF-181C-4397-B014-E28891A2288D}.SaveEdit Packaging|Any CPU.ActiveCfg = Release|x86
		{35F7B4EF-181C-4397-B014-E28891A2288D}.SaveEdit Packaging|Mixed Platforms.ActiveCfg = Release|x86
		{35F7B4EF-181C-4397-B014-E28891A2288D}.SaveEdit Packaging|Win32.ActiveCfg = Release|x86
		{35F7B4EF-181C-4397-B014-E28891A2288D}.SaveEdit Packaging|Win32.Build.0 = Release|x86
		{35F7B4EF-181C-4397-B014-E28891A2288D}.SaveEdit Packaging|x64.ActiveCfg = Release|x86
		{35F7B4EF-181C-4397-B014-E28891A2288D}.SaveEdit Packaging|x86.ActiveCfg = Release|x86
		{35F7B4EF-181C-4397-B014-E28891A2288D}.SaveEdit Packaging|x86.Build.0 = Release|x86
		{35F7B4EF-181C-4397-B014-E28891A2288D}.TestDebug|Any CPU.ActiveCfg = Debug|x86
		{35F7B4EF-181C-4397-B014-E28891A2288D}.TestDebug|Mixed Platforms.ActiveCfg = Debug|x86
		{35F7B4EF-181C-4397-B014-E28891A2288D}.TestDebug|Mixed Platforms.Build.0 = Debug|x86
		{35F7B4EF-181C-4397-B014-E28891A2288D}.TestDebug|Win32.ActiveCfg = Debug|x86
		{35F7B4EF-181C-4397-B014-E28891A2288D}.TestDebug|Win32.Build.0 = Debug|x86
		{35F7B4EF-181C-4397-B014-E28891A2288D}.TestDebug|x64.ActiveCfg = Debug|x86
		{35F7B4EF-181C-4397-B014-E28891A2288D}.TestDebug|x86.ActiveCfg = Debug|x86
		{35F7B4EF-181C-4397-B014-E28891A2288D}.TestDebug|x86.Build.0 = Debug|x86
		{047857BA-DAA3-4CA7-AFB8-A1B082B28C6A}.Debug|Any CPU.ActiveCfg = Debug|Any CPU
		{047857BA-DAA3-4CA7-AFB8-A1B082B28C6A}.Debug|Any CPU.Build.0 = Debug|Any CPU
		{047857BA-DAA3-4CA7-AFB8-A1B082B28C6A}.Debug|Mixed Platforms.ActiveCfg = Debug|Any CPU
		{047857BA-DAA3-4CA7-AFB8-A1B082B28C6A}.Debug|Mixed Platforms.Build.0 = Debug|Any CPU
		{047857BA-DAA3-4CA7-AFB8-A1B082B28C6A}.Debug|Win32.ActiveCfg = Debug|Any CPU
		{047857BA-DAA3-4CA7-AFB8-A1B082B28C6A}.Debug|x64.ActiveCfg = Debug|Any CPU
		{047857BA-DAA3-4CA7-AFB8-A1B082B28C6A}.Debug|x86.ActiveCfg = Debug|Any CPU
		{047857BA-DAA3-4CA7-AFB8-A1B082B28C6A}.Release|Any CPU.ActiveCfg = Release|Any CPU
		{047857BA-DAA3-4CA7-AFB8-A1B082B28C6A}.Release|Any CPU.Build.0 = Release|Any CPU
		{047857BA-DAA3-4CA7-AFB8-A1B082B28C6A}.Release|Mixed Platforms.ActiveCfg = Release|Any CPU
		{047857BA-DAA3-4CA7-AFB8-A1B082B28C6A}.Release|Mixed Platforms.Build.0 = Release|Any CPU
		{047857BA-DAA3-4CA7-AFB8-A1B082B28C6A}.Release|Win32.ActiveCfg = Release|Any CPU
		{047857BA-DAA3-4CA7-AFB8-A1B082B28C6A}.Release|x64.ActiveCfg = Release|Any CPU
		{047857BA-DAA3-4CA7-AFB8-A1B082B28C6A}.Release|x86.ActiveCfg = Release|Any CPU
		{047857BA-DAA3-4CA7-AFB8-A1B082B28C6A}.SaveEdit Packaging|Any CPU.ActiveCfg = Release|Any CPU
		{047857BA-DAA3-4CA7-AFB8-A1B082B28C6A}.SaveEdit Packaging|Any CPU.Build.0 = Release|Any CPU
		{047857BA-DAA3-4CA7-AFB8-A1B082B28C6A}.SaveEdit Packaging|Mixed Platforms.ActiveCfg = Release|Any CPU
		{047857BA-DAA3-4CA7-AFB8-A1B082B28C6A}.SaveEdit Packaging|Win32.ActiveCfg = Release|Any CPU
		{047857BA-DAA3-4CA7-AFB8-A1B082B28C6A}.SaveEdit Packaging|x64.ActiveCfg = Release|Any CPU
		{047857BA-DAA3-4CA7-AFB8-A1B082B28C6A}.SaveEdit Packaging|x86.ActiveCfg = Release|Any CPU
		{047857BA-DAA3-4CA7-AFB8-A1B082B28C6A}.TestDebug|Any CPU.ActiveCfg = Debug|Any CPU
		{047857BA-DAA3-4CA7-AFB8-A1B082B28C6A}.TestDebug|Any CPU.Build.0 = Debug|Any CPU
		{047857BA-DAA3-4CA7-AFB8-A1B082B28C6A}.TestDebug|Mixed Platforms.ActiveCfg = Debug|Any CPU
		{047857BA-DAA3-4CA7-AFB8-A1B082B28C6A}.TestDebug|Mixed Platforms.Build.0 = Debug|Any CPU
		{047857BA-DAA3-4CA7-AFB8-A1B082B28C6A}.TestDebug|Win32.ActiveCfg = Debug|Any CPU
		{047857BA-DAA3-4CA7-AFB8-A1B082B28C6A}.TestDebug|x64.ActiveCfg = Debug|Any CPU
		{047857BA-DAA3-4CA7-AFB8-A1B082B28C6A}.TestDebug|x86.ActiveCfg = Debug|Any CPU
		{C98A6CD6-9422-4B35-8B7A-F520D75534D1}.Debug|Any CPU.ActiveCfg = Debug|Any CPU
		{C98A6CD6-9422-4B35-8B7A-F520D75534D1}.Debug|Any CPU.Build.0 = Debug|Any CPU
		{C98A6CD6-9422-4B35-8B7A-F520D75534D1}.Debug|Mixed Platforms.ActiveCfg = Debug|Any CPU
		{C98A6CD6-9422-4B35-8B7A-F520D75534D1}.Debug|Mixed Platforms.Build.0 = Debug|Any CPU
		{C98A6CD6-9422-4B35-8B7A-F520D75534D1}.Debug|Win32.ActiveCfg = Debug|Any CPU
		{C98A6CD6-9422-4B35-8B7A-F520D75534D1}.Debug|x64.ActiveCfg = Debug|Any CPU
		{C98A6CD6-9422-4B35-8B7A-F520D75534D1}.Debug|x86.ActiveCfg = Debug|Any CPU
		{C98A6CD6-9422-4B35-8B7A-F520D75534D1}.Release|Any CPU.ActiveCfg = Release|Any CPU
		{C98A6CD6-9422-4B35-8B7A-F520D75534D1}.Release|Any CPU.Build.0 = Release|Any CPU
		{C98A6CD6-9422-4B35-8B7A-F520D75534D1}.Release|Mixed Platforms.ActiveCfg = Release|Any CPU
		{C98A6CD6-9422-4B35-8B7A-F520D75534D1}.Release|Mixed Platforms.Build.0 = Release|Any CPU
		{C98A6CD6-9422-4B35-8B7A-F520D75534D1}.Release|Win32.ActiveCfg = Release|Any CPU
		{C98A6CD6-9422-4B35-8B7A-F520D75534D1}.Release|x64.ActiveCfg = Release|Any CPU
		{C98A6CD6-9422-4B35-8B7A-F520D75534D1}.Release|x86.ActiveCfg = Release|Any CPU
		{C98A6CD6-9422-4B35-8B7A-F520D75534D1}.SaveEdit Packaging|Any CPU.ActiveCfg = Release|Any CPU
		{C98A6CD6-9422-4B35-8B7A-F520D75534D1}.SaveEdit Packaging|Any CPU.Build.0 = Release|Any CPU
		{C98A6CD6-9422-4B35-8B7A-F520D75534D1}.SaveEdit Packaging|Mixed Platforms.ActiveCfg = Release|Any CPU
		{C98A6CD6-9422-4B35-8B7A-F520D75534D1}.SaveEdit Packaging|Win32.ActiveCfg = Release|Any CPU
		{C98A6CD6-9422-4B35-8B7A-F520D75534D1}.SaveEdit Packaging|x64.ActiveCfg = Release|Any CPU
		{C98A6CD6-9422-4B35-8B7A-F520D75534D1}.SaveEdit Packaging|x86.ActiveCfg = Release|Any CPU
		{C98A6CD6-9422-4B35-8B7A-F520D75534D1}.TestDebug|Any CPU.ActiveCfg = Debug|Any CPU
		{C98A6CD6-9422-4B35-8B7A-F520D75534D1}.TestDebug|Any CPU.Build.0 = Debug|Any CPU
		{C98A6CD6-9422-4B35-8B7A-F520D75534D1}.TestDebug|Mixed Platforms.ActiveCfg = Debug|Any CPU
		{C98A6CD6-9422-4B35-8B7A-F520D75534D1}.TestDebug|Mixed Platforms.Build.0 = Debug|Any CPU
		{C98A6CD6-9422-4B35-8B7A-F520D75534D1}.TestDebug|Win32.ActiveCfg = Debug|Any CPU
		{C98A6CD6-9422-4B35-8B7A-F520D75534D1}.TestDebug|x64.ActiveCfg = Debug|Any CPU
		{C98A6CD6-9422-4B35-8B7A-F520D75534D1}.TestDebug|x86.ActiveCfg = Debug|Any CPU
		{17A51353-4224-43DC-91FE-A1407BD318EC}.Debug|Any CPU.ActiveCfg = Debug|Any CPU
		{17A51353-4224-43DC-91FE-A1407BD318EC}.Debug|Any CPU.Build.0 = Debug|Any CPU
		{17A51353-4224-43DC-91FE-A1407BD318EC}.Debug|Mixed Platforms.ActiveCfg = Debug|Any CPU
		{17A51353-4224-43DC-91FE-A1407BD318EC}.Debug|Mixed Platforms.Build.0 = Debug|Any CPU
		{17A51353-4224-43DC-91FE-A1407BD318EC}.Debug|Win32.ActiveCfg = Debug|Any CPU
		{17A51353-4224-43DC-91FE-A1407BD318EC}.Debug|x64.ActiveCfg = Debug|Any CPU
		{17A51353-4224-43DC-91FE-A1407BD318EC}.Debug|x86.ActiveCfg = Debug|Any CPU
		{17A51353-4224-43DC-91FE-A1407BD318EC}.Release|Any CPU.ActiveCfg = Release|Any CPU
		{17A51353-4224-43DC-91FE-A1407BD318EC}.Release|Any CPU.Build.0 = Release|Any CPU
		{17A51353-4224-43DC-91FE-A1407BD318EC}.Release|Mixed Platforms.ActiveCfg = Release|Any CPU
		{17A51353-4224-43DC-91FE-A1407BD318EC}.Release|Mixed Platforms.Build.0 = Release|Any CPU
		{17A51353-4224-43DC-91FE-A1407BD318EC}.Release|Win32.ActiveCfg = Release|Any CPU
		{17A51353-4224-43DC-91FE-A1407BD318EC}.Release|x64.ActiveCfg = Release|Any CPU
		{17A51353-4224-43DC-91FE-A1407BD318EC}.Release|x86.ActiveCfg = Release|Any CPU
		{17A51353-4224-43DC-91FE-A1407BD318EC}.SaveEdit Packaging|Any CPU.ActiveCfg = Release|Any CPU
		{17A51353-4224-43DC-91FE-A1407BD318EC}.SaveEdit Packaging|Any CPU.Build.0 = Release|Any CPU
		{17A51353-4224-43DC-91FE-A1407BD318EC}.SaveEdit Packaging|Mixed Platforms.ActiveCfg = Release|Any CPU
		{17A51353-4224-43DC-91FE-A1407BD318EC}.SaveEdit Packaging|Win32.ActiveCfg = Release|Any CPU
		{17A51353-4224-43DC-91FE-A1407BD318EC}.SaveEdit Packaging|x64.ActiveCfg = Release|Any CPU
		{17A51353-4224-43DC-91FE-A1407BD318EC}.SaveEdit Packaging|x86.ActiveCfg = Release|Any CPU
		{17A51353-4224-43DC-91FE-A1407BD318EC}.TestDebug|Any CPU.ActiveCfg = Debug|Any CPU
		{17A51353-4224-43DC-91FE-A1407BD318EC}.TestDebug|Any CPU.Build.0 = Debug|Any CPU
		{17A51353-4224-43DC-91FE-A1407BD318EC}.TestDebug|Mixed Platforms.ActiveCfg = Debug|Any CPU
		{17A51353-4224-43DC-91FE-A1407BD318EC}.TestDebug|Mixed Platforms.Build.0 = Debug|Any CPU
		{17A51353-4224-43DC-91FE-A1407BD318EC}.TestDebug|Win32.ActiveCfg = Debug|Any CPU
		{17A51353-4224-43DC-91FE-A1407BD318EC}.TestDebug|x64.ActiveCfg = Debug|Any CPU
		{17A51353-4224-43DC-91FE-A1407BD318EC}.TestDebug|x86.ActiveCfg = Debug|Any CPU
		{EB350DC2-4DAD-4E1E-B93C-0B9068D6EE3E}.Debug|Any CPU.ActiveCfg = Debug|x86
		{EB350DC2-4DAD-4E1E-B93C-0B9068D6EE3E}.Debug|Mixed Platforms.ActiveCfg = Debug|x86
		{EB350DC2-4DAD-4E1E-B93C-0B9068D6EE3E}.Debug|Mixed Platforms.Build.0 = Debug|x86
		{EB350DC2-4DAD-4E1E-B93C-0B9068D6EE3E}.Debug|Win32.ActiveCfg = Debug|x86
		{EB350DC2-4DAD-4E1E-B93C-0B9068D6EE3E}.Debug|Win32.Build.0 = Debug|x86
		{EB350DC2-4DAD-4E1E-B93C-0B9068D6EE3E}.Debug|x64.ActiveCfg = Debug|x86
		{EB350DC2-4DAD-4E1E-B93C-0B9068D6EE3E}.Debug|x86.ActiveCfg = Debug|x86
		{EB350DC2-4DAD-4E1E-B93C-0B9068D6EE3E}.Debug|x86.Build.0 = Debug|x86
		{EB350DC2-4DAD-4E1E-B93C-0B9068D6EE3E}.Release|Any CPU.ActiveCfg = Release|x86
		{EB350DC2-4DAD-4E1E-B93C-0B9068D6EE3E}.Release|Mixed Platforms.ActiveCfg = Release|x86
		{EB350DC2-4DAD-4E1E-B93C-0B9068D6EE3E}.Release|Mixed Platforms.Build.0 = Release|x86
		{EB350DC2-4DAD-4E1E-B93C-0B9068D6EE3E}.Release|Win32.ActiveCfg = Release|x86
		{EB350DC2-4DAD-4E1E-B93C-0B9068D6EE3E}.Release|Win32.Build.0 = Release|x86
		{EB350DC2-4DAD-4E1E-B93C-0B9068D6EE3E}.Release|x64.ActiveCfg = Release|x86
		{EB350DC2-4DAD-4E1E-B93C-0B9068D6EE3E}.Release|x86.ActiveCfg = Release|x86
		{EB350DC2-4DAD-4E1E-B93C-0B9068D6EE3E}.Release|x86.Build.0 = Release|x86
		{EB350DC2-4DAD-4E1E-B93C-0B9068D6EE3E}.SaveEdit Packaging|Any CPU.ActiveCfg = Release|x86
		{EB350DC2-4DAD-4E1E-B93C-0B9068D6EE3E}.SaveEdit Packaging|Mixed Platforms.ActiveCfg = Release|x86
		{EB350DC2-4DAD-4E1E-B93C-0B9068D6EE3E}.SaveEdit Packaging|Win32.ActiveCfg = Release|x86
		{EB350DC2-4DAD-4E1E-B93C-0B9068D6EE3E}.SaveEdit Packaging|Win32.Build.0 = Release|x86
		{EB350DC2-4DAD-4E1E-B93C-0B9068D6EE3E}.SaveEdit Packaging|x64.ActiveCfg = Release|x86
		{EB350DC2-4DAD-4E1E-B93C-0B9068D6EE3E}.SaveEdit Packaging|x86.ActiveCfg = Release|x86
		{EB350DC2-4DAD-4E1E-B93C-0B9068D6EE3E}.SaveEdit Packaging|x86.Build.0 = Release|x86
		{EB350DC2-4DAD-4E1E-B93C-0B9068D6EE3E}.TestDebug|Any CPU.ActiveCfg = Debug|x86
		{EB350DC2-4DAD-4E1E-B93C-0B9068D6EE3E}.TestDebug|Mixed Platforms.ActiveCfg = Debug|x86
		{EB350DC2-4DAD-4E1E-B93C-0B9068D6EE3E}.TestDebug|Mixed Platforms.Build.0 = Debug|x86
		{EB350DC2-4DAD-4E1E-B93C-0B9068D6EE3E}.TestDebug|Win32.ActiveCfg = Debug|x86
		{EB350DC2-4DAD-4E1E-B93C-0B9068D6EE3E}.TestDebug|Win32.Build.0 = Debug|x86
		{EB350DC2-4DAD-4E1E-B93C-0B9068D6EE3E}.TestDebug|x64.ActiveCfg = Debug|x86
		{EB350DC2-4DAD-4E1E-B93C-0B9068D6EE3E}.TestDebug|x86.ActiveCfg = Debug|x86
		{EB350DC2-4DAD-4E1E-B93C-0B9068D6EE3E}.TestDebug|x86.Build.0 = Debug|x86
		{C605E071-337F-4310-B857-5303C185E951}.Debug|Any CPU.ActiveCfg = Debug|x86
		{C605E071-337F-4310-B857-5303C185E951}.Debug|Mixed Platforms.ActiveCfg = Debug|x86
		{C605E071-337F-4310-B857-5303C185E951}.Debug|Mixed Platforms.Build.0 = Debug|x86
		{C605E071-337F-4310-B857-5303C185E951}.Debug|Win32.ActiveCfg = Debug|x86
		{C605E071-337F-4310-B857-5303C185E951}.Debug|x64.ActiveCfg = Debug|x86
		{C605E071-337F-4310-B857-5303C185E951}.Debug|x86.ActiveCfg = Debug|x86
		{C605E071-337F-4310-B857-5303C185E951}.Debug|x86.Build.0 = Debug|x86
		{C605E071-337F-4310-B857-5303C185E951}.Release|Any CPU.ActiveCfg = Release|x86
		{C605E071-337F-4310-B857-5303C185E951}.Release|Mixed Platforms.ActiveCfg = Release|x86
		{C605E071-337F-4310-B857-5303C185E951}.Release|Mixed Platforms.Build.0 = Release|x86
		{C605E071-337F-4310-B857-5303C185E951}.Release|Win32.ActiveCfg = Release|x86
		{C605E071-337F-4310-B857-5303C185E951}.Release|x64.ActiveCfg = Release|x86
		{C605E071-337F-4310-B857-5303C185E951}.Release|x86.ActiveCfg = Release|x86
		{C605E071-337F-4310-B857-5303C185E951}.Release|x86.Build.0 = Release|x86
		{C605E071-337F-4310-B857-5303C185E951}.SaveEdit Packaging|Any CPU.ActiveCfg = Release|x86
		{C605E071-337F-4310-B857-5303C185E951}.SaveEdit Packaging|Mixed Platforms.ActiveCfg = Release|x86
		{C605E071-337F-4310-B857-5303C185E951}.SaveEdit Packaging|Mixed Platforms.Build.0 = Release|x86
		{C605E071-337F-4310-B857-5303C185E951}.SaveEdit Packaging|Win32.ActiveCfg = Release|x86
		{C605E071-337F-4310-B857-5303C185E951}.SaveEdit Packaging|x64.ActiveCfg = Release|x86
		{C605E071-337F-4310-B857-5303C185E951}.SaveEdit Packaging|x86.ActiveCfg = Release|x86
		{C605E071-337F-4310-B857-5303C185E951}.SaveEdit Packaging|x86.Build.0 = Release|x86
		{C605E071-337F-4310-B857-5303C185E951}.TestDebug|Any CPU.ActiveCfg = Debug|x86
		{C605E071-337F-4310-B857-5303C185E951}.TestDebug|Mixed Platforms.ActiveCfg = Debug|x86
		{C605E071-337F-4310-B857-5303C185E951}.TestDebug|Win32.ActiveCfg = Debug|x86
		{C605E071-337F-4310-B857-5303C185E951}.TestDebug|x64.ActiveCfg = Debug|x86
		{C605E071-337F-4310-B857-5303C185E951}.TestDebug|x86.ActiveCfg = Debug|x86
		{9B42EE82-42E9-455C-A3DE-7B93F1FF2476}.Debug|Any CPU.ActiveCfg = Debug|Any CPU
		{9B42EE82-42E9-455C-A3DE-7B93F1FF2476}.Debug|Any CPU.Build.0 = Debug|Any CPU
		{9B42EE82-42E9-455C-A3DE-7B93F1FF2476}.Debug|Mixed Platforms.ActiveCfg = Debug|Any CPU
		{9B42EE82-42E9-455C-A3DE-7B93F1FF2476}.Debug|Mixed Platforms.Build.0 = Debug|Any CPU
		{9B42EE82-42E9-455C-A3DE-7B93F1FF2476}.Debug|Win32.ActiveCfg = Debug|Any CPU
		{9B42EE82-42E9-455C-A3DE-7B93F1FF2476}.Debug|x64.ActiveCfg = Debug|Any CPU
		{9B42EE82-42E9-455C-A3DE-7B93F1FF2476}.Debug|x86.ActiveCfg = Debug|Any CPU
		{9B42EE82-42E9-455C-A3DE-7B93F1FF2476}.Release|Any CPU.ActiveCfg = Release|Any CPU
		{9B42EE82-42E9-455C-A3DE-7B93F1FF2476}.Release|Any CPU.Build.0 = Release|Any CPU
		{9B42EE82-42E9-455C-A3DE-7B93F1FF2476}.Release|Mixed Platforms.ActiveCfg = Release|Any CPU
		{9B42EE82-42E9-455C-A3DE-7B93F1FF2476}.Release|Mixed Platforms.Build.0 = Release|Any CPU
		{9B42EE82-42E9-455C-A3DE-7B93F1FF2476}.Release|Win32.ActiveCfg = Release|Any CPU
		{9B42EE82-42E9-455C-A3DE-7B93F1FF2476}.Release|x64.ActiveCfg = Release|Any CPU
		{9B42EE82-42E9-455C-A3DE-7B93F1FF2476}.Release|x86.ActiveCfg = Release|Any CPU
		{9B42EE82-42E9-455C-A3DE-7B93F1FF2476}.SaveEdit Packaging|Any CPU.ActiveCfg = Release|Any CPU
		{9B42EE82-42E9-455C-A3DE-7B93F1FF2476}.SaveEdit Packaging|Any CPU.Build.0 = Release|Any CPU
		{9B42EE82-42E9-455C-A3DE-7B93F1FF2476}.SaveEdit Packaging|Mixed Platforms.ActiveCfg = Release|Any CPU
		{9B42EE82-42E9-455C-A3DE-7B93F1FF2476}.SaveEdit Packaging|Win32.ActiveCfg = Release|Any CPU
		{9B42EE82-42E9-455C-A3DE-7B93F1FF2476}.SaveEdit Packaging|x64.ActiveCfg = Release|Any CPU
		{9B42EE82-42E9-455C-A3DE-7B93F1FF2476}.SaveEdit Packaging|x86.ActiveCfg = Release|Any CPU
		{9B42EE82-42E9-455C-A3DE-7B93F1FF2476}.TestDebug|Any CPU.ActiveCfg = Debug|Any CPU
		{9B42EE82-42E9-455C-A3DE-7B93F1FF2476}.TestDebug|Mixed Platforms.ActiveCfg = Debug|Any CPU
		{9B42EE82-42E9-455C-A3DE-7B93F1FF2476}.TestDebug|Win32.ActiveCfg = Debug|Any CPU
		{9B42EE82-42E9-455C-A3DE-7B93F1FF2476}.TestDebug|x64.ActiveCfg = Debug|Any CPU
		{9B42EE82-42E9-455C-A3DE-7B93F1FF2476}.TestDebug|x86.ActiveCfg = Debug|Any CPU
		{19B858E3-844A-43EA-8A1D-F73CE9A7496C}.Debug|Any CPU.ActiveCfg = Debug|x86
		{19B858E3-844A-43EA-8A1D-F73CE9A7496C}.Debug|Mixed Platforms.ActiveCfg = Debug|x86
		{19B858E3-844A-43EA-8A1D-F73CE9A7496C}.Debug|Mixed Platforms.Build.0 = Debug|x86
		{19B858E3-844A-43EA-8A1D-F73CE9A7496C}.Debug|Win32.ActiveCfg = Debug|x86
		{19B858E3-844A-43EA-8A1D-F73CE9A7496C}.Debug|Win32.Build.0 = Debug|x86
		{19B858E3-844A-43EA-8A1D-F73CE9A7496C}.Debug|x64.ActiveCfg = Debug|x86
		{19B858E3-844A-43EA-8A1D-F73CE9A7496C}.Debug|x86.ActiveCfg = Debug|x86
		{19B858E3-844A-43EA-8A1D-F73CE9A7496C}.Debug|x86.Build.0 = Debug|x86
		{19B858E3-844A-43EA-8A1D-F73CE9A7496C}.Release|Any CPU.ActiveCfg = Release|x86
		{19B858E3-844A-43EA-8A1D-F73CE9A7496C}.Release|Mixed Platforms.ActiveCfg = Release|x86
		{19B858E3-844A-43EA-8A1D-F73CE9A7496C}.Release|Mixed Platforms.Build.0 = Release|x86
		{19B858E3-844A-43EA-8A1D-F73CE9A7496C}.Release|Win32.ActiveCfg = Release|x86
		{19B858E3-844A-43EA-8A1D-F73CE9A7496C}.Release|Win32.Build.0 = Release|x86
		{19B858E3-844A-43EA-8A1D-F73CE9A7496C}.Release|x64.ActiveCfg = Release|x86
		{19B858E3-844A-43EA-8A1D-F73CE9A7496C}.Release|x86.ActiveCfg = Release|x86
		{19B858E3-844A-43EA-8A1D-F73CE9A7496C}.Release|x86.Build.0 = Release|x86
		{19B858E3-844A-43EA-8A1D-F73CE9A7496C}.SaveEdit Packaging|Any CPU.ActiveCfg = Release|x86
		{19B858E3-844A-43EA-8A1D-F73CE9A7496C}.SaveEdit Packaging|Mixed Platforms.ActiveCfg = Release|x86
		{19B858E3-844A-43EA-8A1D-F73CE9A7496C}.SaveEdit Packaging|Win32.ActiveCfg = Release|x86
		{19B858E3-844A-43EA-8A1D-F73CE9A7496C}.SaveEdit Packaging|Win32.Build.0 = Release|x86
		{19B858E3-844A-43EA-8A1D-F73CE9A7496C}.SaveEdit Packaging|x64.ActiveCfg = Release|x86
		{19B858E3-844A-43EA-8A1D-F73CE9A7496C}.SaveEdit Packaging|x86.ActiveCfg = Release|x86
		{19B858E3-844A-43EA-8A1D-F73CE9A7496C}.SaveEdit Packaging|x86.Build.0 = Release|x86
		{19B858E3-844A-43EA-8A1D-F73CE9A7496C}.TestDebug|Any CPU.ActiveCfg = Debug|x86
		{19B858E3-844A-43EA-8A1D-F73CE9A7496C}.TestDebug|Mixed Platforms.ActiveCfg = Debug|x86
		{19B858E3-844A-43EA-8A1D-F73CE9A7496C}.TestDebug|Mixed Platforms.Build.0 = Debug|x86
		{19B858E3-844A-43EA-8A1D-F73CE9A7496C}.TestDebug|Win32.ActiveCfg = Debug|x86
		{19B858E3-844A-43EA-8A1D-F73CE9A7496C}.TestDebug|Win32.Build.0 = Debug|x86
		{19B858E3-844A-43EA-8A1D-F73CE9A7496C}.TestDebug|x64.ActiveCfg = Debug|x86
		{19B858E3-844A-43EA-8A1D-F73CE9A7496C}.TestDebug|x86.ActiveCfg = Debug|x86
		{19B858E3-844A-43EA-8A1D-F73CE9A7496C}.TestDebug|x86.Build.0 = Debug|x86
		{099D2E99-22A3-44DE-B673-49E80709B7E2}.Debug|Any CPU.ActiveCfg = Debug|Win32
		{099D2E99-22A3-44DE-B673-49E80709B7E2}.Debug|Mixed Platforms.ActiveCfg = Debug|Win32
		{099D2E99-22A3-44DE-B673-49E80709B7E2}.Debug|Mixed Platforms.Build.0 = Debug|Win32
		{099D2E99-22A3-44DE-B673-49E80709B7E2}.Debug|Win32.ActiveCfg = Debug|Win32
		{099D2E99-22A3-44DE-B673-49E80709B7E2}.Debug|Win32.Build.0 = Debug|Win32
		{099D2E99-22A3-44DE-B673-49E80709B7E2}.Debug|x64.ActiveCfg = Debug|Win32
		{099D2E99-22A3-44DE-B673-49E80709B7E2}.Debug|x86.ActiveCfg = Debug|Win32
		{099D2E99-22A3-44DE-B673-49E80709B7E2}.Debug|x86.Build.0 = Debug|Win32
		{099D2E99-22A3-44DE-B673-49E80709B7E2}.Release|Any CPU.ActiveCfg = Release|Win32
		{099D2E99-22A3-44DE-B673-49E80709B7E2}.Release|Mixed Platforms.ActiveCfg = Release|Win32
		{099D2E99-22A3-44DE-B673-49E80709B7E2}.Release|Mixed Platforms.Build.0 = Release|Win32
		{099D2E99-22A3-44DE-B673-49E80709B7E2}.Release|Win32.ActiveCfg = Release|Win32
		{099D2E99-22A3-44DE-B673-49E80709B7E2}.Release|Win32.Build.0 = Release|Win32
		{099D2E99-22A3-44DE-B673-49E80709B7E2}.Release|x64.ActiveCfg = Release|Win32
		{099D2E99-22A3-44DE-B673-49E80709B7E2}.Release|x86.ActiveCfg = Release|Win32
		{099D2E99-22A3-44DE-B673-49E80709B7E2}.Release|x86.Build.0 = Release|Win32
		{099D2E99-22A3-44DE-B673-49E80709B7E2}.SaveEdit Packaging|Any CPU.ActiveCfg = Release|Win32
		{099D2E99-22A3-44DE-B673-49E80709B7E2}.SaveEdit Packaging|Any CPU.Build.0 = Release|Win32
		{099D2E99-22A3-44DE-B673-49E80709B7E2}.SaveEdit Packaging|Mixed Platforms.ActiveCfg = Release|Win32
		{099D2E99-22A3-44DE-B673-49E80709B7E2}.SaveEdit Packaging|Mixed Platforms.Build.0 = Release|Win32
		{099D2E99-22A3-44DE-B673-49E80709B7E2}.SaveEdit Packaging|Win32.ActiveCfg = Release|Win32
		{099D2E99-22A3-44DE-B673-49E80709B7E2}.SaveEdit Packaging|Win32.Build.0 = Release|Win32
		{099D2E99-22A3-44DE-B673-49E80709B7E2}.SaveEdit Packaging|x64.ActiveCfg = Release|Win32
		{099D2E99-22A3-44DE-B673-49E80709B7E2}.SaveEdit Packaging|x64.Build.0 = Release|Win32
		{099D2E99-22A3-44DE-B673-49E80709B7E2}.SaveEdit Packaging|x86.ActiveCfg = Release|Win32
		{099D2E99-22A3-44DE-B673-49E80709B7E2}.SaveEdit Packaging|x86.Build.0 = Release|Win32
		{099D2E99-22A3-44DE-B673-49E80709B7E2}.TestDebug|Any CPU.ActiveCfg = Release|Win32
		{099D2E99-22A3-44DE-B673-49E80709B7E2}.TestDebug|Any CPU.Build.0 = Release|Win32
		{099D2E99-22A3-44DE-B673-49E80709B7E2}.TestDebug|Mixed Platforms.ActiveCfg = Debug|Win32
		{099D2E99-22A3-44DE-B673-49E80709B7E2}.TestDebug|Mixed Platforms.Build.0 = Debug|Win32
		{099D2E99-22A3-44DE-B673-49E80709B7E2}.TestDebug|Win32.ActiveCfg = Debug|Win32
		{099D2E99-22A3-44DE-B673-49E80709B7E2}.TestDebug|Win32.Build.0 = Debug|Win32
		{099D2E99-22A3-44DE-B673-49E80709B7E2}.TestDebug|x64.ActiveCfg = Release|Win32
		{099D2E99-22A3-44DE-B673-49E80709B7E2}.TestDebug|x64.Build.0 = Release|Win32
		{099D2E99-22A3-44DE-B673-49E80709B7E2}.TestDebug|x86.ActiveCfg = Debug|Win32
		{099D2E99-22A3-44DE-B673-49E80709B7E2}.TestDebug|x86.Build.0 = Debug|Win32
	EndGlobalSection
	GlobalSection(SolutionProperties) = preSolution
		HideSolutionNode = FALSE
	EndGlobalSection
	GlobalSection(NestedProjects) = preSolution
		{D9716550-921D-44E8-A289-C297950DB1F7} = {EBED4BFC-5AC2-4601-9BEA-879206976057}
		{525DCD74-FBC3-4842-8269-F9C83F0EE902} = {EBED4BFC-5AC2-4601-9BEA-879206976057}
		{53E45AD0-DAA6-41D1-8493-9B3FF23C88C0} = {EBED4BFC-5AC2-4601-9BEA-879206976057}
		{B7D753A9-793B-45F1-8208-E2B7F112D187} = {F9BDD442-E97F-4DCA-8718-D5AB34E60EFB}
		{43DB75E9-EAE0-43D1-8AF6-4F3C31FEF60A} = {F9BDD442-E97F-4DCA-8718-D5AB34E60EFB}
		{4F34266F-E332-4F57-99DC-F4D3CEDD17D9} = {EBED4BFC-5AC2-4601-9BEA-879206976057}
		{303D4435-7541-4357-91B1-CC9DA7E0E926} = {4F34266F-E332-4F57-99DC-F4D3CEDD17D9}
		{65021938-D251-46FA-BC3D-85C385D4C06D} = {4F34266F-E332-4F57-99DC-F4D3CEDD17D9}
		{9425086A-70C5-43FA-B9AF-139924565FA0} = {4F34266F-E332-4F57-99DC-F4D3CEDD17D9}
		{C230B6C3-915F-4AD8-9D8B-41509A8FED35} = {4F34266F-E332-4F57-99DC-F4D3CEDD17D9}
		{4E3EC1F9-04DD-4A20-AFBC-E67391624144} = {4F34266F-E332-4F57-99DC-F4D3CEDD17D9}
		{7B7F4650-BF10-4488-87D4-D1B49C47B906} = {B4B463D0-1AD0-4D85-BB5D-9BA7D183D4EA}
		{ED28DDBC-725D-42D2-A6A4-555E8653BCD4} = {EBED4BFC-5AC2-4601-9BEA-879206976057}
		{75063A4E-0024-4B68-BE6C-1B3D52FD4845} = {32D0656A-A719-4CAA-AED7-1F44162C7AD0}
		{35F7B4EF-181C-4397-B014-E28891A2288D} = {5C13AC7D-CFCE-41AE-AE34-BEABE93EBE6C}
		{047857BA-DAA3-4CA7-AFB8-A1B082B28C6A} = {1FD12BC6-B9F0-432B-A233-E89A7718137C}
		{C98A6CD6-9422-4B35-8B7A-F520D75534D1} = {1FD12BC6-B9F0-432B-A233-E89A7718137C}
		{1FD12BC6-B9F0-432B-A233-E89A7718137C} = {ED28DDBC-725D-42D2-A6A4-555E8653BCD4}
		{32D0656A-A719-4CAA-AED7-1F44162C7AD0} = {5C13AC7D-CFCE-41AE-AE34-BEABE93EBE6C}
		{5C13AC7D-CFCE-41AE-AE34-BEABE93EBE6C} = {ED28DDBC-725D-42D2-A6A4-555E8653BCD4}
		{17A51353-4224-43DC-91FE-A1407BD318EC} = {32D0656A-A719-4CAA-AED7-1F44162C7AD0}
		{EB350DC2-4DAD-4E1E-B93C-0B9068D6EE3E} = {145E157B-54E1-4B27-8C68-896835678AAB}
		{C605E071-337F-4310-B857-5303C185E951} = {145E157B-54E1-4B27-8C68-896835678AAB}
		{9B42EE82-42E9-455C-A3DE-7B93F1FF2476} = {145E157B-54E1-4B27-8C68-896835678AAB}
		{19B858E3-844A-43EA-8A1D-F73CE9A7496C} = {145E157B-54E1-4B27-8C68-896835678AAB}
		{145E157B-54E1-4B27-8C68-896835678AAB} = {5C13AC7D-CFCE-41AE-AE34-BEABE93EBE6C}
		{099D2E99-22A3-44DE-B673-49E80709B7E2} = {F9BDD442-E97F-4DCA-8718-D5AB34E60EFB}
	EndGlobalSection
EndGlobal
