
Microsoft Visual Studio Solution File, Format Version 12.00
# Visual Studio 14
VisualStudioVersion = 14.0.25420.1
MinimumVisualStudioVersion = 10.0.40219.1
Project("{FAE04EC0-301F-11D3-BF4B-00C04F79EFBC}") = "Nucleus.Gaming", "NucleusGaming\Nucleus.Gaming.csproj", "{223DBDAE-E362-452C-9455-F518D002B154}"
EndProject
Project("{2150E333-8FDC-42A3-9474-1A3956D46DE8}") = "ThirdParty", "ThirdParty", "{EBED4BFC-5AC2-4601-9BEA-879206976057}"
EndProject
Project("{FAE04EC0-301F-11D3-BF4B-00C04F79EFBC}") = "Nucleus.Coop", "NucleusCoopTool\Nucleus.Coop.csproj", "{7818FD81-77A6-49F3-8571-A91B1B99E63F}"
	ProjectSection(ProjectDependencies) = postProject
		{91298ADA-5999-41D4-8A7B-51F28094AB5B} = {91298ADA-5999-41D4-8A7B-51F28094AB5B}
	EndProjectSection
EndProject
Project("{FAE04EC0-301F-11D3-BF4B-00C04F79EFBC}") = "WindowScrape", "ThirdParty\WindowScrape\WindowScrape.csproj", "{D9716550-921D-44E8-A289-C297950DB1F7}"
EndProject
Project("{FAE04EC0-301F-11D3-BF4B-00C04F79EFBC}") = "CheckDiff", "CheckDiff\CheckDiff.csproj", "{B7D753A9-793B-45F1-8208-E2B7F112D187}"
EndProject
Project("{FAE04EC0-301F-11D3-BF4B-00C04F79EFBC}") = "Nucleus.Coop.StartGame", "StartGame\Nucleus.Coop.StartGame.csproj", "{91298ADA-5999-41D4-8A7B-51F28094AB5B}"
EndProject
Project("{FAE04EC0-301F-11D3-BF4B-00C04F79EFBC}") = "GetFolderFileList", "GetFolderFileList\GetFolderFileList.csproj", "{43DB75E9-EAE0-43D1-8AF6-4F3C31FEF60A}"
EndProject
Project("{2150E333-8FDC-42A3-9474-1A3956D46DE8}") = "Tools", "Tools", "{F9BDD442-E97F-4DCA-8718-D5AB34E60EFB}"
EndProject
Project("{8BC9CEB8-8B4A-11D0-8D11-00A0C91BC942}") = "FocusFaker", "FocusFaker\FocusFaker.vcxproj", "{099D2E99-22A3-44DE-B673-49E80709B7E2}"
EndProject
Project("{FAE04EC0-301F-11D3-BF4B-00C04F79EFBC}") = "FocusFakerEnabler", "FocusFakerEnabler\FocusFakerEnabler.csproj", "{089DABA1-F168-4502-981B-3160E85240BE}"
EndProject
Project("{FAE04EC0-301F-11D3-BF4B-00C04F79EFBC}") = "XLogParser", "XLogParser\XLogParser.csproj", "{9A60644C-56DD-4D47-8376-AA2B94EA0A66}"
EndProject
Project("{2150E333-8FDC-42A3-9474-1A3956D46DE8}") = "Solution Items", "Solution Items", "{A6E36F0F-456B-495E-94A1-71452270D2B1}"
	ProjectSection(SolutionItems) = preProject
		..\README.md = ..\README.md
	EndProjectSection
EndProject
Project("{2150E333-8FDC-42A3-9474-1A3956D46DE8}") = "Games", "Games", "{4A7F7393-DAC6-4E58-AE52-9E6FA305CBFD}"
EndProject
Project("{FAE04EC0-301F-11D3-BF4B-00C04F79EFBC}") = "Nucleus.Coop.Build", "Nucleus.Gaming.Build\Nucleus.Coop.Build.csproj", "{C12FA327-B621-4730-AE71-670B75034513}"
EndProject
Global
	GlobalSection(SolutionConfigurationPlatforms) = preSolution
		Debug|Any CPU = Debug|Any CPU
		Debug|Mixed Platforms = Debug|Mixed Platforms
		Debug|Win32 = Debug|Win32
		Debug|x64 = Debug|x64
		Debug|x86 = Debug|x86
		Release|Any CPU = Release|Any CPU
		Release|Mixed Platforms = Release|Mixed Platforms
		Release|Win32 = Release|Win32
		Release|x64 = Release|x64
		Release|x86 = Release|x86
		SaveEdit Packaging|Any CPU = SaveEdit Packaging|Any CPU
		SaveEdit Packaging|Mixed Platforms = SaveEdit Packaging|Mixed Platforms
		SaveEdit Packaging|Win32 = SaveEdit Packaging|Win32
		SaveEdit Packaging|x64 = SaveEdit Packaging|x64
		SaveEdit Packaging|x86 = SaveEdit Packaging|x86
		TestDebug|Any CPU = TestDebug|Any CPU
		TestDebug|Mixed Platforms = TestDebug|Mixed Platforms
		TestDebug|Win32 = TestDebug|Win32
		TestDebug|x64 = TestDebug|x64
		TestDebug|x86 = TestDebug|x86
	EndGlobalSection
	GlobalSection(ProjectConfigurationPlatforms) = postSolution
		{223DBDAE-E362-452C-9455-F518D002B154}.Debug|Any CPU.ActiveCfg = Debug|Any CPU
		{223DBDAE-E362-452C-9455-F518D002B154}.Debug|Any CPU.Build.0 = Debug|Any CPU
		{223DBDAE-E362-452C-9455-F518D002B154}.Debug|Mixed Platforms.ActiveCfg = Debug|Any CPU
		{223DBDAE-E362-452C-9455-F518D002B154}.Debug|Mixed Platforms.Build.0 = Debug|Any CPU
		{223DBDAE-E362-452C-9455-F518D002B154}.Debug|Win32.ActiveCfg = Debug|Any CPU
		{223DBDAE-E362-452C-9455-F518D002B154}.Debug|x64.ActiveCfg = Debug|Any CPU
		{223DBDAE-E362-452C-9455-F518D002B154}.Debug|x86.ActiveCfg = Debug|Any CPU
		{223DBDAE-E362-452C-9455-F518D002B154}.Release|Any CPU.ActiveCfg = Release|Any CPU
		{223DBDAE-E362-452C-9455-F518D002B154}.Release|Any CPU.Build.0 = Release|Any CPU
		{223DBDAE-E362-452C-9455-F518D002B154}.Release|Mixed Platforms.ActiveCfg = Release|Any CPU
		{223DBDAE-E362-452C-9455-F518D002B154}.Release|Mixed Platforms.Build.0 = Release|Any CPU
		{223DBDAE-E362-452C-9455-F518D002B154}.Release|Win32.ActiveCfg = Release|Any CPU
		{223DBDAE-E362-452C-9455-F518D002B154}.Release|x64.ActiveCfg = Release|Any CPU
		{223DBDAE-E362-452C-9455-F518D002B154}.Release|x86.ActiveCfg = Release|Any CPU
		{223DBDAE-E362-452C-9455-F518D002B154}.SaveEdit Packaging|Any CPU.ActiveCfg = TestDebug|Any CPU
		{223DBDAE-E362-452C-9455-F518D002B154}.SaveEdit Packaging|Any CPU.Build.0 = TestDebug|Any CPU
		{223DBDAE-E362-452C-9455-F518D002B154}.SaveEdit Packaging|Mixed Platforms.ActiveCfg = TestDebug|Any CPU
		{223DBDAE-E362-452C-9455-F518D002B154}.SaveEdit Packaging|Mixed Platforms.Build.0 = TestDebug|Any CPU
		{223DBDAE-E362-452C-9455-F518D002B154}.SaveEdit Packaging|Win32.ActiveCfg = TestDebug|Any CPU
		{223DBDAE-E362-452C-9455-F518D002B154}.SaveEdit Packaging|x64.ActiveCfg = TestDebug|Any CPU
		{223DBDAE-E362-452C-9455-F518D002B154}.SaveEdit Packaging|x86.ActiveCfg = TestDebug|Any CPU
		{223DBDAE-E362-452C-9455-F518D002B154}.TestDebug|Any CPU.ActiveCfg = TestDebug|Any CPU
		{223DBDAE-E362-452C-9455-F518D002B154}.TestDebug|Any CPU.Build.0 = TestDebug|Any CPU
		{223DBDAE-E362-452C-9455-F518D002B154}.TestDebug|Mixed Platforms.ActiveCfg = TestDebug|Any CPU
		{223DBDAE-E362-452C-9455-F518D002B154}.TestDebug|Mixed Platforms.Build.0 = TestDebug|Any CPU
		{223DBDAE-E362-452C-9455-F518D002B154}.TestDebug|Win32.ActiveCfg = TestDebug|Any CPU
		{223DBDAE-E362-452C-9455-F518D002B154}.TestDebug|x64.ActiveCfg = TestDebug|Any CPU
		{223DBDAE-E362-452C-9455-F518D002B154}.TestDebug|x86.ActiveCfg = TestDebug|Any CPU
		{7818FD81-77A6-49F3-8571-A91B1B99E63F}.Debug|Any CPU.ActiveCfg = Debug|Any CPU
		{7818FD81-77A6-49F3-8571-A91B1B99E63F}.Debug|Any CPU.Build.0 = Debug|Any CPU
		{7818FD81-77A6-49F3-8571-A91B1B99E63F}.Debug|Mixed Platforms.ActiveCfg = Debug|Any CPU
		{7818FD81-77A6-49F3-8571-A91B1B99E63F}.Debug|Mixed Platforms.Build.0 = Debug|Any CPU
		{7818FD81-77A6-49F3-8571-A91B1B99E63F}.Debug|Win32.ActiveCfg = Debug|Any CPU
		{7818FD81-77A6-49F3-8571-A91B1B99E63F}.Debug|x64.ActiveCfg = Debug|Any CPU
		{7818FD81-77A6-49F3-8571-A91B1B99E63F}.Debug|x86.ActiveCfg = Debug|Any CPU
		{7818FD81-77A6-49F3-8571-A91B1B99E63F}.Release|Any CPU.ActiveCfg = Release|Any CPU
		{7818FD81-77A6-49F3-8571-A91B1B99E63F}.Release|Any CPU.Build.0 = Release|Any CPU
		{7818FD81-77A6-49F3-8571-A91B1B99E63F}.Release|Mixed Platforms.ActiveCfg = Release|Any CPU
		{7818FD81-77A6-49F3-8571-A91B1B99E63F}.Release|Mixed Platforms.Build.0 = Release|Any CPU
		{7818FD81-77A6-49F3-8571-A91B1B99E63F}.Release|Win32.ActiveCfg = Release|Any CPU
		{7818FD81-77A6-49F3-8571-A91B1B99E63F}.Release|x64.ActiveCfg = Release|Any CPU
		{7818FD81-77A6-49F3-8571-A91B1B99E63F}.Release|x86.ActiveCfg = Release|Any CPU
		{7818FD81-77A6-49F3-8571-A91B1B99E63F}.SaveEdit Packaging|Any CPU.ActiveCfg = TestDebug|Any CPU
		{7818FD81-77A6-49F3-8571-A91B1B99E63F}.SaveEdit Packaging|Any CPU.Build.0 = TestDebug|Any CPU
		{7818FD81-77A6-49F3-8571-A91B1B99E63F}.SaveEdit Packaging|Mixed Platforms.ActiveCfg = TestDebug|Any CPU
		{7818FD81-77A6-49F3-8571-A91B1B99E63F}.SaveEdit Packaging|Mixed Platforms.Build.0 = TestDebug|Any CPU
		{7818FD81-77A6-49F3-8571-A91B1B99E63F}.SaveEdit Packaging|Win32.ActiveCfg = TestDebug|Any CPU
		{7818FD81-77A6-49F3-8571-A91B1B99E63F}.SaveEdit Packaging|x64.ActiveCfg = TestDebug|Any CPU
		{7818FD81-77A6-49F3-8571-A91B1B99E63F}.SaveEdit Packaging|x86.ActiveCfg = TestDebug|Any CPU
		{7818FD81-77A6-49F3-8571-A91B1B99E63F}.TestDebug|Any CPU.ActiveCfg = TestDebug|Any CPU
		{7818FD81-77A6-49F3-8571-A91B1B99E63F}.TestDebug|Any CPU.Build.0 = TestDebug|Any CPU
		{7818FD81-77A6-49F3-8571-A91B1B99E63F}.TestDebug|Mixed Platforms.ActiveCfg = TestDebug|Any CPU
		{7818FD81-77A6-49F3-8571-A91B1B99E63F}.TestDebug|Mixed Platforms.Build.0 = TestDebug|Any CPU
		{7818FD81-77A6-49F3-8571-A91B1B99E63F}.TestDebug|Win32.ActiveCfg = TestDebug|Any CPU
		{7818FD81-77A6-49F3-8571-A91B1B99E63F}.TestDebug|x64.ActiveCfg = TestDebug|Any CPU
		{7818FD81-77A6-49F3-8571-A91B1B99E63F}.TestDebug|x86.ActiveCfg = TestDebug|Any CPU
		{D9716550-921D-44E8-A289-C297950DB1F7}.Debug|Any CPU.ActiveCfg = Debug|Any CPU
		{D9716550-921D-44E8-A289-C297950DB1F7}.Debug|Any CPU.Build.0 = Debug|Any CPU
		{D9716550-921D-44E8-A289-C297950DB1F7}.Debug|Mixed Platforms.ActiveCfg = Debug|Any CPU
		{D9716550-921D-44E8-A289-C297950DB1F7}.Debug|Mixed Platforms.Build.0 = Debug|Any CPU
		{D9716550-921D-44E8-A289-C297950DB1F7}.Debug|Win32.ActiveCfg = Debug|Any CPU
		{D9716550-921D-44E8-A289-C297950DB1F7}.Debug|x64.ActiveCfg = Debug|Any CPU
		{D9716550-921D-44E8-A289-C297950DB1F7}.Debug|x86.ActiveCfg = Debug|Any CPU
		{D9716550-921D-44E8-A289-C297950DB1F7}.Release|Any CPU.ActiveCfg = Release|Any CPU
		{D9716550-921D-44E8-A289-C297950DB1F7}.Release|Any CPU.Build.0 = Release|Any CPU
		{D9716550-921D-44E8-A289-C297950DB1F7}.Release|Mixed Platforms.ActiveCfg = Release|Any CPU
		{D9716550-921D-44E8-A289-C297950DB1F7}.Release|Mixed Platforms.Build.0 = Release|Any CPU
		{D9716550-921D-44E8-A289-C297950DB1F7}.Release|Win32.ActiveCfg = Release|Any CPU
		{D9716550-921D-44E8-A289-C297950DB1F7}.Release|x64.ActiveCfg = Release|Any CPU
		{D9716550-921D-44E8-A289-C297950DB1F7}.Release|x86.ActiveCfg = Release|Any CPU
		{D9716550-921D-44E8-A289-C297950DB1F7}.SaveEdit Packaging|Any CPU.ActiveCfg = TestDebug|Any CPU
		{D9716550-921D-44E8-A289-C297950DB1F7}.SaveEdit Packaging|Any CPU.Build.0 = TestDebug|Any CPU
		{D9716550-921D-44E8-A289-C297950DB1F7}.SaveEdit Packaging|Mixed Platforms.ActiveCfg = TestDebug|Any CPU
		{D9716550-921D-44E8-A289-C297950DB1F7}.SaveEdit Packaging|Mixed Platforms.Build.0 = TestDebug|Any CPU
		{D9716550-921D-44E8-A289-C297950DB1F7}.SaveEdit Packaging|Win32.ActiveCfg = TestDebug|Any CPU
		{D9716550-921D-44E8-A289-C297950DB1F7}.SaveEdit Packaging|x64.ActiveCfg = TestDebug|Any CPU
		{D9716550-921D-44E8-A289-C297950DB1F7}.SaveEdit Packaging|x86.ActiveCfg = TestDebug|Any CPU
		{D9716550-921D-44E8-A289-C297950DB1F7}.TestDebug|Any CPU.ActiveCfg = TestDebug|Any CPU
		{D9716550-921D-44E8-A289-C297950DB1F7}.TestDebug|Any CPU.Build.0 = TestDebug|Any CPU
		{D9716550-921D-44E8-A289-C297950DB1F7}.TestDebug|Mixed Platforms.ActiveCfg = TestDebug|Any CPU
		{D9716550-921D-44E8-A289-C297950DB1F7}.TestDebug|Mixed Platforms.Build.0 = TestDebug|Any CPU
		{D9716550-921D-44E8-A289-C297950DB1F7}.TestDebug|Win32.ActiveCfg = TestDebug|Any CPU
		{D9716550-921D-44E8-A289-C297950DB1F7}.TestDebug|x64.ActiveCfg = TestDebug|Any CPU
		{D9716550-921D-44E8-A289-C297950DB1F7}.TestDebug|x86.ActiveCfg = TestDebug|Any CPU
		{B7D753A9-793B-45F1-8208-E2B7F112D187}.Debug|Any CPU.ActiveCfg = Debug|Any CPU
		{B7D753A9-793B-45F1-8208-E2B7F112D187}.Debug|Any CPU.Build.0 = Debug|Any CPU
		{B7D753A9-793B-45F1-8208-E2B7F112D187}.Debug|Mixed Platforms.ActiveCfg = Debug|Any CPU
		{B7D753A9-793B-45F1-8208-E2B7F112D187}.Debug|Mixed Platforms.Build.0 = Debug|Any CPU
		{B7D753A9-793B-45F1-8208-E2B7F112D187}.Debug|Win32.ActiveCfg = Debug|Any CPU
		{B7D753A9-793B-45F1-8208-E2B7F112D187}.Debug|x64.ActiveCfg = Debug|Any CPU
		{B7D753A9-793B-45F1-8208-E2B7F112D187}.Debug|x86.ActiveCfg = Debug|Any CPU
		{B7D753A9-793B-45F1-8208-E2B7F112D187}.Release|Any CPU.ActiveCfg = Release|Any CPU
		{B7D753A9-793B-45F1-8208-E2B7F112D187}.Release|Any CPU.Build.0 = Release|Any CPU
		{B7D753A9-793B-45F1-8208-E2B7F112D187}.Release|Mixed Platforms.ActiveCfg = Release|Any CPU
		{B7D753A9-793B-45F1-8208-E2B7F112D187}.Release|Mixed Platforms.Build.0 = Release|Any CPU
		{B7D753A9-793B-45F1-8208-E2B7F112D187}.Release|Win32.ActiveCfg = Release|Any CPU
		{B7D753A9-793B-45F1-8208-E2B7F112D187}.Release|x64.ActiveCfg = Release|Any CPU
		{B7D753A9-793B-45F1-8208-E2B7F112D187}.Release|x86.ActiveCfg = Release|Any CPU
		{B7D753A9-793B-45F1-8208-E2B7F112D187}.SaveEdit Packaging|Any CPU.ActiveCfg = Release|Any CPU
		{B7D753A9-793B-45F1-8208-E2B7F112D187}.SaveEdit Packaging|Any CPU.Build.0 = Release|Any CPU
		{B7D753A9-793B-45F1-8208-E2B7F112D187}.SaveEdit Packaging|Mixed Platforms.ActiveCfg = Release|Any CPU
		{B7D753A9-793B-45F1-8208-E2B7F112D187}.SaveEdit Packaging|Mixed Platforms.Build.0 = Release|Any CPU
		{B7D753A9-793B-45F1-8208-E2B7F112D187}.SaveEdit Packaging|Win32.ActiveCfg = Release|Any CPU
		{B7D753A9-793B-45F1-8208-E2B7F112D187}.SaveEdit Packaging|x64.ActiveCfg = Release|Any CPU
		{B7D753A9-793B-45F1-8208-E2B7F112D187}.SaveEdit Packaging|x86.ActiveCfg = Release|Any CPU
		{B7D753A9-793B-45F1-8208-E2B7F112D187}.TestDebug|Any CPU.ActiveCfg = Debug|Any CPU
		{B7D753A9-793B-45F1-8208-E2B7F112D187}.TestDebug|Any CPU.Build.0 = Debug|Any CPU
		{B7D753A9-793B-45F1-8208-E2B7F112D187}.TestDebug|Mixed Platforms.ActiveCfg = Debug|Any CPU
		{B7D753A9-793B-45F1-8208-E2B7F112D187}.TestDebug|Mixed Platforms.Build.0 = Debug|Any CPU
		{B7D753A9-793B-45F1-8208-E2B7F112D187}.TestDebug|Win32.ActiveCfg = Debug|Any CPU
		{B7D753A9-793B-45F1-8208-E2B7F112D187}.TestDebug|x64.ActiveCfg = Debug|Any CPU
		{B7D753A9-793B-45F1-8208-E2B7F112D187}.TestDebug|x86.ActiveCfg = Debug|Any CPU
		{91298ADA-5999-41D4-8A7B-51F28094AB5B}.Debug|Any CPU.ActiveCfg = Debug|Any CPU
		{91298ADA-5999-41D4-8A7B-51F28094AB5B}.Debug|Any CPU.Build.0 = Debug|Any CPU
		{91298ADA-5999-41D4-8A7B-51F28094AB5B}.Debug|Mixed Platforms.ActiveCfg = Debug|Any CPU
		{91298ADA-5999-41D4-8A7B-51F28094AB5B}.Debug|Mixed Platforms.Build.0 = Debug|Any CPU
		{91298ADA-5999-41D4-8A7B-51F28094AB5B}.Debug|Win32.ActiveCfg = Debug|Any CPU
		{91298ADA-5999-41D4-8A7B-51F28094AB5B}.Debug|x64.ActiveCfg = Debug|Any CPU
		{91298ADA-5999-41D4-8A7B-51F28094AB5B}.Debug|x86.ActiveCfg = Debug|Any CPU
		{91298ADA-5999-41D4-8A7B-51F28094AB5B}.Release|Any CPU.ActiveCfg = Release|Any CPU
		{91298ADA-5999-41D4-8A7B-51F28094AB5B}.Release|Any CPU.Build.0 = Release|Any CPU
		{91298ADA-5999-41D4-8A7B-51F28094AB5B}.Release|Mixed Platforms.ActiveCfg = Release|Any CPU
		{91298ADA-5999-41D4-8A7B-51F28094AB5B}.Release|Mixed Platforms.Build.0 = Release|Any CPU
		{91298ADA-5999-41D4-8A7B-51F28094AB5B}.Release|Win32.ActiveCfg = Release|Any CPU
		{91298ADA-5999-41D4-8A7B-51F28094AB5B}.Release|x64.ActiveCfg = Release|Any CPU
		{91298ADA-5999-41D4-8A7B-51F28094AB5B}.Release|x86.ActiveCfg = Release|Any CPU
		{91298ADA-5999-41D4-8A7B-51F28094AB5B}.SaveEdit Packaging|Any CPU.ActiveCfg = Release|Any CPU
		{91298ADA-5999-41D4-8A7B-51F28094AB5B}.SaveEdit Packaging|Any CPU.Build.0 = Release|Any CPU
		{91298ADA-5999-41D4-8A7B-51F28094AB5B}.SaveEdit Packaging|Mixed Platforms.ActiveCfg = Release|Any CPU
		{91298ADA-5999-41D4-8A7B-51F28094AB5B}.SaveEdit Packaging|Mixed Platforms.Build.0 = Release|Any CPU
		{91298ADA-5999-41D4-8A7B-51F28094AB5B}.SaveEdit Packaging|Win32.ActiveCfg = Release|Any CPU
		{91298ADA-5999-41D4-8A7B-51F28094AB5B}.SaveEdit Packaging|x64.ActiveCfg = Release|Any CPU
		{91298ADA-5999-41D4-8A7B-51F28094AB5B}.SaveEdit Packaging|x86.ActiveCfg = Release|Any CPU
		{91298ADA-5999-41D4-8A7B-51F28094AB5B}.TestDebug|Any CPU.ActiveCfg = Debug|Any CPU
		{91298ADA-5999-41D4-8A7B-51F28094AB5B}.TestDebug|Any CPU.Build.0 = Debug|Any CPU
		{91298ADA-5999-41D4-8A7B-51F28094AB5B}.TestDebug|Mixed Platforms.ActiveCfg = Debug|Any CPU
		{91298ADA-5999-41D4-8A7B-51F28094AB5B}.TestDebug|Mixed Platforms.Build.0 = Debug|Any CPU
		{91298ADA-5999-41D4-8A7B-51F28094AB5B}.TestDebug|Win32.ActiveCfg = Debug|Any CPU
		{91298ADA-5999-41D4-8A7B-51F28094AB5B}.TestDebug|x64.ActiveCfg = Debug|Any CPU
		{91298ADA-5999-41D4-8A7B-51F28094AB5B}.TestDebug|x86.ActiveCfg = Debug|Any CPU
		{43DB75E9-EAE0-43D1-8AF6-4F3C31FEF60A}.Debug|Any CPU.ActiveCfg = Debug|Any CPU
		{43DB75E9-EAE0-43D1-8AF6-4F3C31FEF60A}.Debug|Any CPU.Build.0 = Debug|Any CPU
		{43DB75E9-EAE0-43D1-8AF6-4F3C31FEF60A}.Debug|Mixed Platforms.ActiveCfg = Debug|Any CPU
		{43DB75E9-EAE0-43D1-8AF6-4F3C31FEF60A}.Debug|Mixed Platforms.Build.0 = Debug|Any CPU
		{43DB75E9-EAE0-43D1-8AF6-4F3C31FEF60A}.Debug|Win32.ActiveCfg = Debug|Any CPU
		{43DB75E9-EAE0-43D1-8AF6-4F3C31FEF60A}.Debug|x64.ActiveCfg = Debug|Any CPU
		{43DB75E9-EAE0-43D1-8AF6-4F3C31FEF60A}.Debug|x86.ActiveCfg = Debug|Any CPU
		{43DB75E9-EAE0-43D1-8AF6-4F3C31FEF60A}.Release|Any CPU.ActiveCfg = Release|Any CPU
		{43DB75E9-EAE0-43D1-8AF6-4F3C31FEF60A}.Release|Any CPU.Build.0 = Release|Any CPU
		{43DB75E9-EAE0-43D1-8AF6-4F3C31FEF60A}.Release|Mixed Platforms.ActiveCfg = Release|Any CPU
		{43DB75E9-EAE0-43D1-8AF6-4F3C31FEF60A}.Release|Mixed Platforms.Build.0 = Release|Any CPU
		{43DB75E9-EAE0-43D1-8AF6-4F3C31FEF60A}.Release|Win32.ActiveCfg = Release|Any CPU
		{43DB75E9-EAE0-43D1-8AF6-4F3C31FEF60A}.Release|x64.ActiveCfg = Release|Any CPU
		{43DB75E9-EAE0-43D1-8AF6-4F3C31FEF60A}.Release|x86.ActiveCfg = Release|Any CPU
		{43DB75E9-EAE0-43D1-8AF6-4F3C31FEF60A}.SaveEdit Packaging|Any CPU.ActiveCfg = Release|Any CPU
		{43DB75E9-EAE0-43D1-8AF6-4F3C31FEF60A}.SaveEdit Packaging|Any CPU.Build.0 = Release|Any CPU
		{43DB75E9-EAE0-43D1-8AF6-4F3C31FEF60A}.SaveEdit Packaging|Mixed Platforms.ActiveCfg = Release|Any CPU
		{43DB75E9-EAE0-43D1-8AF6-4F3C31FEF60A}.SaveEdit Packaging|Mixed Platforms.Build.0 = Release|Any CPU
		{43DB75E9-EAE0-43D1-8AF6-4F3C31FEF60A}.SaveEdit Packaging|Win32.ActiveCfg = Release|Any CPU
		{43DB75E9-EAE0-43D1-8AF6-4F3C31FEF60A}.SaveEdit Packaging|x64.ActiveCfg = Release|Any CPU
		{43DB75E9-EAE0-43D1-8AF6-4F3C31FEF60A}.SaveEdit Packaging|x86.ActiveCfg = Release|Any CPU
		{43DB75E9-EAE0-43D1-8AF6-4F3C31FEF60A}.TestDebug|Any CPU.ActiveCfg = Debug|Any CPU
		{43DB75E9-EAE0-43D1-8AF6-4F3C31FEF60A}.TestDebug|Any CPU.Build.0 = Debug|Any CPU
		{43DB75E9-EAE0-43D1-8AF6-4F3C31FEF60A}.TestDebug|Mixed Platforms.ActiveCfg = Debug|Any CPU
		{43DB75E9-EAE0-43D1-8AF6-4F3C31FEF60A}.TestDebug|Mixed Platforms.Build.0 = Debug|Any CPU
		{43DB75E9-EAE0-43D1-8AF6-4F3C31FEF60A}.TestDebug|Win32.ActiveCfg = Debug|Any CPU
		{43DB75E9-EAE0-43D1-8AF6-4F3C31FEF60A}.TestDebug|x64.ActiveCfg = Debug|Any CPU
		{43DB75E9-EAE0-43D1-8AF6-4F3C31FEF60A}.TestDebug|x86.ActiveCfg = Debug|Any CPU
		{099D2E99-22A3-44DE-B673-49E80709B7E2}.Debug|Any CPU.ActiveCfg = Debug|Win32
		{099D2E99-22A3-44DE-B673-49E80709B7E2}.Debug|Mixed Platforms.ActiveCfg = Debug|Win32
		{099D2E99-22A3-44DE-B673-49E80709B7E2}.Debug|Mixed Platforms.Build.0 = Debug|Win32
		{099D2E99-22A3-44DE-B673-49E80709B7E2}.Debug|Win32.ActiveCfg = Debug|Win32
		{099D2E99-22A3-44DE-B673-49E80709B7E2}.Debug|Win32.Build.0 = Debug|Win32
		{099D2E99-22A3-44DE-B673-49E80709B7E2}.Debug|x64.ActiveCfg = Debug|Win32
		{099D2E99-22A3-44DE-B673-49E80709B7E2}.Debug|x86.ActiveCfg = Debug|Win32
		{099D2E99-22A3-44DE-B673-49E80709B7E2}.Debug|x86.Build.0 = Debug|Win32
		{099D2E99-22A3-44DE-B673-49E80709B7E2}.Release|Any CPU.ActiveCfg = Release|Win32
		{099D2E99-22A3-44DE-B673-49E80709B7E2}.Release|Mixed Platforms.ActiveCfg = Release|Win32
		{099D2E99-22A3-44DE-B673-49E80709B7E2}.Release|Mixed Platforms.Build.0 = Release|Win32
		{099D2E99-22A3-44DE-B673-49E80709B7E2}.Release|Win32.ActiveCfg = Release|Win32
		{099D2E99-22A3-44DE-B673-49E80709B7E2}.Release|Win32.Build.0 = Release|Win32
		{099D2E99-22A3-44DE-B673-49E80709B7E2}.Release|x64.ActiveCfg = Release|Win32
		{099D2E99-22A3-44DE-B673-49E80709B7E2}.Release|x86.ActiveCfg = Release|Win32
		{099D2E99-22A3-44DE-B673-49E80709B7E2}.Release|x86.Build.0 = Release|Win32
		{099D2E99-22A3-44DE-B673-49E80709B7E2}.SaveEdit Packaging|Any CPU.ActiveCfg = Release|Win32
		{099D2E99-22A3-44DE-B673-49E80709B7E2}.SaveEdit Packaging|Any CPU.Build.0 = Release|Win32
		{099D2E99-22A3-44DE-B673-49E80709B7E2}.SaveEdit Packaging|Mixed Platforms.ActiveCfg = Release|Win32
		{099D2E99-22A3-44DE-B673-49E80709B7E2}.SaveEdit Packaging|Mixed Platforms.Build.0 = Release|Win32
		{099D2E99-22A3-44DE-B673-49E80709B7E2}.SaveEdit Packaging|Win32.ActiveCfg = Release|Win32
		{099D2E99-22A3-44DE-B673-49E80709B7E2}.SaveEdit Packaging|Win32.Build.0 = Release|Win32
		{099D2E99-22A3-44DE-B673-49E80709B7E2}.SaveEdit Packaging|x64.ActiveCfg = Release|Win32
		{099D2E99-22A3-44DE-B673-49E80709B7E2}.SaveEdit Packaging|x64.Build.0 = Release|Win32
		{099D2E99-22A3-44DE-B673-49E80709B7E2}.SaveEdit Packaging|x86.ActiveCfg = Release|Win32
		{099D2E99-22A3-44DE-B673-49E80709B7E2}.SaveEdit Packaging|x86.Build.0 = Release|Win32
		{099D2E99-22A3-44DE-B673-49E80709B7E2}.TestDebug|Any CPU.ActiveCfg = Release|Win32
		{099D2E99-22A3-44DE-B673-49E80709B7E2}.TestDebug|Any CPU.Build.0 = Release|Win32
		{099D2E99-22A3-44DE-B673-49E80709B7E2}.TestDebug|Mixed Platforms.ActiveCfg = Debug|Win32
		{099D2E99-22A3-44DE-B673-49E80709B7E2}.TestDebug|Mixed Platforms.Build.0 = Debug|Win32
		{099D2E99-22A3-44DE-B673-49E80709B7E2}.TestDebug|Win32.ActiveCfg = Debug|Win32
		{099D2E99-22A3-44DE-B673-49E80709B7E2}.TestDebug|Win32.Build.0 = Debug|Win32
		{099D2E99-22A3-44DE-B673-49E80709B7E2}.TestDebug|x64.ActiveCfg = Release|Win32
		{099D2E99-22A3-44DE-B673-49E80709B7E2}.TestDebug|x64.Build.0 = Release|Win32
		{099D2E99-22A3-44DE-B673-49E80709B7E2}.TestDebug|x86.ActiveCfg = Debug|Win32
		{099D2E99-22A3-44DE-B673-49E80709B7E2}.TestDebug|x86.Build.0 = Debug|Win32
		{089DABA1-F168-4502-981B-3160E85240BE}.Debug|Any CPU.ActiveCfg = Debug|Any CPU
		{089DABA1-F168-4502-981B-3160E85240BE}.Debug|Any CPU.Build.0 = Debug|Any CPU
		{089DABA1-F168-4502-981B-3160E85240BE}.Debug|Mixed Platforms.ActiveCfg = Debug|Any CPU
		{089DABA1-F168-4502-981B-3160E85240BE}.Debug|Mixed Platforms.Build.0 = Debug|Any CPU
		{089DABA1-F168-4502-981B-3160E85240BE}.Debug|Win32.ActiveCfg = Debug|Any CPU
		{089DABA1-F168-4502-981B-3160E85240BE}.Debug|Win32.Build.0 = Debug|Any CPU
		{089DABA1-F168-4502-981B-3160E85240BE}.Debug|x64.ActiveCfg = Debug|Any CPU
		{089DABA1-F168-4502-981B-3160E85240BE}.Debug|x64.Build.0 = Debug|Any CPU
		{089DABA1-F168-4502-981B-3160E85240BE}.Debug|x86.ActiveCfg = Debug|Any CPU
		{089DABA1-F168-4502-981B-3160E85240BE}.Debug|x86.Build.0 = Debug|Any CPU
		{089DABA1-F168-4502-981B-3160E85240BE}.Release|Any CPU.ActiveCfg = Release|Any CPU
		{089DABA1-F168-4502-981B-3160E85240BE}.Release|Any CPU.Build.0 = Release|Any CPU
		{089DABA1-F168-4502-981B-3160E85240BE}.Release|Mixed Platforms.ActiveCfg = Release|Any CPU
		{089DABA1-F168-4502-981B-3160E85240BE}.Release|Mixed Platforms.Build.0 = Release|Any CPU
		{089DABA1-F168-4502-981B-3160E85240BE}.Release|Win32.ActiveCfg = Release|Any CPU
		{089DABA1-F168-4502-981B-3160E85240BE}.Release|Win32.Build.0 = Release|Any CPU
		{089DABA1-F168-4502-981B-3160E85240BE}.Release|x64.ActiveCfg = Release|Any CPU
		{089DABA1-F168-4502-981B-3160E85240BE}.Release|x64.Build.0 = Release|Any CPU
		{089DABA1-F168-4502-981B-3160E85240BE}.Release|x86.ActiveCfg = Release|Any CPU
		{089DABA1-F168-4502-981B-3160E85240BE}.Release|x86.Build.0 = Release|Any CPU
		{089DABA1-F168-4502-981B-3160E85240BE}.SaveEdit Packaging|Any CPU.ActiveCfg = Release|Any CPU
		{089DABA1-F168-4502-981B-3160E85240BE}.SaveEdit Packaging|Any CPU.Build.0 = Release|Any CPU
		{089DABA1-F168-4502-981B-3160E85240BE}.SaveEdit Packaging|Mixed Platforms.ActiveCfg = Release|Any CPU
		{089DABA1-F168-4502-981B-3160E85240BE}.SaveEdit Packaging|Mixed Platforms.Build.0 = Release|Any CPU
		{089DABA1-F168-4502-981B-3160E85240BE}.SaveEdit Packaging|Win32.ActiveCfg = Release|Any CPU
		{089DABA1-F168-4502-981B-3160E85240BE}.SaveEdit Packaging|Win32.Build.0 = Release|Any CPU
		{089DABA1-F168-4502-981B-3160E85240BE}.SaveEdit Packaging|x64.ActiveCfg = Release|Any CPU
		{089DABA1-F168-4502-981B-3160E85240BE}.SaveEdit Packaging|x64.Build.0 = Release|Any CPU
		{089DABA1-F168-4502-981B-3160E85240BE}.SaveEdit Packaging|x86.ActiveCfg = Release|Any CPU
		{089DABA1-F168-4502-981B-3160E85240BE}.SaveEdit Packaging|x86.Build.0 = Release|Any CPU
		{089DABA1-F168-4502-981B-3160E85240BE}.TestDebug|Any CPU.ActiveCfg = Debug|Any CPU
		{089DABA1-F168-4502-981B-3160E85240BE}.TestDebug|Any CPU.Build.0 = Debug|Any CPU
		{089DABA1-F168-4502-981B-3160E85240BE}.TestDebug|Mixed Platforms.ActiveCfg = Debug|Any CPU
		{089DABA1-F168-4502-981B-3160E85240BE}.TestDebug|Mixed Platforms.Build.0 = Debug|Any CPU
		{089DABA1-F168-4502-981B-3160E85240BE}.TestDebug|Win32.ActiveCfg = Debug|Any CPU
		{089DABA1-F168-4502-981B-3160E85240BE}.TestDebug|Win32.Build.0 = Debug|Any CPU
		{089DABA1-F168-4502-981B-3160E85240BE}.TestDebug|x64.ActiveCfg = Debug|Any CPU
		{089DABA1-F168-4502-981B-3160E85240BE}.TestDebug|x64.Build.0 = Debug|Any CPU
		{089DABA1-F168-4502-981B-3160E85240BE}.TestDebug|x86.ActiveCfg = Debug|Any CPU
		{089DABA1-F168-4502-981B-3160E85240BE}.TestDebug|x86.Build.0 = Debug|Any CPU
		{9A60644C-56DD-4D47-8376-AA2B94EA0A66}.Debug|Any CPU.ActiveCfg = Debug|Any CPU
		{9A60644C-56DD-4D47-8376-AA2B94EA0A66}.Debug|Any CPU.Build.0 = Debug|Any CPU
		{9A60644C-56DD-4D47-8376-AA2B94EA0A66}.Debug|Mixed Platforms.ActiveCfg = Debug|Any CPU
		{9A60644C-56DD-4D47-8376-AA2B94EA0A66}.Debug|Mixed Platforms.Build.0 = Debug|Any CPU
		{9A60644C-56DD-4D47-8376-AA2B94EA0A66}.Debug|Win32.ActiveCfg = Debug|Any CPU
		{9A60644C-56DD-4D47-8376-AA2B94EA0A66}.Debug|Win32.Build.0 = Debug|Any CPU
		{9A60644C-56DD-4D47-8376-AA2B94EA0A66}.Debug|x64.ActiveCfg = Debug|Any CPU
		{9A60644C-56DD-4D47-8376-AA2B94EA0A66}.Debug|x64.Build.0 = Debug|Any CPU
		{9A60644C-56DD-4D47-8376-AA2B94EA0A66}.Debug|x86.ActiveCfg = Debug|Any CPU
		{9A60644C-56DD-4D47-8376-AA2B94EA0A66}.Debug|x86.Build.0 = Debug|Any CPU
		{9A60644C-56DD-4D47-8376-AA2B94EA0A66}.Release|Any CPU.ActiveCfg = Release|Any CPU
		{9A60644C-56DD-4D47-8376-AA2B94EA0A66}.Release|Any CPU.Build.0 = Release|Any CPU
		{9A60644C-56DD-4D47-8376-AA2B94EA0A66}.Release|Mixed Platforms.ActiveCfg = Release|Any CPU
		{9A60644C-56DD-4D47-8376-AA2B94EA0A66}.Release|Mixed Platforms.Build.0 = Release|Any CPU
		{9A60644C-56DD-4D47-8376-AA2B94EA0A66}.Release|Win32.ActiveCfg = Release|Any CPU
		{9A60644C-56DD-4D47-8376-AA2B94EA0A66}.Release|Win32.Build.0 = Release|Any CPU
		{9A60644C-56DD-4D47-8376-AA2B94EA0A66}.Release|x64.ActiveCfg = Release|Any CPU
		{9A60644C-56DD-4D47-8376-AA2B94EA0A66}.Release|x64.Build.0 = Release|Any CPU
		{9A60644C-56DD-4D47-8376-AA2B94EA0A66}.Release|x86.ActiveCfg = Release|Any CPU
		{9A60644C-56DD-4D47-8376-AA2B94EA0A66}.Release|x86.Build.0 = Release|Any CPU
		{9A60644C-56DD-4D47-8376-AA2B94EA0A66}.SaveEdit Packaging|Any CPU.ActiveCfg = Release|Any CPU
		{9A60644C-56DD-4D47-8376-AA2B94EA0A66}.SaveEdit Packaging|Any CPU.Build.0 = Release|Any CPU
		{9A60644C-56DD-4D47-8376-AA2B94EA0A66}.SaveEdit Packaging|Mixed Platforms.ActiveCfg = Release|Any CPU
		{9A60644C-56DD-4D47-8376-AA2B94EA0A66}.SaveEdit Packaging|Mixed Platforms.Build.0 = Release|Any CPU
		{9A60644C-56DD-4D47-8376-AA2B94EA0A66}.SaveEdit Packaging|Win32.ActiveCfg = Release|Any CPU
		{9A60644C-56DD-4D47-8376-AA2B94EA0A66}.SaveEdit Packaging|Win32.Build.0 = Release|Any CPU
		{9A60644C-56DD-4D47-8376-AA2B94EA0A66}.SaveEdit Packaging|x64.ActiveCfg = Release|Any CPU
		{9A60644C-56DD-4D47-8376-AA2B94EA0A66}.SaveEdit Packaging|x64.Build.0 = Release|Any CPU
		{9A60644C-56DD-4D47-8376-AA2B94EA0A66}.SaveEdit Packaging|x86.ActiveCfg = Release|Any CPU
		{9A60644C-56DD-4D47-8376-AA2B94EA0A66}.SaveEdit Packaging|x86.Build.0 = Release|Any CPU
		{9A60644C-56DD-4D47-8376-AA2B94EA0A66}.TestDebug|Any CPU.ActiveCfg = Debug|Any CPU
		{9A60644C-56DD-4D47-8376-AA2B94EA0A66}.TestDebug|Any CPU.Build.0 = Debug|Any CPU
		{9A60644C-56DD-4D47-8376-AA2B94EA0A66}.TestDebug|Mixed Platforms.ActiveCfg = Debug|Any CPU
		{9A60644C-56DD-4D47-8376-AA2B94EA0A66}.TestDebug|Mixed Platforms.Build.0 = Debug|Any CPU
		{9A60644C-56DD-4D47-8376-AA2B94EA0A66}.TestDebug|Win32.ActiveCfg = Debug|Any CPU
		{9A60644C-56DD-4D47-8376-AA2B94EA0A66}.TestDebug|Win32.Build.0 = Debug|Any CPU
		{9A60644C-56DD-4D47-8376-AA2B94EA0A66}.TestDebug|x64.ActiveCfg = Debug|Any CPU
		{9A60644C-56DD-4D47-8376-AA2B94EA0A66}.TestDebug|x64.Build.0 = Debug|Any CPU
		{9A60644C-56DD-4D47-8376-AA2B94EA0A66}.TestDebug|x86.ActiveCfg = Debug|Any CPU
		{9A60644C-56DD-4D47-8376-AA2B94EA0A66}.TestDebug|x86.Build.0 = Debug|Any CPU
		{C12FA327-B621-4730-AE71-670B75034513}.Debug|Any CPU.ActiveCfg = Debug|Any CPU
		{C12FA327-B621-4730-AE71-670B75034513}.Debug|Any CPU.Build.0 = Debug|Any CPU
		{C12FA327-B621-4730-AE71-670B75034513}.Debug|Mixed Platforms.ActiveCfg = Debug|Any CPU
		{C12FA327-B621-4730-AE71-670B75034513}.Debug|Mixed Platforms.Build.0 = Debug|Any CPU
		{C12FA327-B621-4730-AE71-670B75034513}.Debug|Win32.ActiveCfg = Debug|Any CPU
		{C12FA327-B621-4730-AE71-670B75034513}.Debug|Win32.Build.0 = Debug|Any CPU
		{C12FA327-B621-4730-AE71-670B75034513}.Debug|x64.ActiveCfg = Debug|Any CPU
		{C12FA327-B621-4730-AE71-670B75034513}.Debug|x64.Build.0 = Debug|Any CPU
		{C12FA327-B621-4730-AE71-670B75034513}.Debug|x86.ActiveCfg = Debug|Any CPU
		{C12FA327-B621-4730-AE71-670B75034513}.Debug|x86.Build.0 = Debug|Any CPU
		{C12FA327-B621-4730-AE71-670B75034513}.Release|Any CPU.ActiveCfg = Release|Any CPU
		{C12FA327-B621-4730-AE71-670B75034513}.Release|Any CPU.Build.0 = Release|Any CPU
		{C12FA327-B621-4730-AE71-670B75034513}.Release|Mixed Platforms.ActiveCfg = Release|Any CPU
		{C12FA327-B621-4730-AE71-670B75034513}.Release|Mixed Platforms.Build.0 = Release|Any CPU
		{C12FA327-B621-4730-AE71-670B75034513}.Release|Win32.ActiveCfg = Release|Any CPU
		{C12FA327-B621-4730-AE71-670B75034513}.Release|Win32.Build.0 = Release|Any CPU
		{C12FA327-B621-4730-AE71-670B75034513}.Release|x64.ActiveCfg = Release|Any CPU
		{C12FA327-B621-4730-AE71-670B75034513}.Release|x64.Build.0 = Release|Any CPU
		{C12FA327-B621-4730-AE71-670B75034513}.Release|x86.ActiveCfg = Release|Any CPU
		{C12FA327-B621-4730-AE71-670B75034513}.Release|x86.Build.0 = Release|Any CPU
		{C12FA327-B621-4730-AE71-670B75034513}.SaveEdit Packaging|Any CPU.ActiveCfg = Release|Any CPU
		{C12FA327-B621-4730-AE71-670B75034513}.SaveEdit Packaging|Any CPU.Build.0 = Release|Any CPU
		{C12FA327-B621-4730-AE71-670B75034513}.SaveEdit Packaging|Mixed Platforms.ActiveCfg = Release|Any CPU
		{C12FA327-B621-4730-AE71-670B75034513}.SaveEdit Packaging|Mixed Platforms.Build.0 = Release|Any CPU
		{C12FA327-B621-4730-AE71-670B75034513}.SaveEdit Packaging|Win32.ActiveCfg = Release|Any CPU
		{C12FA327-B621-4730-AE71-670B75034513}.SaveEdit Packaging|Win32.Build.0 = Release|Any CPU
		{C12FA327-B621-4730-AE71-670B75034513}.SaveEdit Packaging|x64.ActiveCfg = Release|Any CPU
		{C12FA327-B621-4730-AE71-670B75034513}.SaveEdit Packaging|x64.Build.0 = Release|Any CPU
		{C12FA327-B621-4730-AE71-670B75034513}.SaveEdit Packaging|x86.ActiveCfg = Release|Any CPU
		{C12FA327-B621-4730-AE71-670B75034513}.SaveEdit Packaging|x86.Build.0 = Release|Any CPU
		{C12FA327-B621-4730-AE71-670B75034513}.TestDebug|Any CPU.ActiveCfg = Debug|Any CPU
		{C12FA327-B621-4730-AE71-670B75034513}.TestDebug|Any CPU.Build.0 = Debug|Any CPU
		{C12FA327-B621-4730-AE71-670B75034513}.TestDebug|Mixed Platforms.ActiveCfg = Debug|Any CPU
		{C12FA327-B621-4730-AE71-670B75034513}.TestDebug|Mixed Platforms.Build.0 = Debug|Any CPU
		{C12FA327-B621-4730-AE71-670B75034513}.TestDebug|Win32.ActiveCfg = Debug|Any CPU
		{C12FA327-B621-4730-AE71-670B75034513}.TestDebug|Win32.Build.0 = Debug|Any CPU
		{C12FA327-B621-4730-AE71-670B75034513}.TestDebug|x64.ActiveCfg = Debug|Any CPU
		{C12FA327-B621-4730-AE71-670B75034513}.TestDebug|x64.Build.0 = Debug|Any CPU
		{C12FA327-B621-4730-AE71-670B75034513}.TestDebug|x86.ActiveCfg = Debug|Any CPU
		{C12FA327-B621-4730-AE71-670B75034513}.TestDebug|x86.Build.0 = Debug|Any CPU
	EndGlobalSection
	GlobalSection(SolutionProperties) = preSolution
		HideSolutionNode = FALSE
	EndGlobalSection
	GlobalSection(NestedProjects) = preSolution
		{D9716550-921D-44E8-A289-C297950DB1F7} = {EBED4BFC-5AC2-4601-9BEA-879206976057}
		{B7D753A9-793B-45F1-8208-E2B7F112D187} = {F9BDD442-E97F-4DCA-8718-D5AB34E60EFB}
		{43DB75E9-EAE0-43D1-8AF6-4F3C31FEF60A} = {F9BDD442-E97F-4DCA-8718-D5AB34E60EFB}
		{099D2E99-22A3-44DE-B673-49E80709B7E2} = {F9BDD442-E97F-4DCA-8718-D5AB34E60EFB}
		{089DABA1-F168-4502-981B-3160E85240BE} = {F9BDD442-E97F-4DCA-8718-D5AB34E60EFB}
		{9A60644C-56DD-4D47-8376-AA2B94EA0A66} = {F9BDD442-E97F-4DCA-8718-D5AB34E60EFB}
	EndGlobalSection
EndGlobal
